lockfileVersion: '9.0'

settings:
  autoInstallPeers: false
  excludeLinksFromLockfile: false

importers:

  .:
    dependencies:
      '@deepseek-ai/dsh-security-audit':
        specifier: github:omdsh-dev/dsh-security-audit
        version: https://codeload.github.com/omdsh-dev/dsh-security-audit/tar.gz/ae927be8c92e483a8c8739b32831c0a237c0ed01
      dsh-composer-polish:
        specifier: github:tianji-qingtian/dsh-composer-polish
        version: https://codeload.github.com/tianji-qingtian/dsh-composer-polish/tar.gz/ce4daad54dcd174f5fb43a1bb290a29bb1ceec4f

packages:

  '@deepseek-ai/dsh-security-audit@https://codeload.github.com/omdsh-dev/dsh-security-audit/tar.gz/ae927be8c92e483a8c8739b32831c0a237c0ed01':
    resolution: {gitHosted: true, integrity: sha512-UnlkCEr13FNQuKB/0ONaGeBnUvoj8TlDiSzJB/BA2M5f6xLy3gxJ14cHkr695hvNtIB7fDCI15bB8kOmLurLhA==, tarball: https://codeload.github.com/omdsh-dev/dsh-security-audit/tar.gz/ae927be8c92e483a8c8739b32831c0a237c0ed01}
    version: 0.0.1
    engines: {node: ^22.19.0 || >=24.0.0}
    peerDependencies:
      '@deepseek-ai/cordis': ^4.0.1
      '@deepseek-ai/dsh-invariants': '>=0.0.1-rc.1 <0.2.0'
      '@deepseek-ai/dsh-tools': '>=0.0.1-rc.1 <0.2.0'

  dsh-composer-polish@https://codeload.github.com/tianji-qingtian/dsh-composer-polish/tar.gz/ce4daad54dcd174f5fb43a1bb290a29bb1ceec4f:
    resolution: {gitHosted: true, tarball: https://codeload.github.com/tianji-qingtian/dsh-composer-polish/tar.gz/ce4daad54dcd174f5fb43a1bb290a29bb1ceec4f}
    version: 0.1.3
    engines: {node: ^22.19.0 || >=24.0.0}
    peerDependencies:
      '@deepseek-ai/cordis': ^4.0.1
      '@deepseek-ai/dsh-commands': ^0.1.0-rc.6
      '@deepseek-ai/dsh-llm': ^0.1.0-rc.6
      react: ^18.2.0

snapshots:

  '@deepseek-ai/dsh-security-audit@https://codeload.github.com/omdsh-dev/dsh-security-audit/tar.gz/ae927be8c92e483a8c8739b32831c0a237c0ed01': {}

  dsh-composer-polish@https://codeload.github.com/tianji-qingtian/dsh-composer-polish/tar.gz/ce4daad54dcd174f5fb43a1bb290a29bb1ceec4f: {}
