lockfileVersion: '9.0'

settings:
  autoInstallPeers: false
  excludeLinksFromLockfile: false

importers:

  .:
    dependencies:
      '@anionex/dsh-turn-rewind':
        specifier: github:Anionex/dsh-turn-rewind
        version: https://codeload.github.com/Anionex/dsh-turn-rewind/tar.gz/df0a18e565043ba48150b82f5243533099b1922d
      '@deepseek-ai/dsh-security-audit':
        specifier: github:omdsh-dev/dsh-security-audit
        version: https://codeload.github.com/omdsh-dev/dsh-security-audit/tar.gz/deeb194dc9bf03047acf77013d17bbd5257e965a
      '@dhicoc/dsh-reverse-skill':
        specifier: github:dhicoc/dsh-reverse-skill
        version: https://codeload.github.com/dhicoc/dsh-reverse-skill/tar.gz/453f35d82bde07334637c4f7367b07c259a32732
      '@dsh-external/dsh-redteam-model':
        specifier: github:SeaOf0/dsh-redteam-model
        version: https://codeload.github.com/SeaOf0/dsh-redteam-model/tar.gz/8bb79fd8a740817308e2c9afc8bc9f5df24ad596
      '@sanqi-normal/dsh-webui-market-plugin':
        specifier: github:Sanqi-normal/dsh-webui-market-plugin
        version: https://codeload.github.com/Sanqi-normal/dsh-webui-market-plugin/tar.gz/f0cfc501a9e66b3c77da37e346d311d092cb1e41
      dsh-composer-polish:
        specifier: github:tianji-qingtian/dsh-composer-polish
        version: https://codeload.github.com/tianji-qingtian/dsh-composer-polish/tar.gz/4787f0ca103005046c6bdbdfb51edd3f06b52544
      dsh-find-plugin:
        specifier: github:awesome-dsh-plugin/dsh-find-plugin
        version: https://codeload.github.com/awesome-dsh-plugin/dsh-find-plugin/tar.gz/e7a27eb01606e6deccdaacccb8e0cfd992c0bcdc
      dsh-recall-unread:
        specifier: github:hg1048596-pixel/dsh-recall-unread
        version: https://codeload.github.com/hg1048596-pixel/dsh-recall-unread/tar.gz/e9a22bad1f246584ac153a250436732c754b7e72

packages:

  '@anionex/dsh-turn-rewind@https://codeload.github.com/Anionex/dsh-turn-rewind/tar.gz/df0a18e565043ba48150b82f5243533099b1922d':
    resolution: {gitHosted: true, integrity: sha512-ys6XU8sOR0jA4gUG+zGyRFjso8s0HQyckEhz4FERKK4luMv0bsYQTmwM75+iB6BVpsoDVFsMtBjYb0i2rIumBg==, tarball: https://codeload.github.com/Anionex/dsh-turn-rewind/tar.gz/df0a18e565043ba48150b82f5243533099b1922d}
    version: 0.2.0
    engines: {node: ^22.19.0 || >=24.0.0}
    peerDependencies:
      '@deepseek-ai/cordis': ^4.0.1
      '@deepseek-ai/dsh-settings': '>=0.1.0-rc.8 <0.2.0'
      '@deepseek-ai/schemastery': ^3.18.1

  '@deepseek-ai/dsh-security-audit@https://codeload.github.com/omdsh-dev/dsh-security-audit/tar.gz/deeb194dc9bf03047acf77013d17bbd5257e965a':
    resolution: {gitHosted: true, integrity: sha512-aLzSV9aqzAx30f5BQ+m4nu/lcD68gg8ndxLKY+tzitdpLmwFPv93y6GAMHQEqS3332RtHxk6VtKftmu79YB09A==, tarball: https://codeload.github.com/omdsh-dev/dsh-security-audit/tar.gz/deeb194dc9bf03047acf77013d17bbd5257e965a}
    version: 0.0.1
    engines: {node: ^22.19.0 || >=24.0.0}
    peerDependencies:
      '@deepseek-ai/cordis': ^4.0.1
      '@deepseek-ai/dsh-invariants': '>=0.0.1-rc.1 <0.2.0'
      '@deepseek-ai/dsh-tools': '>=0.0.1-rc.1 <0.2.0'

  '@dhicoc/dsh-reverse-skill@https://codeload.github.com/dhicoc/dsh-reverse-skill/tar.gz/453f35d82bde07334637c4f7367b07c259a32732':
    resolution: {gitHosted: true, integrity: sha512-zipAcJI7kY6FuOA8hd12MRNW8Ul76p7cuHYvevxX/ThboMurlsSjcsrS/yq+o+qzvNIJM6/nu3bgiiBqYTdL6A==, tarball: https://codeload.github.com/dhicoc/dsh-reverse-skill/tar.gz/453f35d82bde07334637c4f7367b07c259a32732}
    version: 1.0.5
    peerDependencies:
      '@deepseek-ai/cordis': ^4.0.1
      '@deepseek-ai/dsh-skill': ^0.0.1-rc.1

  '@dsh-external/dsh-redteam-model@https://codeload.github.com/SeaOf0/dsh-redteam-model/tar.gz/8bb79fd8a740817308e2c9afc8bc9f5df24ad596':
    resolution: {gitHosted: true, integrity: sha512-4fqOWFEXFksCINo469kYFoik2kvBRPL57LclRa803LpFU4dq6NBMXaMPFMmlW18JzoWTfvmn9DGMYWFxh04yNw==, tarball: https://codeload.github.com/SeaOf0/dsh-redteam-model/tar.gz/8bb79fd8a740817308e2c9afc8bc9f5df24ad596}
    version: 1.1.1
    engines: {node: '>=22'}
    peerDependencies:
      '@deepseek-ai/dsh-settings': ^0.1.0-rc.6 || ^0.1.1-rc.0

  '@sanqi-normal/dsh-webui-market-plugin@https://codeload.github.com/Sanqi-normal/dsh-webui-market-plugin/tar.gz/f0cfc501a9e66b3c77da37e346d311d092cb1e41':
    resolution: {gitHosted: true, integrity: sha512-YXbHkVgNb104GXaKZuzl6t3cV/66E/4YGQbXZ70ZTgubqk/lQRLiXNXhtv/BLwmafSZxLDSYevQzABuynPhDig==, tarball: https://codeload.github.com/Sanqi-normal/dsh-webui-market-plugin/tar.gz/f0cfc501a9e66b3c77da37e346d311d092cb1e41}
    version: 0.5.5
    engines: {node: ^22.19.0 || >=24.0.0}
    peerDependencies:
      '@deepseek-ai/cordis': ^4.0.1-rc.1
      '@deepseek-ai/dsh-client-runtime': '>=0.0.1-rc.2 <0.2.0-0 || >=0.1.0-rc.2 <0.2.0-0'
      '@deepseek-ai/dsh-client-ui-slots': '>=0.0.1-rc.2 <0.2.0-0 || >=0.1.0-rc.2 <0.2.0-0'
      react: ^18.2.0

  dsh-composer-polish@https://codeload.github.com/tianji-qingtian/dsh-composer-polish/tar.gz/4787f0ca103005046c6bdbdfb51edd3f06b52544:
    resolution: {gitHosted: true, tarball: https://codeload.github.com/tianji-qingtian/dsh-composer-polish/tar.gz/4787f0ca103005046c6bdbdfb51edd3f06b52544}
    version: 0.1.4
    engines: {node: ^22.19.0 || >=24.0.0}
    peerDependencies:
      '@deepseek-ai/cordis': ^4.0.1
      '@deepseek-ai/dsh-commands': ^0.1.1-rc.2
      '@deepseek-ai/dsh-llm': ^0.1.1-rc.2
      react: ^18.2.0

  dsh-find-plugin@https://codeload.github.com/awesome-dsh-plugin/dsh-find-plugin/tar.gz/e7a27eb01606e6deccdaacccb8e0cfd992c0bcdc:
    resolution: {gitHosted: true, integrity: sha512-UC1ymDcgy/utPXFdnUWoxWK1JTlwajSjUrgGnhCVnJJHn9oNevq31NWud6FO3lOl6uGbqxIypp0CJwkkGA3QUQ==, tarball: https://codeload.github.com/awesome-dsh-plugin/dsh-find-plugin/tar.gz/e7a27eb01606e6deccdaacccb8e0cfd992c0bcdc}
    version: 0.3.7
    peerDependencies:
      '@deepseek-ai/cordis': ^4.0.1
      '@deepseek-ai/dsh-tools': ^0.1.0-rc.6

  dsh-recall-unread@https://codeload.github.com/hg1048596-pixel/dsh-recall-unread/tar.gz/e9a22bad1f246584ac153a250436732c754b7e72:
    resolution: {gitHosted: true, integrity: sha512-3S73Yr11Da3uuL95XIXxWtdova6NVRTYBYm+JOS/3LORWj0+xu27pjW4Ugni4QHUXlFSVuus0N1C4O0NitqPIA==, tarball: https://codeload.github.com/hg1048596-pixel/dsh-recall-unread/tar.gz/e9a22bad1f246584ac153a250436732c754b7e72}
    version: 1.1.0

snapshots:

  '@anionex/dsh-turn-rewind@https://codeload.github.com/Anionex/dsh-turn-rewind/tar.gz/df0a18e565043ba48150b82f5243533099b1922d': {}

  '@deepseek-ai/dsh-security-audit@https://codeload.github.com/omdsh-dev/dsh-security-audit/tar.gz/deeb194dc9bf03047acf77013d17bbd5257e965a': {}

  '@dhicoc/dsh-reverse-skill@https://codeload.github.com/dhicoc/dsh-reverse-skill/tar.gz/453f35d82bde07334637c4f7367b07c259a32732': {}

  '@dsh-external/dsh-redteam-model@https://codeload.github.com/SeaOf0/dsh-redteam-model/tar.gz/8bb79fd8a740817308e2c9afc8bc9f5df24ad596': {}

  '@sanqi-normal/dsh-webui-market-plugin@https://codeload.github.com/Sanqi-normal/dsh-webui-market-plugin/tar.gz/f0cfc501a9e66b3c77da37e346d311d092cb1e41': {}

  dsh-composer-polish@https://codeload.github.com/tianji-qingtian/dsh-composer-polish/tar.gz/4787f0ca103005046c6bdbdfb51edd3f06b52544: {}

  dsh-find-plugin@https://codeload.github.com/awesome-dsh-plugin/dsh-find-plugin/tar.gz/e7a27eb01606e6deccdaacccb8e0cfd992c0bcdc: {}

  dsh-recall-unread@https://codeload.github.com/hg1048596-pixel/dsh-recall-unread/tar.gz/e9a22bad1f246584ac153a250436732c754b7e72: {}
