lockfileVersion: '9.0'

settings:
  autoInstallPeers: false
  excludeLinksFromLockfile: false

importers:

  .:
    dependencies:
      '@dsh-external/dsh-minigames':
        specifier: github:lhh010/dsh-minigames
        version: https://codeload.github.com/lhh010/dsh-minigames/tar.gz/4d79c012c60f1be508c388c8319dbff9d1389a65

packages:

  '@dsh-external/dsh-minigames@https://codeload.github.com/lhh010/dsh-minigames/tar.gz/4d79c012c60f1be508c388c8319dbff9d1389a65':
    resolution: {gitHosted: true, integrity: sha512-6gRlY80U8Em1jUxAu9AGW3Y4CGljilrTtoGG/RInjPMqu5tHe1S96zpbbbMDvOcH+v/vTcr+/F8Egj60pz4GmQ==, tarball: https://codeload.github.com/lhh010/dsh-minigames/tar.gz/4d79c012c60f1be508c388c8319dbff9d1389a65}
    version: 0.3.5
    peerDependencies:
      '@deepseek-ai/cordis': ^4.0.1-rc.1
      react: ^18.2.0
      react-dom: ^18.2.0

snapshots:

  '@dsh-external/dsh-minigames@https://codeload.github.com/lhh010/dsh-minigames/tar.gz/4d79c012c60f1be508c388c8319dbff9d1389a65': {}
