lockfileVersion: '9.0'

settings:
  autoInstallPeers: false
  excludeLinksFromLockfile: false

importers:

  .:
    dependencies:
      '@dsh-external/dsh-minigames':
        specifier: github:lhh010/dsh-minigames
        version: https://codeload.github.com/lhh010/dsh-minigames/tar.gz/1bb6d8664281ea8d03cdf82050a398a69222a3ff
      '@dsh-external/dsh-redteam-model':
        specifier: github:SeaOf0/dsh-redteam-model
        version: https://codeload.github.com/SeaOf0/dsh-redteam-model/tar.gz/28d9f29f0db5592e75dd2e9cc4dbdb4b77b4b8ac
      '@nanmicoder/dsh-auto-mode':
        specifier: github:NanmiCoder/dsh-auto-mode
        version: https://codeload.github.com/NanmiCoder/dsh-auto-mode/tar.gz/c0662594ef121f4cc86dfbd02334df35e999b98f
      dsh-client-liang-intensity-skin:
        specifier: github:kingOfSoySauce/dsh-liang-skin
        version: https://codeload.github.com/kingOfSoySauce/dsh-liang-skin/tar.gz/976fcbf9b4a91b79f14b90c16cbe0d3f553c2bd3
      dsh-damage-pulse:
        specifier: github:wssfk12138/dsh-damage-pulse
        version: https://codeload.github.com/wssfk12138/dsh-damage-pulse/tar.gz/3b311a66fa4c8192d77911dca46ace6857740213(@deepseek-ai/schemastery@3.18.1)
      dsh-plugin-bridge:
        specifier: github:Totoro-qaq/dsh-plugin-bridge
        version: https://codeload.github.com/Totoro-qaq/dsh-plugin-bridge/tar.gz/d2b9be2ecd92c5e462f0b7a6fd68836c22673dcd
      dsh-undo-savepoint:
        specifier: github:lire1131/dsh-undo-savepoint
        version: https://codeload.github.com/lire1131/dsh-undo-savepoint/tar.gz/c5046313eec6d65ecbd8bccb1e3852c7e9200946
      gal-view:
        specifier: github:Ayase34/gal-view
        version: https://codeload.github.com/Ayase34/gal-view/tar.gz/d002fe0e7051c618a2665af3c653f9838cd6aa8a

packages:

  '@deepseek-ai/cosmokit@1.8.2':
    resolution: {integrity: sha512-muBOKtSrUKU5m/xpq8ZXWL6hQ/jgd4PhU2PqH97bcxIiLEJfNwZOGQEx4t/aS/GgxRAR+ra9pMHPMtTHU4sqqA==}

  '@deepseek-ai/schemastery@3.18.1':
    resolution: {integrity: sha512-Qn0FCSwCQnpnj6SB31I6i2sIKgKWnkbJM8O0EU91Gv2UsYVvtZTl6IA0sCwk2e2MZf5S8w5hpq9QkeVvK9qwxg==}

  '@dsh-external/dsh-minigames@https://codeload.github.com/lhh010/dsh-minigames/tar.gz/1bb6d8664281ea8d03cdf82050a398a69222a3ff':
    resolution: {gitHosted: true, integrity: sha512-bBFFsxIOL6rRPVxNr/j4YOX47NwXJfHmUTs0l55oK6YgSA8CP6gNKFix3/DsOzp7+YylqT3YvNO6XpLlJYDZyA==, tarball: https://codeload.github.com/lhh010/dsh-minigames/tar.gz/1bb6d8664281ea8d03cdf82050a398a69222a3ff}
    version: 0.3.6
    peerDependencies:
      '@deepseek-ai/cordis': ^4.0.1-rc.1
      react: ^18.2.0
      react-dom: ^18.2.0

  '@dsh-external/dsh-redteam-model@https://codeload.github.com/SeaOf0/dsh-redteam-model/tar.gz/28d9f29f0db5592e75dd2e9cc4dbdb4b77b4b8ac':
    resolution: {gitHosted: true, integrity: sha512-zQoe5OyN2nOZDbBVz88Me7VcWeUH/GbVVRxD5mziVPtlPzSntlstwjhP7YWLpt2JPiaXbh/xCJBN+JEowKpC9g==, tarball: https://codeload.github.com/SeaOf0/dsh-redteam-model/tar.gz/28d9f29f0db5592e75dd2e9cc4dbdb4b77b4b8ac}
    version: 1.1.1
    engines: {node: '>=22'}
    peerDependencies:
      '@deepseek-ai/dsh-settings': ^0.1.0-rc.6 || ^0.1.1-rc.0

  '@nanmicoder/dsh-auto-mode@https://codeload.github.com/NanmiCoder/dsh-auto-mode/tar.gz/c0662594ef121f4cc86dfbd02334df35e999b98f':
    resolution: {gitHosted: true, integrity: sha512-lMIct43lNedA+ruu00X8rKCHbhJXtwn58ruT3YvgQyQpsdox7SEBwYS9cJKfKPxgMF6Oq2LG/wAJIrpWowXOkQ==, tarball: https://codeload.github.com/NanmiCoder/dsh-auto-mode/tar.gz/c0662594ef121f4cc86dfbd02334df35e999b98f}
    version: 0.1.5
    engines: {node: ^22.19.0 || >=24.0.0}
    peerDependencies:
      '@deepseek-ai/cordis': ^4.0.1
      '@deepseek-ai/dsh-client-locale': ^0.1.0-rc.6
      '@deepseek-ai/dsh-llm': ^0.1.0-rc.6
      '@deepseek-ai/dsh-permission-presets': ^0.1.0-rc.6
      '@deepseek-ai/dsh-tools': ^0.1.0-rc.6
      '@deepseek-ai/dsh-user-approval': ^0.1.0-rc.6
    peerDependenciesMeta:
      '@deepseek-ai/cordis':
        optional: true
      '@deepseek-ai/dsh-client-locale':
        optional: true
      '@deepseek-ai/dsh-llm':
        optional: true
      '@deepseek-ai/dsh-permission-presets':
        optional: true
      '@deepseek-ai/dsh-tools':
        optional: true
      '@deepseek-ai/dsh-user-approval':
        optional: true

  '@standard-schema/spec@1.1.0':
    resolution: {integrity: sha512-l2aFy5jALhniG5HgqrD6jXLi/rUWrKvqN/qJx6yoJsgKhblVd+iqqU4RCXavm/jPityDo5TCvKMnpjKnOriy0w==}

  ansi-regex@5.0.1:
    resolution: {integrity: sha512-quJQXlTSUGL2LH9SUXo8VwsY4soanhgo6LNSm84E1LBcE8s3O0wpdiRzyR9z/ZZJMlMWv37qOOb9pdJlMUEKFQ==}
    engines: {node: '>=8'}

  ansi-styles@4.3.0:
    resolution: {integrity: sha512-zbB9rCJAT1rbjiVDb2hqKFHNYLxgtk8NURxZ3IZwD3F6NtxbXZQCnnSi1Lkx+IDohdPlFp222wVALIheZJQSEg==}
    engines: {node: '>=8'}

  camelcase@5.3.1:
    resolution: {integrity: sha512-L28STB170nwWS63UjtlEOE3dldQApaJXZkOI1uMFfzf3rRuPegHaHesyee+YxQ+W6SvRDQV6UrdOdRiR153wJg==}
    engines: {node: '>=6'}

  cliui@6.0.0:
    resolution: {integrity: sha512-t6wbgtoCXvAzst7QgXxJYqPt0usEfbgQdftEPbLL/cvv6HPE5VgvqCuAIDR0NgU52ds6rFwqrgakNLrHEjCbrQ==}

  color-convert@2.0.1:
    resolution: {integrity: sha512-RRECPsj7iu/xb5oKYcsFHSppFNnsj/52OVTRKb4zP5onXwVF3zVmmToNcOfGC+CRDpfK/U584fMg38ZHCaElKQ==}
    engines: {node: '>=7.0.0'}

  color-name@1.1.4:
    resolution: {integrity: sha512-dOy+3AuW3a2wNbZHIuMZpTcgjGuLU/uBL/ubcZF9OXbDo8ff4O8yVp5Bf0efS8uEoYo5q4Fx7dY9OgQGXgAsQA==}

  decamelize@1.2.0:
    resolution: {integrity: sha512-z2S+W9X73hAUUki+N+9Za2lBlun89zigOyGrsax+KUQ6wKW4ZoWpEYBkGhQjwAjjDCkWxhY0VKEhk8wzY7F5cA==}
    engines: {node: '>=0.10.0'}

  dijkstrajs@1.0.3:
    resolution: {integrity: sha512-qiSlmBq9+BCdCA/L46dw8Uy93mloxsPSbwnm5yrKn2vMPiy8KyAskTF6zuV/j5BMsmOGZDPs7KjU+mjb670kfA==}

  dsh-client-liang-intensity-skin@https://codeload.github.com/kingOfSoySauce/dsh-liang-skin/tar.gz/976fcbf9b4a91b79f14b90c16cbe0d3f553c2bd3:
    resolution: {gitHosted: true, integrity: sha512-okn8dw8JWDvkky4SNeh7igGtnLH6x1ntFZ1swKN7TEI0GGOx0E3RRAj0mpf6fWtlBkv408LUHajObFi2NNYi7w==, tarball: https://codeload.github.com/kingOfSoySauce/dsh-liang-skin/tar.gz/976fcbf9b4a91b79f14b90c16cbe0d3f553c2bd3}
    version: 0.1.7

  dsh-damage-pulse@https://codeload.github.com/wssfk12138/dsh-damage-pulse/tar.gz/3b311a66fa4c8192d77911dca46ace6857740213:
    resolution: {gitHosted: true, integrity: sha512-O/jD+JQ86olUnw8Nr+0U0zg2FNU3tquv3pUay+4zcRkqA21/OokJhI+pWpNIBbFfIUbd1jcyiR579c4huo44oA==, tarball: https://codeload.github.com/wssfk12138/dsh-damage-pulse/tar.gz/3b311a66fa4c8192d77911dca46ace6857740213}
    version: 4.0.3
    engines: {node: ^22.19.0 || >=24.0.0}
    peerDependencies:
      '@deepseek-ai/cordis': ^4.0.1
      '@deepseek-ai/dsh-client-connection': ^0.1.0-rc.5 || ^0.1.1-rc.2 || ^0.1.2-alpha.1
      '@deepseek-ai/dsh-client-ui-conversation': ^0.1.0-rc.5 || ^0.1.1-rc.2 || ^0.1.2-alpha.1
      '@deepseek-ai/dsh-client-ui-layout': ^0.1.0-rc.5 || ^0.1.1-rc.2 || ^0.1.2-alpha.1
      '@deepseek-ai/dsh-client-ui-slots': ^0.1.0-rc.5 || ^0.1.1-rc.2 || ^0.1.2-alpha.1
      '@deepseek-ai/dsh-credentials': ^0.1.0-rc.5 || ^0.1.1-rc.2 || ^0.1.2-alpha.1
      '@deepseek-ai/dsh-host-webserver': ^0.1.0-rc.5 || ^0.1.1-rc.2 || ^0.1.2-alpha.1
      '@deepseek-ai/dsh-llm': ^0.1.0-rc.5 || ^0.1.1-rc.2 || ^0.1.2-alpha.1
      '@deepseek-ai/dsh-session': ^0.1.0-rc.5 || ^0.1.1-rc.2 || ^0.1.2-alpha.1
      '@deepseek-ai/dsh-session-persistence': ^0.1.0-rc.5 || ^0.1.1-rc.2 || ^0.1.2-alpha.1
      '@deepseek-ai/dsh-session-projection': ^0.1.0-rc.5 || ^0.1.1-rc.2 || ^0.1.2-alpha.1
      '@deepseek-ai/dsh-session-projection-cache': ^0.1.0-rc.5 || ^0.1.1-rc.2 || ^0.1.2-alpha.1
      '@deepseek-ai/dsh-settings': ^0.1.0-rc.5 || ^0.1.1-rc.2 || ^0.1.2-alpha.1
      '@deepseek-ai/dsh-tools': ^0.1.0-rc.5 || ^0.1.1-rc.2 || ^0.1.2-alpha.1
      '@deepseek-ai/schemastery': ^3.18.1
      react: ^18.2.0
      zod: ^4.4.3

  dsh-plugin-bridge@https://codeload.github.com/Totoro-qaq/dsh-plugin-bridge/tar.gz/d2b9be2ecd92c5e462f0b7a6fd68836c22673dcd:
    resolution: {gitHosted: true, integrity: sha512-1j6igOtKb6R763viAoFBt7M4dZFj1oGJM6zVAKXk6AFQTmKMxoOdOWs1KP041U72nYLd53sdltqUXj9vLTbLMA==, tarball: https://codeload.github.com/Totoro-qaq/dsh-plugin-bridge/tar.gz/d2b9be2ecd92c5e462f0b7a6fd68836c22673dcd}
    version: 0.3.2
    engines: {node: '>=22'}
    hasBin: true
    peerDependencies:
      '@deepseek-ai/cordis': ^4.0.1
      '@deepseek-ai/dsh-api-remotes': ^0.1.0-rc.7 || ^0.1.1-rc.1 || ^0.1.2-alpha.1
      '@deepseek-ai/dsh-client-ui-chat': ^0.1.0-rc.7 || ^0.1.1-rc.1 || ^0.1.2-alpha.1
      '@deepseek-ai/dsh-client-ui-conversation': ^0.1.0-rc.7 || ^0.1.1-rc.1 || ^0.1.2-alpha.1
      '@deepseek-ai/dsh-client-ui-primitives': ^0.1.0-rc.7 || ^0.1.1-rc.1 || ^0.1.2-alpha.1
      '@deepseek-ai/dsh-client-ui-slots': ^0.1.0-rc.7 || ^0.1.1-rc.1 || ^0.1.2-alpha.1
      react: ^18.2.0
    peerDependenciesMeta:
      '@deepseek-ai/cordis':
        optional: true
      '@deepseek-ai/dsh-api-remotes':
        optional: true
      '@deepseek-ai/dsh-client-ui-chat':
        optional: true
      '@deepseek-ai/dsh-client-ui-conversation':
        optional: true
      '@deepseek-ai/dsh-client-ui-primitives':
        optional: true
      '@deepseek-ai/dsh-client-ui-slots':
        optional: true
      react:
        optional: true

  dsh-undo-savepoint@https://codeload.github.com/lire1131/dsh-undo-savepoint/tar.gz/c5046313eec6d65ecbd8bccb1e3852c7e9200946:
    resolution: {gitHosted: true, integrity: sha512-cKC+ZWAp6xkdNUjUxk8Hw1nh2BQ606FyyXh3kNrgLUTNt7dLyKPA0b7S4DC3mpsYEQ2Z+csoDD11eDwwrzguxw==, tarball: https://codeload.github.com/lire1131/dsh-undo-savepoint/tar.gz/c5046313eec6d65ecbd8bccb1e3852c7e9200946}
    version: 0.4.2
    engines: {dsh: '>=0.0.1-0 || >=0.1.0-rc.2 || >=0.1.1-rc.1', node: '>=20.0.0'}

  emoji-regex@8.0.0:
    resolution: {integrity: sha512-MSjYzcWNOA0ewAHpz0MxpYFvwg6yjy1NG3xteoqz644VCo/RPgnr1/GGt+ic3iJTzQ8Eu3TdM14SawnVUmGE6A==}

  find-up@4.1.0:
    resolution: {integrity: sha512-PpOwAdQ/YlXQ2vj8a3h8IipDuYRi3wceVQQGYWxNINccq40Anw7BlsEXCMbt1Zt+OLA6Fq9suIpIWD0OsnISlw==}
    engines: {node: '>=8'}

  gal-view@https://codeload.github.com/Ayase34/gal-view/tar.gz/d002fe0e7051c618a2665af3c653f9838cd6aa8a:
    resolution: {gitHosted: true, integrity: sha512-zVpjAExArNW6aZIUdTjieY6olq4Oec4QD5dTMJ5a8UyIksT/b7WlBHjdqSWSP83ExId+9rL/8WCNKDBjyk2zQg==, tarball: https://codeload.github.com/Ayase34/gal-view/tar.gz/d002fe0e7051c618a2665af3c653f9838cd6aa8a}
    version: 0.3.3

  get-caller-file@2.0.5:
    resolution: {integrity: sha512-DyFP3BM/3YHTQOCUL/w0OZHR0lpKeGrxotcHWcqNEdnltqFwXVfhEBQ94eIo34AfQpo0rGki4cyIiftY06h2Fg==}
    engines: {node: 6.* || 8.* || >= 10.*}

  is-fullwidth-code-point@3.0.0:
    resolution: {integrity: sha512-zymm5+u+sCsSWyD9qNaejV3DFvhCKclKdizYaJUuHA83RLjb7nSuGnddCHGv0hk+KY7BMAlsWeK4Ueg6EV6XQg==}
    engines: {node: '>=8'}

  locate-path@5.0.0:
    resolution: {integrity: sha512-t7hw9pI+WvuwNJXwk5zVHpyhIqzg2qTlklJOf0mVxGSbe3Fp2VieZcduNYjaLDoy6p9uGpQEGWG87WpMKlNq8g==}
    engines: {node: '>=8'}

  p-limit@2.3.0:
    resolution: {integrity: sha512-//88mFWSJx8lxCzwdAABTJL2MyWB12+eIY7MDL2SqLmAkeKU9qxRvWuSyTjm3FUmpBEMuFfckAIqEaVGUDxb6w==}
    engines: {node: '>=6'}

  p-locate@4.1.0:
    resolution: {integrity: sha512-R79ZZ/0wAxKGu3oYMlz8jy/kbhsNrS7SKZ7PxEHBgJ5+F2mtFW2fK2cOtBh1cHYkQsbzFV7I+EoRKe6Yt0oK7A==}
    engines: {node: '>=8'}

  p-try@2.2.0:
    resolution: {integrity: sha512-R4nPAVTAU0B9D35/Gk3uJf/7XYbQcyohSKdvAxIRSNghFl4e71hVoGnBNQz9cWaXxO2I10KTC+3jMdvvoKw6dQ==}
    engines: {node: '>=6'}

  path-exists@4.0.0:
    resolution: {integrity: sha512-ak9Qy5Q7jYb2Wwcey5Fpvg2KoAc/ZIhLSLOSBmRmygPsGwkVVt0fZa0qrtMz+m6tJTAHfZQ8FnmB4MG4LWy7/w==}
    engines: {node: '>=8'}

  pngjs@5.0.0:
    resolution: {integrity: sha512-40QW5YalBNfQo5yRYmiw7Yz6TKKVr3h6970B2YE+3fQpsWcrbj1PzJgxeJ19DRQjhMbKPIuMY8rFaXc8moolVw==}
    engines: {node: '>=10.13.0'}

  qrcode@1.5.4:
    resolution: {integrity: sha512-1ca71Zgiu6ORjHqFBDpnSMTR2ReToX4l1Au1VFLyVeBTFavzQnv5JxMFr3ukHVKpSrSA2MCk0lNJSykjUfz7Zg==}
    engines: {node: '>=10.13.0'}
    hasBin: true

  require-directory@2.1.1:
    resolution: {integrity: sha512-fGxEI7+wsG9xrvdjsrlmL22OMTTiHRwAMroiEeMgq8gzoLC/PQr7RsRDSTLUg/bZAZtF+TVIkHc6/4RIKrui+Q==}
    engines: {node: '>=0.10.0'}

  require-main-filename@2.0.0:
    resolution: {integrity: sha512-NKN5kMDylKuldxYLSUfrbo5Tuzh4hd+2E8NPPX02mZtn1VuREQToYe/ZdlJy+J3uCpfaiGF05e7B8W0iXbQHmg==}

  set-blocking@2.0.0:
    resolution: {integrity: sha512-KiKBS8AnWGEyLzofFfmvKwpdPzqiy16LvQfK3yv/fVH7Bj13/wl3JSR1J+rfgRE9q7xUJK4qvgS8raSOeLUehw==}

  string-width@4.2.3:
    resolution: {integrity: sha512-wKyQRQpjJ0sIp62ErSZdGsjMJWsap5oRNihHhu6G7JVO/9jIB6UyevL+tXuOqrng8j/cxKTWyWUwvSTriiZz/g==}
    engines: {node: '>=8'}

  strip-ansi@6.0.1:
    resolution: {integrity: sha512-Y38VPSHcqkFrCpFnQ9vuSXmquuv5oXOKpGeT6aGrr3o3Gc9AlVa6JBfUSOCnbxGGZF+/0ooI7KrPuUSztUdU5A==}
    engines: {node: '>=8'}

  which-module@2.0.1:
    resolution: {integrity: sha512-iBdZ57RDvnOR9AGBhML2vFZf7h8vmBjhoaZqODJBFWHVtKkDmKuHai3cx5PgVMrX5YDNp27AofYbAwctSS+vhQ==}

  wrap-ansi@6.2.0:
    resolution: {integrity: sha512-r6lPcBGxZXlIcymEu7InxDMhdW0KDxpLgoFLcguasxCaJ/SOIZwINatK9KY/tf+ZrlywOKU0UDj3ATXUBfxJXA==}
    engines: {node: '>=8'}

  y18n@4.0.3:
    resolution: {integrity: sha512-JKhqTOwSrqNA1NY5lSztJ1GrBiUodLMmIZuLiDaMRJ+itFd+ABVE8XBjOvIWL+rSqNDC74LCSFmlb/U4UZ4hJQ==}

  yargs-parser@18.1.3:
    resolution: {integrity: sha512-o50j0JeToy/4K6OZcaQmW6lyXXKhq7csREXcDwk2omFPJEwUNOVtJKvmDr9EI1fAJZUyZcRF7kxGBWmRXudrCQ==}
    engines: {node: '>=6'}

  yargs@15.4.1:
    resolution: {integrity: sha512-aePbxDmcYW++PaqBsJ+HYUFwCdv4LVvdnhBy78E57PIor8/OVvhMrADFFEDh8DHDFRv/O9i3lPhsENjO7QX0+A==}
    engines: {node: '>=8'}

snapshots:

  '@deepseek-ai/cosmokit@1.8.2': {}

  '@deepseek-ai/schemastery@3.18.1':
    dependencies:
      '@deepseek-ai/cosmokit': 1.8.2
      '@standard-schema/spec': 1.1.0

  '@dsh-external/dsh-minigames@https://codeload.github.com/lhh010/dsh-minigames/tar.gz/1bb6d8664281ea8d03cdf82050a398a69222a3ff': {}

  '@dsh-external/dsh-redteam-model@https://codeload.github.com/SeaOf0/dsh-redteam-model/tar.gz/28d9f29f0db5592e75dd2e9cc4dbdb4b77b4b8ac': {}

  '@nanmicoder/dsh-auto-mode@https://codeload.github.com/NanmiCoder/dsh-auto-mode/tar.gz/c0662594ef121f4cc86dfbd02334df35e999b98f':
    dependencies:
      '@deepseek-ai/schemastery': 3.18.1

  '@standard-schema/spec@1.1.0': {}

  ansi-regex@5.0.1: {}

  ansi-styles@4.3.0:
    dependencies:
      color-convert: 2.0.1

  camelcase@5.3.1: {}

  cliui@6.0.0:
    dependencies:
      string-width: 4.2.3
      strip-ansi: 6.0.1
      wrap-ansi: 6.2.0

  color-convert@2.0.1:
    dependencies:
      color-name: 1.1.4

  color-name@1.1.4: {}

  decamelize@1.2.0: {}

  dijkstrajs@1.0.3: {}

  dsh-client-liang-intensity-skin@https://codeload.github.com/kingOfSoySauce/dsh-liang-skin/tar.gz/976fcbf9b4a91b79f14b90c16cbe0d3f553c2bd3: {}

  dsh-damage-pulse@https://codeload.github.com/wssfk12138/dsh-damage-pulse/tar.gz/3b311a66fa4c8192d77911dca46ace6857740213(@deepseek-ai/schemastery@3.18.1):
    dependencies:
      '@deepseek-ai/schemastery': 3.18.1
      qrcode: 1.5.4

  dsh-plugin-bridge@https://codeload.github.com/Totoro-qaq/dsh-plugin-bridge/tar.gz/d2b9be2ecd92c5e462f0b7a6fd68836c22673dcd:
    dependencies:
      '@deepseek-ai/schemastery': 3.18.1

  dsh-undo-savepoint@https://codeload.github.com/lire1131/dsh-undo-savepoint/tar.gz/c5046313eec6d65ecbd8bccb1e3852c7e9200946: {}

  emoji-regex@8.0.0: {}

  find-up@4.1.0:
    dependencies:
      locate-path: 5.0.0
      path-exists: 4.0.0

  gal-view@https://codeload.github.com/Ayase34/gal-view/tar.gz/d002fe0e7051c618a2665af3c653f9838cd6aa8a: {}

  get-caller-file@2.0.5: {}

  is-fullwidth-code-point@3.0.0: {}

  locate-path@5.0.0:
    dependencies:
      p-locate: 4.1.0

  p-limit@2.3.0:
    dependencies:
      p-try: 2.2.0

  p-locate@4.1.0:
    dependencies:
      p-limit: 2.3.0

  p-try@2.2.0: {}

  path-exists@4.0.0: {}

  pngjs@5.0.0: {}

  qrcode@1.5.4:
    dependencies:
      dijkstrajs: 1.0.3
      pngjs: 5.0.0
      yargs: 15.4.1

  require-directory@2.1.1: {}

  require-main-filename@2.0.0: {}

  set-blocking@2.0.0: {}

  string-width@4.2.3:
    dependencies:
      emoji-regex: 8.0.0
      is-fullwidth-code-point: 3.0.0
      strip-ansi: 6.0.1

  strip-ansi@6.0.1:
    dependencies:
      ansi-regex: 5.0.1

  which-module@2.0.1: {}

  wrap-ansi@6.2.0:
    dependencies:
      ansi-styles: 4.3.0
      string-width: 4.2.3
      strip-ansi: 6.0.1

  y18n@4.0.3: {}

  yargs-parser@18.1.3:
    dependencies:
      camelcase: 5.3.1
      decamelize: 1.2.0

  yargs@15.4.1:
    dependencies:
      cliui: 6.0.0
      decamelize: 1.2.0
      find-up: 4.1.0
      get-caller-file: 2.0.5
      require-directory: 2.1.1
      require-main-filename: 2.0.0
      set-blocking: 2.0.0
      string-width: 4.2.3
      which-module: 2.0.1
      y18n: 4.0.3
      yargs-parser: 18.1.3
