lockfileVersion: '9.0'

settings:
  autoInstallPeers: false
  excludeLinksFromLockfile: false

importers:

  .:
    dependencies:
      '@dsh-external/dsh-minigames':
        specifier: github:lhh010/dsh-minigames
        version: https://codeload.github.com/lhh010/dsh-minigames/tar.gz/0f5f6908db0c2b913329547fba3781e186bb8972

packages:

  '@dsh-external/dsh-minigames@https://codeload.github.com/lhh010/dsh-minigames/tar.gz/0f5f6908db0c2b913329547fba3781e186bb8972':
    resolution: {gitHosted: true, integrity: sha512-uYp4uRkGnM/d7n5bbCWlykPr+Re4xzKfyOKJxLz8lyB3ltlD4vhxHQ1B8Hqg5SQpAqcUOiorvlkttKjoEP1EPw==, tarball: https://codeload.github.com/lhh010/dsh-minigames/tar.gz/0f5f6908db0c2b913329547fba3781e186bb8972}
    version: 0.3.4
    peerDependencies:
      '@deepseek-ai/cordis': ^4.0.1-rc.1
      react: ^18.2.0
      react-dom: ^18.2.0

snapshots:

  '@dsh-external/dsh-minigames@https://codeload.github.com/lhh010/dsh-minigames/tar.gz/0f5f6908db0c2b913329547fba3781e186bb8972': {}
