lockfileVersion: '9.0'

settings:
  autoInstallPeers: false
  excludeLinksFromLockfile: false

importers:

  .:
    dependencies:
      '@icelily/dsh-gitbash-preset':
        specifier: github:liceses/dsh-gitbash-preset
        version: https://codeload.github.com/liceses/dsh-gitbash-preset/tar.gz/db21575b52e249f6a2eeeef0eb9ff92dc72943c8
      '@nanmicoder/dsh-auto-mode':
        specifier: github:NanmiCoder/dsh-auto-mode
        version: https://codeload.github.com/NanmiCoder/dsh-auto-mode/tar.gz/c0662594ef121f4cc86dfbd02334df35e999b98f
      '@zseven-w/dsh-openpencil':
        specifier: github:ZSeven-W/dsh-openpencil
        version: https://codeload.github.com/ZSeven-W/dsh-openpencil/tar.gz/99e05cdbae5e26c920cc20e0793c66446685b0cd
      dsh-git-memory:
        specifier: github:seriousz158/dsh-memory
        version: https://codeload.github.com/seriousz158/dsh-memory/tar.gz/2a994f7279b0ca396163a36fe31e9293dc5abd03(@deepseek-ai/schemastery@3.18.1)
      dsh-share:
        specifier: github:hellodigua/dsh-share
        version: https://codeload.github.com/hellodigua/dsh-share/tar.gz/c109330b755c793cbc701a4e6a972d620a6667da

packages:

  '@deepseek-ai/cosmokit@1.8.2':
    resolution: {integrity: sha512-muBOKtSrUKU5m/xpq8ZXWL6hQ/jgd4PhU2PqH97bcxIiLEJfNwZOGQEx4t/aS/GgxRAR+ra9pMHPMtTHU4sqqA==}

  '@deepseek-ai/schemastery@3.18.1':
    resolution: {integrity: sha512-Qn0FCSwCQnpnj6SB31I6i2sIKgKWnkbJM8O0EU91Gv2UsYVvtZTl6IA0sCwk2e2MZf5S8w5hpq9QkeVvK9qwxg==}

  '@icelily/dsh-gitbash-preset@https://codeload.github.com/liceses/dsh-gitbash-preset/tar.gz/db21575b52e249f6a2eeeef0eb9ff92dc72943c8':
    resolution: {gitHosted: true, integrity: sha512-JeoS0JZoqCz3uuGVb+W38w08uegiYWtgI5esN+3yJbnK+uXmS0TG1oXYpS3m96l27WzDX5wATaGmvULFnmWqSQ==, tarball: https://codeload.github.com/liceses/dsh-gitbash-preset/tar.gz/db21575b52e249f6a2eeeef0eb9ff92dc72943c8}
    version: 0.1.2
    engines: {node: '>=20'}

  '@nanmicoder/dsh-auto-mode@https://codeload.github.com/NanmiCoder/dsh-auto-mode/tar.gz/c0662594ef121f4cc86dfbd02334df35e999b98f':
    resolution: {gitHosted: true, integrity: sha512-lMIct43lNedA+ruu00X8rKCHbhJXtwn58ruT3YvgQyQpsdox7SEBwYS9cJKfKPxgMF6Oq2LG/wAJIrpWowXOkQ==, tarball: https://codeload.github.com/NanmiCoder/dsh-auto-mode/tar.gz/c0662594ef121f4cc86dfbd02334df35e999b98f}
    version: 0.1.5
    engines: {node: ^22.19.0 || >=24.0.0}
    peerDependencies:
      '@deepseek-ai/cordis': ^4.0.1
      '@deepseek-ai/dsh-client-locale': ^0.1.0-rc.6
      '@deepseek-ai/dsh-llm': ^0.1.0-rc.6
      '@deepseek-ai/dsh-permission-presets': ^0.1.0-rc.6
      '@deepseek-ai/dsh-tools': ^0.1.0-rc.6
      '@deepseek-ai/dsh-user-approval': ^0.1.0-rc.6
    peerDependenciesMeta:
      '@deepseek-ai/cordis':
        optional: true
      '@deepseek-ai/dsh-client-locale':
        optional: true
      '@deepseek-ai/dsh-llm':
        optional: true
      '@deepseek-ai/dsh-permission-presets':
        optional: true
      '@deepseek-ai/dsh-tools':
        optional: true
      '@deepseek-ai/dsh-user-approval':
        optional: true

  '@standard-schema/spec@1.1.0':
    resolution: {integrity: sha512-l2aFy5jALhniG5HgqrD6jXLi/rUWrKvqN/qJx6yoJsgKhblVd+iqqU4RCXavm/jPityDo5TCvKMnpjKnOriy0w==}

  '@zseven-w/dsh-openpencil-darwin-arm64@0.1.0-rc.9':
    resolution: {integrity: sha512-twzCO0WgFThZ2XTfx987Ohp8Ybi8hkvcVE4IBpdELIZs2rybd5nHcI+bSiOMQMrxll+qL3BMYst4DdIkIAMwrw==}
    engines: {node: '>=24.11.0'}
    cpu: [arm64]
    os: [darwin]

  '@zseven-w/dsh-openpencil-darwin-x64@0.1.0-rc.9':
    resolution: {integrity: sha512-W+If+vr1WPWbvu4kWjUp0tGO3Ijq4Rkyexc4aPzAHYG/v5Lcq4fLCEVjtoEVSTMyI1Q75lq8G2kEyq91Gs3+IQ==}
    engines: {node: '>=24.11.0'}
    cpu: [x64]
    os: [darwin]

  '@zseven-w/dsh-openpencil-linux-arm64@0.1.0-rc.9':
    resolution: {integrity: sha512-KBpKhRUOTQT71EL4TdOL2LrqNlX2564WrhxQDYhMh+Upj859zJIsmHy4C5p/hMv9TA+kpN+NqVbw2fJgRRsycA==}
    engines: {node: '>=24.11.0'}
    cpu: [arm64]
    os: [linux]
    libc: [glibc]

  '@zseven-w/dsh-openpencil-linux-x64@0.1.0-rc.9':
    resolution: {integrity: sha512-MV5hXqY1GG/tJQ81FksbtkhugzdDu90QMe7HgMcJgmeIwid0wsM1M3U7DlS6YnbW5KInkhypzJwzY0g2N1Y08g==}
    engines: {node: '>=24.11.0'}
    cpu: [x64]
    os: [linux]
    libc: [glibc]

  '@zseven-w/dsh-openpencil-win32-arm64@0.1.0-rc.9':
    resolution: {integrity: sha512-0IsWMWh8zBiV8JyrIZ8zkpOXyhDXAI0KQrPfyahaisDzKmkPSs9eiUiqa9avaLbh83w0SP+KpkQGQ8hN1Q5dTQ==}
    engines: {node: '>=24.11.0'}
    cpu: [arm64]
    os: [win32]

  '@zseven-w/dsh-openpencil-win32-x64@0.1.0-rc.9':
    resolution: {integrity: sha512-0D2Y101nI/DngGfo2BI0ig+QGu8O7ozHV52SnJP6th02xaopIWxfvPFqTenuwI3FK6tEjxNHsNSmOHQ62FApvw==}
    engines: {node: '>=24.11.0'}
    cpu: [x64]
    os: [win32]

  '@zseven-w/dsh-openpencil@https://codeload.github.com/ZSeven-W/dsh-openpencil/tar.gz/99e05cdbae5e26c920cc20e0793c66446685b0cd':
    resolution: {gitHosted: true, integrity: sha512-z5UmMpfxi20X2O9kGGbEUr+j0zrT9+cLZnSaMarzuJB8VXOwjO+eLKlGvAFMzS44SGLAP/G5KmGeHub9luN1QA==, tarball: https://codeload.github.com/ZSeven-W/dsh-openpencil/tar.gz/99e05cdbae5e26c920cc20e0793c66446685b0cd}
    version: 0.1.0-rc.9
    engines: {node: '>=24.11.0'}
    peerDependencies:
      '@deepseek-ai/cordis': ^4.0.1
      '@deepseek-ai/dsh-client-locale': ^0.1.0-rc.6
      '@deepseek-ai/dsh-client-runtime': ^0.1.0-rc.6
      '@deepseek-ai/dsh-client-ui-conversation': ^0.1.0-rc.6
      '@deepseek-ai/dsh-client-ui-slots': ^0.1.0-rc.6
      '@deepseek-ai/dsh-client-ui-theme': ^0.1.0-rc.6
      '@deepseek-ai/dsh-client-ui-tool': ^0.1.0-rc.6
      '@deepseek-ai/dsh-fs': ^0.1.0-rc.6
      '@deepseek-ai/dsh-host-webserver': ^0.1.0-rc.6
      '@deepseek-ai/dsh-sandbox-policy': ^0.1.0-rc.6
      '@deepseek-ai/dsh-session': ^0.1.0-rc.6
      '@deepseek-ai/dsh-tools': ^0.1.0-rc.6
      react: ^18.2.0
      react-dom: ^18.2.0

  dsh-git-memory@https://codeload.github.com/seriousz158/dsh-memory/tar.gz/2a994f7279b0ca396163a36fe31e9293dc5abd03:
    resolution: {gitHosted: true, integrity: sha512-6muo6yn+AsSDqSAKi9yqKId9h60B+/0h7RqOrEdBMdt97zcdxMy27Jw4Lbk8sD7v3wUPKzDSPD60Kaf13kIu6A==, tarball: https://codeload.github.com/seriousz158/dsh-memory/tar.gz/2a994f7279b0ca396163a36fe31e9293dc5abd03}
    version: 0.8.2
    engines: {node: '>=22'}
    peerDependencies:
      '@deepseek-ai/dsh-api-remotes': ^0.1.0-rc.6
      '@deepseek-ai/dsh-client-connection': ^0.1.0-rc.6
      '@deepseek-ai/dsh-client-runtime': ^0.1.0-rc.6
      '@deepseek-ai/dsh-client-ui-settings': ^0.1.0-rc.6
      '@deepseek-ai/dsh-settings': ^0.1.0-rc.6
      '@deepseek-ai/dsh-tools': ^0.1.0-rc.6
      '@deepseek-ai/dsh-typert-protocol': ^0.1.0-rc.6
      '@deepseek-ai/schemastery': ^3.18.1
      react: ^18.2.0

  dsh-share@https://codeload.github.com/hellodigua/dsh-share/tar.gz/c109330b755c793cbc701a4e6a972d620a6667da:
    resolution: {gitHosted: true, tarball: https://codeload.github.com/hellodigua/dsh-share/tar.gz/c109330b755c793cbc701a4e6a972d620a6667da}
    version: 0.3.1
    engines: {node: ^22.19.0 || >=24.0.0}
    peerDependencies:
      '@deepseek-ai/dsh-client-locale': ^0.1.0-rc.6
      '@deepseek-ai/dsh-client-runtime': ^0.1.0-rc.6
      '@deepseek-ai/dsh-client-ui-conversation': ^0.1.0-rc.6
      '@deepseek-ai/dsh-client-ui-primitives': ^0.1.0-rc.6
      react: ^18.2.0

snapshots:

  '@deepseek-ai/cosmokit@1.8.2': {}

  '@deepseek-ai/schemastery@3.18.1':
    dependencies:
      '@deepseek-ai/cosmokit': 1.8.2
      '@standard-schema/spec': 1.1.0

  '@icelily/dsh-gitbash-preset@https://codeload.github.com/liceses/dsh-gitbash-preset/tar.gz/db21575b52e249f6a2eeeef0eb9ff92dc72943c8': {}

  '@nanmicoder/dsh-auto-mode@https://codeload.github.com/NanmiCoder/dsh-auto-mode/tar.gz/c0662594ef121f4cc86dfbd02334df35e999b98f':
    dependencies:
      '@deepseek-ai/schemastery': 3.18.1

  '@standard-schema/spec@1.1.0': {}

  '@zseven-w/dsh-openpencil-darwin-arm64@0.1.0-rc.9':
    optional: true

  '@zseven-w/dsh-openpencil-darwin-x64@0.1.0-rc.9':
    optional: true

  '@zseven-w/dsh-openpencil-linux-arm64@0.1.0-rc.9':
    optional: true

  '@zseven-w/dsh-openpencil-linux-x64@0.1.0-rc.9':
    optional: true

  '@zseven-w/dsh-openpencil-win32-arm64@0.1.0-rc.9':
    optional: true

  '@zseven-w/dsh-openpencil-win32-x64@0.1.0-rc.9':
    optional: true

  '@zseven-w/dsh-openpencil@https://codeload.github.com/ZSeven-W/dsh-openpencil/tar.gz/99e05cdbae5e26c920cc20e0793c66446685b0cd':
    optionalDependencies:
      '@zseven-w/dsh-openpencil-darwin-arm64': 0.1.0-rc.9
      '@zseven-w/dsh-openpencil-darwin-x64': 0.1.0-rc.9
      '@zseven-w/dsh-openpencil-linux-arm64': 0.1.0-rc.9
      '@zseven-w/dsh-openpencil-linux-x64': 0.1.0-rc.9
      '@zseven-w/dsh-openpencil-win32-arm64': 0.1.0-rc.9
      '@zseven-w/dsh-openpencil-win32-x64': 0.1.0-rc.9

  dsh-git-memory@https://codeload.github.com/seriousz158/dsh-memory/tar.gz/2a994f7279b0ca396163a36fe31e9293dc5abd03(@deepseek-ai/schemastery@3.18.1):
    dependencies:
      '@deepseek-ai/schemastery': 3.18.1

  dsh-share@https://codeload.github.com/hellodigua/dsh-share/tar.gz/c109330b755c793cbc701a4e6a972d620a6667da: {}
