lockfileVersion: '9.0'

settings:
  autoInstallPeers: false
  excludeLinksFromLockfile: false

importers:

  .:
    dependencies:
      '@dsh-external/dsh-super-injector':
        specifier: github:yjh051108/dsh-super-injector
        version: https://codeload.github.com/yjh051108/dsh-super-injector/tar.gz/f4ef59fb31439225abefe45d6e793235a2a9d5e0
      dsh-chat-import:
        specifier: github:Nwflower/dsh-chat-import
        version: https://codeload.github.com/Nwflower/dsh-chat-import/tar.gz/2a29395619ef89fe191bfc04d29b3140c820402a
      dsh-dafeiyu:
        specifier: github:QCYTSN/dsh-dafeiyu
        version: https://codeload.github.com/QCYTSN/dsh-dafeiyu/tar.gz/3bbe6e25c87c043bd1fa4b37ad99bd5dd03a3b90

packages:

  '@dsh-external/dsh-super-injector@https://codeload.github.com/yjh051108/dsh-super-injector/tar.gz/f4ef59fb31439225abefe45d6e793235a2a9d5e0':
    resolution: {gitHosted: true, integrity: sha512-3W9E+wAkpYabGGACehpcZno7gztla24Z5q/Ut1Obj8ZF/VMeT3E7sqJOXmHUOYxVlsXqY5TAN03F3qZkY+ewSg==, tarball: https://codeload.github.com/yjh051108/dsh-super-injector/tar.gz/f4ef59fb31439225abefe45d6e793235a2a9d5e0}
    version: 0.3.3
    peerDependencies:
      '@deepseek-ai/dsh-tools': '>=0.0.1-rc <2'
      cordis: '>=4.0.0-rc <5'
      schemastery: ^3.18.0

  dsh-chat-import@https://codeload.github.com/Nwflower/dsh-chat-import/tar.gz/2a29395619ef89fe191bfc04d29b3140c820402a:
    resolution: {gitHosted: true, integrity: sha512-WTH3pj49/wkDjrE6OGjVbj1IR+nVWqlnCZcky1IjrzKnj3yenxoOPr0pSEfISNQ4Rliwa9I4CIy7wI0HTNWYEA==, tarball: https://codeload.github.com/Nwflower/dsh-chat-import/tar.gz/2a29395619ef89fe191bfc04d29b3140c820402a}
    version: 0.6.2
    engines: {node: '>=22.13'}
    hasBin: true
    peerDependencies:
      '@deepseek-ai/cordis': ^4.0.1
      '@deepseek-ai/dsh-client-locale': '>=0.1.0-rc.6'
      '@deepseek-ai/dsh-tools': ^0.1.0-rc.6
      '@deepseek-ai/schemastery': '>=3.0.0'
      react: '>=18.0.0'

  dsh-dafeiyu@https://codeload.github.com/QCYTSN/dsh-dafeiyu/tar.gz/3bbe6e25c87c043bd1fa4b37ad99bd5dd03a3b90:
    resolution: {gitHosted: true, integrity: sha512-TrwxgT22UCR7CBR+2QbxC8ifxza2avejAKlYpR4TkMEXtPHFZtrcAAW680YKPwcVRhbUYggaVf6m4RyD7oaRzA==, tarball: https://codeload.github.com/QCYTSN/dsh-dafeiyu/tar.gz/3bbe6e25c87c043bd1fa4b37ad99bd5dd03a3b90}
    version: 0.1.6
    engines: {node: '>=22.19'}
    bundledDependencies:
      - '@deepseek-ai/cosmokit'
      - '@deepseek-ai/schemastery'
      - '@standard-schema/spec'

  fzstd@0.1.1:
    resolution: {integrity: sha512-dkuVSOKKwh3eas5VkJy1AW1vFpet8TA/fGmVA5krThl8YcOVE/8ZIoEA1+U1vEn5ckxxhLirSdY837azmbaNHA==}

snapshots:

  '@dsh-external/dsh-super-injector@https://codeload.github.com/yjh051108/dsh-super-injector/tar.gz/f4ef59fb31439225abefe45d6e793235a2a9d5e0': {}

  dsh-chat-import@https://codeload.github.com/Nwflower/dsh-chat-import/tar.gz/2a29395619ef89fe191bfc04d29b3140c820402a:
    dependencies:
      fzstd: 0.1.1

  dsh-dafeiyu@https://codeload.github.com/QCYTSN/dsh-dafeiyu/tar.gz/3bbe6e25c87c043bd1fa4b37ad99bd5dd03a3b90: {}

  fzstd@0.1.1: {}
