lockfileVersion: '9.0'

settings:
  autoInstallPeers: false
  excludeLinksFromLockfile: false

importers:

  .:
    dependencies:
      '@dsh-external/dsh-super-injector':
        specifier: github:yjh051108/dsh-super-injector
        version: https://codeload.github.com/yjh051108/dsh-super-injector/tar.gz/f4ef59fb31439225abefe45d6e793235a2a9d5e0
      dsh-chat-import:
        specifier: github:Nwflower/dsh-chat-import
        version: https://codeload.github.com/Nwflower/dsh-chat-import/tar.gz/cd476356bcc6e4192aed8bec6211bd68a529e061

packages:

  '@dsh-external/dsh-super-injector@https://codeload.github.com/yjh051108/dsh-super-injector/tar.gz/f4ef59fb31439225abefe45d6e793235a2a9d5e0':
    resolution: {gitHosted: true, integrity: sha512-3W9E+wAkpYabGGACehpcZno7gztla24Z5q/Ut1Obj8ZF/VMeT3E7sqJOXmHUOYxVlsXqY5TAN03F3qZkY+ewSg==, tarball: https://codeload.github.com/yjh051108/dsh-super-injector/tar.gz/f4ef59fb31439225abefe45d6e793235a2a9d5e0}
    version: 0.3.3
    peerDependencies:
      '@deepseek-ai/dsh-tools': '>=0.0.1-rc <2'
      cordis: '>=4.0.0-rc <5'
      schemastery: ^3.18.0

  dsh-chat-import@https://codeload.github.com/Nwflower/dsh-chat-import/tar.gz/cd476356bcc6e4192aed8bec6211bd68a529e061:
    resolution: {gitHosted: true, integrity: sha512-bc9buXwsr8X7x+imTVq4jeqkEiOLBPsjDUcHzNQ9CAt2ZyjH/An4+CuzjZt7WtSbFBNycEGU8Rpk26JsFBocDg==, tarball: https://codeload.github.com/Nwflower/dsh-chat-import/tar.gz/cd476356bcc6e4192aed8bec6211bd68a529e061}
    version: 0.5.1
    engines: {node: '>=22.13'}
    peerDependencies:
      '@deepseek-ai/cordis': ^4.0.1
      '@deepseek-ai/dsh-client-locale': '>=0.1.0-rc.6'
      '@deepseek-ai/dsh-tools': ^0.1.0-rc.6
      react: '>=18.0.0'

snapshots:

  '@dsh-external/dsh-super-injector@https://codeload.github.com/yjh051108/dsh-super-injector/tar.gz/f4ef59fb31439225abefe45d6e793235a2a9d5e0': {}

  dsh-chat-import@https://codeload.github.com/Nwflower/dsh-chat-import/tar.gz/cd476356bcc6e4192aed8bec6211bd68a529e061: {}
