lockfileVersion: '9.0'

settings:
  autoInstallPeers: false
  excludeLinksFromLockfile: false

importers:

  .:
    dependencies:
      '@oh-dsh/desktop':
        specifier: github:hust-open-atom-club/oh-dsh
        version: https://codeload.github.com/hust-open-atom-club/oh-dsh/tar.gz/81276e0d7ff0c6fd2e50a7564ea9cc7d0275bcae

packages:

  '@oh-dsh/desktop@https://codeload.github.com/hust-open-atom-club/oh-dsh/tar.gz/81276e0d7ff0c6fd2e50a7564ea9cc7d0275bcae':
    resolution: {gitHosted: true, integrity: sha512-flbjQ+6M62HQQ2WsziAorbZn3MAfGNqM+lCXLDpRiDYMk0wEHnJAMpu/XOgHRFcIebksxVocVbf4UvjtcfFEWg==, tarball: https://codeload.github.com/hust-open-atom-club/oh-dsh/tar.gz/81276e0d7ff0c6fd2e50a7564ea9cc7d0275bcae}
    version: 0.1.4
    engines: {node: '>=24'}
    hasBin: true

snapshots:

  '@oh-dsh/desktop@https://codeload.github.com/hust-open-atom-club/oh-dsh/tar.gz/81276e0d7ff0c6fd2e50a7564ea9cc7d0275bcae': {}
