lockfileVersion: '9.0'

settings:
  autoInstallPeers: false
  excludeLinksFromLockfile: false

importers:

  .:
    dependencies:
      '@sanqi-normal/dsh-webui-market-plugin':
        specifier: github:Sanqi-normal/dsh-webui-market-plugin
        version: https://codeload.github.com/Sanqi-normal/dsh-webui-market-plugin/tar.gz/46eacea0604e57b67d39d59fdfee7f7480605b74

packages:

  '@sanqi-normal/dsh-webui-market-plugin@https://codeload.github.com/Sanqi-normal/dsh-webui-market-plugin/tar.gz/46eacea0604e57b67d39d59fdfee7f7480605b74':
    resolution: {gitHosted: true, integrity: sha512-F49izPQJulQsx0gdJtrzf6Aw5jMhjT/1apson8dwgfugp+QjhWO/rAdYWYqPk8IGgcnp+vSaR7LxTVu0D1027g==, tarball: https://codeload.github.com/Sanqi-normal/dsh-webui-market-plugin/tar.gz/46eacea0604e57b67d39d59fdfee7f7480605b74}
    version: 0.2.0
    engines: {node: ^22.19.0 || >=24.0.0}
    peerDependencies:
      '@deepseek-ai/cordis': '*'
      '@deepseek-ai/dsh-client-runtime': '*'
      '@deepseek-ai/dsh-client-ui-slots': '*'
      react: ^18.2.0

snapshots:

  '@sanqi-normal/dsh-webui-market-plugin@https://codeload.github.com/Sanqi-normal/dsh-webui-market-plugin/tar.gz/46eacea0604e57b67d39d59fdfee7f7480605b74': {}
