lockfileVersion: '9.0'

settings:
  autoInstallPeers: false
  excludeLinksFromLockfile: false

importers:

  .:
    dependencies:
      '@deepseek-ai/dsh-plugin-console':
        specifier: github:Noob-stupid/dsh-plugin-hub
        version: '@noob-stupid/dsh-plugin-console@https://codeload.github.com/Noob-stupid/dsh-plugin-hub/tar.gz/a22488ef5f32b34d060c1840740dcaf331addf4d'
      '@noob-stupid/dsh-plugin-console':
        specifier: github:Noob-stupid/dsh-plugin-hub
        version: https://codeload.github.com/Noob-stupid/dsh-plugin-hub/tar.gz/a22488ef5f32b34d060c1840740dcaf331addf4d

packages:

  '@noob-stupid/dsh-plugin-console@https://codeload.github.com/Noob-stupid/dsh-plugin-hub/tar.gz/a22488ef5f32b34d060c1840740dcaf331addf4d':
    resolution: {gitHosted: true, tarball: https://codeload.github.com/Noob-stupid/dsh-plugin-hub/tar.gz/a22488ef5f32b34d060c1840740dcaf331addf4d}
    version: 0.3.19

snapshots:

  '@noob-stupid/dsh-plugin-console@https://codeload.github.com/Noob-stupid/dsh-plugin-hub/tar.gz/a22488ef5f32b34d060c1840740dcaf331addf4d': {}
