lockfileVersion: '9.0'

settings:
  autoInstallPeers: false
  excludeLinksFromLockfile: false

importers:

  .:
    dependencies:
      dsh-reasoning-effort:
        specifier: github:HanaAyane/dsh-reasoning-effort
        version: https://codeload.github.com/HanaAyane/dsh-reasoning-effort/tar.gz/a837e101a59648f0013ff463a407fe61953f1e0f
      dsh-share:
        specifier: github:hellodigua/dsh-share
        version: https://codeload.github.com/hellodigua/dsh-share/tar.gz/3f4cbcf2148d0d3cdd86c83b9f3bd48068b1c179

packages:

  dsh-reasoning-effort@https://codeload.github.com/HanaAyane/dsh-reasoning-effort/tar.gz/a837e101a59648f0013ff463a407fe61953f1e0f:
    resolution: {gitHosted: true, integrity: sha512-RAhDBmuxJBEm6NEQFH0CFKKMGkqK9cuujGjPSTEfMWQAPF3VaYnqjS06TTjCyYtcTuQ+H7MJ1AnE9FppkSiDVw==, tarball: https://codeload.github.com/HanaAyane/dsh-reasoning-effort/tar.gz/a837e101a59648f0013ff463a407fe61953f1e0f}
    version: 0.4.0
    engines: {node: '>=22.19'}
    peerDependencies:
      '@deepseek-ai/cordis': ^4.0.1
      '@deepseek-ai/dsh-api-remotes': ^0.1.0-rc.6
      '@deepseek-ai/dsh-client-connection': ^0.1.0-rc.6
      '@deepseek-ai/dsh-client-runtime': ^0.1.0-rc.6
      '@deepseek-ai/dsh-client-ui-conversation': ^0.1.0-rc.6
      '@deepseek-ai/dsh-client-ui-model-selection': ^0.1.0-rc.6
      '@deepseek-ai/dsh-client-ui-settings': ^0.1.0-rc.6
      '@deepseek-ai/dsh-client-ui-slots': ^0.1.0-rc.6
      react: ^18.2.0

  dsh-share@https://codeload.github.com/hellodigua/dsh-share/tar.gz/3f4cbcf2148d0d3cdd86c83b9f3bd48068b1c179:
    resolution: {gitHosted: true, integrity: sha512-ObPn6thYpX8Xx5MI1ywFWDp7XSn849Rb4PurT9CEtbtle1XyoaABNWP0fs3LHNfwwU/hyG5rNTxD8Ipy4dVpqg==, tarball: https://codeload.github.com/hellodigua/dsh-share/tar.gz/3f4cbcf2148d0d3cdd86c83b9f3bd48068b1c179}
    version: 0.3.0
    engines: {node: ^22.19.0 || >=24.0.0}
    peerDependencies:
      '@deepseek-ai/dsh-client-locale': ^0.1.0-rc.6
      '@deepseek-ai/dsh-client-runtime': ^0.1.0-rc.6
      '@deepseek-ai/dsh-client-ui-conversation': ^0.1.0-rc.6
      '@deepseek-ai/dsh-client-ui-primitives': ^0.1.0-rc.6
      react: ^18.2.0

snapshots:

  dsh-reasoning-effort@https://codeload.github.com/HanaAyane/dsh-reasoning-effort/tar.gz/a837e101a59648f0013ff463a407fe61953f1e0f: {}

  dsh-share@https://codeload.github.com/hellodigua/dsh-share/tar.gz/3f4cbcf2148d0d3cdd86c83b9f3bd48068b1c179: {}
