lockfileVersion: '9.0'

settings:
  autoInstallPeers: false
  excludeLinksFromLockfile: false

importers:

  .:
    dependencies:
      dsh-share:
        specifier: github:hellodigua/dsh-share
        version: https://codeload.github.com/hellodigua/dsh-share/tar.gz/9a582f840227580d40d401dc60ec0ec41d916927

packages:

  dsh-share@https://codeload.github.com/hellodigua/dsh-share/tar.gz/9a582f840227580d40d401dc60ec0ec41d916927:
    resolution: {gitHosted: true, integrity: sha512-83Izqsg13T0iTaBhp6iNWPlkGXLQrVF/PVbPOZyyo8b1TW7vQLTrcBYti+wacYwK11Lgpydimu/DGOkDT4Lr/Q==, tarball: https://codeload.github.com/hellodigua/dsh-share/tar.gz/9a582f840227580d40d401dc60ec0ec41d916927}
    version: 0.2.0
    engines: {node: ^22.19.0 || >=24.0.0}
    peerDependencies:
      '@deepseek-ai/dsh-client-runtime': ^0.1.0-rc.6
      '@deepseek-ai/dsh-client-ui-conversation': ^0.1.0-rc.6
      '@deepseek-ai/dsh-client-ui-primitives': ^0.1.0-rc.6
      react: ^18.2.0

snapshots:

  dsh-share@https://codeload.github.com/hellodigua/dsh-share/tar.gz/9a582f840227580d40d401dc60ec0ec41d916927: {}
