lockfileVersion: '9.0'

settings:
  autoInstallPeers: false
  excludeLinksFromLockfile: false

importers:

  .:
    dependencies:
      '@sanqi-normal/dsh-webui-market-plugin':
        specifier: github:Sanqi-normal/dsh-webui-market-plugin
        version: https://codeload.github.com/Sanqi-normal/dsh-webui-market-plugin/tar.gz/f0cfc501a9e66b3c77da37e346d311d092cb1e41
      '@shengsheng/dsh-taskboard':
        specifier: github:shengsheng90/DSH-taskboard
        version: https://codeload.github.com/shengsheng90/DSH-taskboard/tar.gz/3528286122bbb3081b3e5ed64669957f6249f2cf
      '@zseven-w/dsh-ios':
        specifier: github:ZSeven-W/dsh-ios
        version: https://codeload.github.com/ZSeven-W/dsh-ios/tar.gz/9e3b600ba556baf64bbe74ebf39fa1b2ce30545c
      dsh-memory-evolve:
        specifier: github:csyangwen/dsh-memory-evolve
        version: https://codeload.github.com/csyangwen/dsh-memory-evolve/tar.gz/1e6e7eb15ce515b0f2bd2142bdee9a36c46c8b91
      superpowers-dsh:
        specifier: github:LayneChai/superpowers-dsh
        version: https://codeload.github.com/LayneChai/superpowers-dsh/tar.gz/0b660254ab93b592e9810b493ccd63ecdf1a4663

packages:

  '@sanqi-normal/dsh-webui-market-plugin@https://codeload.github.com/Sanqi-normal/dsh-webui-market-plugin/tar.gz/f0cfc501a9e66b3c77da37e346d311d092cb1e41':
    resolution: {gitHosted: true, tarball: https://codeload.github.com/Sanqi-normal/dsh-webui-market-plugin/tar.gz/f0cfc501a9e66b3c77da37e346d311d092cb1e41}
    version: 0.5.5
    engines: {node: ^22.19.0 || >=24.0.0}
    peerDependencies:
      '@deepseek-ai/cordis': ^4.0.1-rc.1
      '@deepseek-ai/dsh-client-runtime': '>=0.0.1-rc.2 <0.2.0-0 || >=0.1.0-rc.2 <0.2.0-0'
      '@deepseek-ai/dsh-client-ui-slots': '>=0.0.1-rc.2 <0.2.0-0 || >=0.1.0-rc.2 <0.2.0-0'
      react: ^18.2.0

  '@shengsheng/dsh-taskboard@https://codeload.github.com/shengsheng90/DSH-taskboard/tar.gz/3528286122bbb3081b3e5ed64669957f6249f2cf':
    resolution: {gitHosted: true, integrity: sha512-xDFw1yJBBqURNvHqjjZqCzY9a99M/oKg1o88hC4SRG3KC8sJk1Pl6nf0zykUl9cj77sVNau0rpEK4iS32oNzvA==, tarball: https://codeload.github.com/shengsheng90/DSH-taskboard/tar.gz/3528286122bbb3081b3e5ed64669957f6249f2cf}
    version: 0.1.4
    engines: {node: ^22.19.0 || >=24.0.0}
    hasBin: true
    peerDependencies:
      '@deepseek-ai/cordis': ^4.0.2
      '@deepseek-ai/dsh-agent': 0.1.2-alpha.2
      '@deepseek-ai/dsh-agent-presets': 0.1.2-alpha.2
      '@deepseek-ai/dsh-api-remotes': 0.1.2-alpha.2
      '@deepseek-ai/dsh-api-session-controller': 0.1.2-alpha.2
      '@deepseek-ai/dsh-api-workspace-controller': 0.1.2-alpha.2
      '@deepseek-ai/dsh-client-connection': 0.1.2-alpha.2
      '@deepseek-ai/dsh-client-locale': 0.1.2-alpha.2
      '@deepseek-ai/dsh-client-ui-conversation': 0.1.2-alpha.2
      '@deepseek-ai/dsh-client-ui-layout': 0.1.2-alpha.2
      '@deepseek-ai/dsh-client-ui-sidebar': 0.1.2-alpha.2
      '@deepseek-ai/dsh-client-ui-slots': 0.1.2-alpha.2
      '@deepseek-ai/dsh-client-ui-workspace': 0.1.2-alpha.2
      '@deepseek-ai/dsh-goal': 0.1.2-alpha.2
      '@deepseek-ai/dsh-host-webserver': 0.1.2-alpha.2
      '@deepseek-ai/dsh-llm': 0.1.2-alpha.2
      '@deepseek-ai/dsh-session': 0.1.2-alpha.2
      '@deepseek-ai/dsh-tools': 0.1.2-alpha.2
      '@deepseek-ai/dsh-typert-protocol': 0.1.2-alpha.2
      '@deepseek-ai/dsh-workspace': 0.1.2-alpha.2
      '@deepseek-ai/schemastery': ^3.18.2
      react: ^18.2.0

  '@zseven-w/dsh-ios@https://codeload.github.com/ZSeven-W/dsh-ios/tar.gz/9e3b600ba556baf64bbe74ebf39fa1b2ce30545c':
    resolution: {gitHosted: true, integrity: sha512-wD69QZHNKiDPv4VJKvg5Qqgpwq1Jo965D84nofntkiVlnXdDaIUuGzZ5OTNhcfKCdx4VngZ8FQ2y0jHMJ9iQoA==, tarball: https://codeload.github.com/ZSeven-W/dsh-ios/tar.gz/9e3b600ba556baf64bbe74ebf39fa1b2ce30545c}
    version: 0.1.0-rc.5
    engines: {node: '>=24.11.0'}
    peerDependencies:
      '@deepseek-ai/cordis': ^4.0.1
      '@deepseek-ai/dsh-client-locale': ^0.1.0-rc.6
      '@deepseek-ai/dsh-client-runtime': ^0.1.0-rc.6
      '@deepseek-ai/dsh-client-ui-conversation': ^0.1.0-rc.6
      '@deepseek-ai/dsh-client-ui-slots': ^0.1.0-rc.6
      '@deepseek-ai/dsh-client-ui-theme': ^0.1.0-rc.6
      '@deepseek-ai/dsh-client-ui-tool': ^0.1.0-rc.6
      '@deepseek-ai/dsh-fs': ^0.1.0-rc.6
      '@deepseek-ai/dsh-host-webserver': ^0.1.0-rc.6
      '@deepseek-ai/dsh-sandbox-policy': ^0.1.0-rc.6
      '@deepseek-ai/dsh-session': ^0.1.0-rc.6
      '@deepseek-ai/dsh-tools': ^0.1.0-rc.6
      react: ^18.2.0
      react-dom: ^18.2.0

  dsh-memory-evolve@https://codeload.github.com/csyangwen/dsh-memory-evolve/tar.gz/1e6e7eb15ce515b0f2bd2142bdee9a36c46c8b91:
    resolution: {gitHosted: true, integrity: sha512-34GJ0xHQmTLGoRAYBJUsFoqKA15B3l4jQ5K+8T8GIWHpafj4hUFPFSqwGfhGypG7B81BcQg7CA4YqTvhwHiB+Q==, tarball: https://codeload.github.com/csyangwen/dsh-memory-evolve/tar.gz/1e6e7eb15ce515b0f2bd2142bdee9a36c46c8b91}
    version: 0.1.0

  inspect-webkit@0.0.5:
    resolution: {integrity: sha512-584wP/2nJO1LX74nqHP2j0tQzlK9ZTi+D0Z9qeLQjtUR/LCMXQHGX8M0vrsqBwTeGakF7q5GMFpg81nxUYlCvw==}
    hasBin: true
    peerDependencies:
      typescript: ^5

  serve-sim@0.1.46:
    resolution: {integrity: sha512-zdKNOv+6qbdCkhtUMEbzX0ymrb2EJK54dZvs+n3YOK15LEcpapGA9/NpSSYEphpI420kTgUWqKNmkxLoWWaVzg==}
    engines: {node: '>=20'}
    hasBin: true

  sonner@2.0.8:
    resolution: {integrity: sha512-UM/ByIoFra8yzV75n1o0Puu0bw5U/9UNnDacrJNspekBewIfsQ3D6ez1nvlWpt7aTsO6rujQtifBpycwIivqlg==}
    peerDependencies:
      '@types/react': ^18.0.0 || ^19.0.0
      react: ^18.0.0 || ^19.0.0 || ^19.0.0-rc
      react-dom: ^18.0.0 || ^19.0.0 || ^19.0.0-rc
    peerDependenciesMeta:
      '@types/react':
        optional: true

  superpowers-dsh@https://codeload.github.com/LayneChai/superpowers-dsh/tar.gz/0b660254ab93b592e9810b493ccd63ecdf1a4663:
    resolution: {gitHosted: true, integrity: sha512-SQ2vGwWDcSm+s+YB5E/cN6AYxRdsT2mg7XLx9e3onY8gHXIbGTejpZlFcX/SJRExYiSbXy95GzR22UQZHprEhw==, tarball: https://codeload.github.com/LayneChai/superpowers-dsh/tar.gz/0b660254ab93b592e9810b493ccd63ecdf1a4663}
    version: 0.1.0

  ws@8.21.3:
    resolution: {integrity: sha512-201TZ/kPWxoPr/OKWjquZR1SWKXcvxdH+e1xrx89b3YbmzLMFCLfnaG1HFIgWzJOEWZ7MvpK++odZufgYR50Rw==}
    engines: {node: '>=10.0.0'}
    peerDependencies:
      bufferutil: ^4.0.1
      utf-8-validate: '>=5.0.2'
    peerDependenciesMeta:
      bufferutil:
        optional: true
      utf-8-validate:
        optional: true

  zod@4.5.4:
    resolution: {integrity: sha512-sC95tT5iHHH9gtpj6A81kh+NEaRAUFN+qlUPDUbRfOMvNf5QCBqsb3WgvnpVtK5Y+4UfA6KqufotuTvMGiTlsA==}

snapshots:

  '@sanqi-normal/dsh-webui-market-plugin@https://codeload.github.com/Sanqi-normal/dsh-webui-market-plugin/tar.gz/f0cfc501a9e66b3c77da37e346d311d092cb1e41': {}

  '@shengsheng/dsh-taskboard@https://codeload.github.com/shengsheng90/DSH-taskboard/tar.gz/3528286122bbb3081b3e5ed64669957f6249f2cf':
    dependencies:
      zod: 4.5.4

  '@zseven-w/dsh-ios@https://codeload.github.com/ZSeven-W/dsh-ios/tar.gz/9e3b600ba556baf64bbe74ebf39fa1b2ce30545c':
    dependencies:
      serve-sim: 0.1.46
    transitivePeerDependencies:
      - '@types/react'
      - bufferutil
      - typescript
      - utf-8-validate

  dsh-memory-evolve@https://codeload.github.com/csyangwen/dsh-memory-evolve/tar.gz/1e6e7eb15ce515b0f2bd2142bdee9a36c46c8b91: {}

  inspect-webkit@0.0.5: {}

  serve-sim@0.1.46:
    dependencies:
      inspect-webkit: 0.0.5
      sonner: 2.0.8
      ws: 8.21.3
    transitivePeerDependencies:
      - '@types/react'
      - bufferutil
      - react
      - react-dom
      - typescript
      - utf-8-validate

  sonner@2.0.8: {}

  superpowers-dsh@https://codeload.github.com/LayneChai/superpowers-dsh/tar.gz/0b660254ab93b592e9810b493ccd63ecdf1a4663: {}

  ws@8.21.3: {}

  zod@4.5.4: {}
