lockfileVersion: '9.0'

settings:
  autoInstallPeers: false
  excludeLinksFromLockfile: false

importers:

  .:
    dependencies:
      '@deepseek-ai/dsh-plugin-check':
        specifier: github:omdsh-dev/dsh-plugin-check
        version: '@omdsh-dev/dsh-plugin-check@https://codeload.github.com/omdsh-dev/dsh-plugin-check/tar.gz/16fa22316f11d06476bc2f57fdc0a62843d0c5d5'
      '@omdsh-dev/dsh-plugin-check':
        specifier: github:omdsh-dev/dsh-plugin-check
        version: https://codeload.github.com/omdsh-dev/dsh-plugin-check/tar.gz/16fa22316f11d06476bc2f57fdc0a62843d0c5d5
      tabbit-browser:
        specifier: github:Tabbit-Browser/dsh-plugin
        version: dsh-tabbit@git+https://github.com/Tabbit-Browser/dsh-plugin.git#7b69a066973d4198d70d91368c7a5643ed7a57ce

packages:

  '@omdsh-dev/dsh-plugin-check@https://codeload.github.com/omdsh-dev/dsh-plugin-check/tar.gz/16fa22316f11d06476bc2f57fdc0a62843d0c5d5':
    resolution: {gitHosted: true, tarball: https://codeload.github.com/omdsh-dev/dsh-plugin-check/tar.gz/16fa22316f11d06476bc2f57fdc0a62843d0c5d5}
    version: 0.1.0
    engines: {node: ^22.19.0 || >=24.0.0}
    peerDependencies:
      '@deepseek-ai/cordis': ^4.0.1
      '@deepseek-ai/dsh-invariants': '>=0.0.1-rc.1 <0.2.0'
      '@deepseek-ai/dsh-tools': '>=0.0.1-rc.1 <0.2.0'

  dsh-tabbit@git+https://github.com/Tabbit-Browser/dsh-plugin.git#7b69a066973d4198d70d91368c7a5643ed7a57ce:
    resolution: {commit: 7b69a066973d4198d70d91368c7a5643ed7a57ce, repo: https://github.com/Tabbit-Browser/dsh-plugin.git, type: git}
    version: 0.2.2
    engines: {node: '>=20'}
    peerDependencies:
      '@deepseek-ai/cordis': '>=4.0.0'
      '@deepseek-ai/dsh-jobs': '>=0.1.0-rc.5'
      '@deepseek-ai/dsh-skill': '>=0.1.0-rc.5'
      '@deepseek-ai/dsh-tools': '>=0.1.0-rc.5'

snapshots:

  '@omdsh-dev/dsh-plugin-check@https://codeload.github.com/omdsh-dev/dsh-plugin-check/tar.gz/16fa22316f11d06476bc2f57fdc0a62843d0c5d5': {}

  dsh-tabbit@git+https://github.com/Tabbit-Browser/dsh-plugin.git#7b69a066973d4198d70d91368c7a5643ed7a57ce: {}
