lockfileVersion: '9.0'

settings:
  autoInstallPeers: false
  excludeLinksFromLockfile: false

importers:

  .:
    dependencies:
      '@dhicoc/dsh-reverse-skill':
        specifier: github:dhicoc/dsh-reverse-skill
        version: https://codeload.github.com/dhicoc/dsh-reverse-skill/tar.gz/1bc4d63ee9a5268419170f4c5fb4a4e59e0e815c
      dsh-recommend:
        specifier: github:zp-home/dsh-recommend
        version: https://codeload.github.com/zp-home/dsh-recommend/tar.gz/0bbfdbe3543f30b5e30b57ae6f9b5787c899da0b

packages:

  '@dhicoc/dsh-reverse-skill@https://codeload.github.com/dhicoc/dsh-reverse-skill/tar.gz/1bc4d63ee9a5268419170f4c5fb4a4e59e0e815c':
    resolution: {gitHosted: true, integrity: sha512-Hq3rNZpEQIpftcLUfaIYXNlwp5Yj927b5A0V25zWtnYrNGOHZPc5GTdNrToSPHwfhfanfjhCRzoHDpPgOdWMoQ==, tarball: https://codeload.github.com/dhicoc/dsh-reverse-skill/tar.gz/1bc4d63ee9a5268419170f4c5fb4a4e59e0e815c}
    version: 1.0.5
    peerDependencies:
      '@deepseek-ai/cordis': ^4.0.1
      '@deepseek-ai/dsh-skill': ^0.0.1-rc.1

  dsh-recommend@https://codeload.github.com/zp-home/dsh-recommend/tar.gz/0bbfdbe3543f30b5e30b57ae6f9b5787c899da0b:
    resolution: {gitHosted: true, integrity: sha512-RbHVBTXVV2m7CfsrH11TM11z4tlAuP3Qpr/QUcGRfLzpy5Ajn2FxdK7FGTpQJcmVsxcb8/hNvDMcp27hcikHHA==, tarball: https://codeload.github.com/zp-home/dsh-recommend/tar.gz/0bbfdbe3543f30b5e30b57ae6f9b5787c899da0b}
    version: 0.3.0
    engines: {node: '>=18.17'}
    peerDependencies:
      '@deepseek-ai/cordis': '*'
      '@deepseek-ai/dsh-client-locale': '*'
      '@deepseek-ai/dsh-client-runtime': '*'
      '@deepseek-ai/dsh-client-ui-settings': '*'
      '@deepseek-ai/dsh-client-ui-slots': '*'
      '@deepseek-ai/dsh-host-webserver': '*'
      '@deepseek-ai/dsh-tools': '*'
    peerDependenciesMeta:
      '@deepseek-ai/cordis':
        optional: true
      '@deepseek-ai/dsh-client-locale':
        optional: true
      '@deepseek-ai/dsh-client-runtime':
        optional: true
      '@deepseek-ai/dsh-client-ui-settings':
        optional: true
      '@deepseek-ai/dsh-client-ui-slots':
        optional: true
      '@deepseek-ai/dsh-host-webserver':
        optional: true
      '@deepseek-ai/dsh-tools':
        optional: true

snapshots:

  '@dhicoc/dsh-reverse-skill@https://codeload.github.com/dhicoc/dsh-reverse-skill/tar.gz/1bc4d63ee9a5268419170f4c5fb4a4e59e0e815c': {}

  dsh-recommend@https://codeload.github.com/zp-home/dsh-recommend/tar.gz/0bbfdbe3543f30b5e30b57ae6f9b5787c899da0b: {}
