lockfileVersion: '9.0'

settings:
  autoInstallPeers: false
  excludeLinksFromLockfile: false

importers:

  .:
    dependencies:
      '@omdsh-dev/dsh-annotation':
        specifier: github:omdsh-dev/dsh-annotation
        version: '@changfenhuang/dsh-annotation@https://codeload.github.com/omdsh-dev/dsh-annotation/tar.gz/bc4d7926d0e22e0db6c1f6a94539bcf93fe07ac9'
      dsh-at-file:
        specifier: github:FSMargoo/dsh-at-file
        version: https://codeload.github.com/FSMargoo/dsh-at-file/tar.gz/da602d1a8f1b417b8a1d8d4059e0f4cb1c353524(@deepseek-ai/cordis@4.0.1)
      dsh-harmony-next:
        specifier: github:linhay/harmony-next.skills
        version: https://codeload.github.com/linhay/harmony-next.skills/tar.gz/880420ccaede758845daa3e86154c4e02e6f2249
      forkprobe-dsh:
        specifier: github:Jayden-X-L/forkprobe
        version: https://codeload.github.com/Jayden-X-L/forkprobe/tar.gz/707d02b5a03c280237bb6d602bd8f1d09accf13e

packages:

  '@changfenhuang/dsh-annotation@https://codeload.github.com/omdsh-dev/dsh-annotation/tar.gz/bc4d7926d0e22e0db6c1f6a94539bcf93fe07ac9':
    resolution: {gitHosted: true, integrity: sha512-vA8Foo/kLDVx217tDuog0A6fFRgsh5l/8y/ZyiSaH7KpHLvbT7TurSNhcVBmPpr/6KWnpsBYm7ympW648Fvghw==, tarball: https://codeload.github.com/omdsh-dev/dsh-annotation/tar.gz/bc4d7926d0e22e0db6c1f6a94539bcf93fe07ac9}
    version: 1.4.2
    engines: {node: '>=20'}
    peerDependencies:
      cordis: ^4.0.0-rc.7 || ^4.0.1

  '@deepseek-ai/cordis@4.0.1':
    resolution: {integrity: sha512-YBdskTU2Po1kru3GgcUWUbkTsPMA9LkSQDAY8rBkFJeajdgcQad3QPJZE26JyK99Xb6HaASvoXg2DSUTeN/0Nw==}
    hasBin: true
    peerDependencies:
      '@deepseek-ai/cordis-plugin-include': ^1.0.6
      '@deepseek-ai/cordis-plugin-loader': ^1.0.2
    peerDependenciesMeta:
      '@deepseek-ai/cordis-plugin-include':
        optional: true
      '@deepseek-ai/cordis-plugin-loader':
        optional: true

  '@deepseek-ai/cosmokit@1.8.2':
    resolution: {integrity: sha512-muBOKtSrUKU5m/xpq8ZXWL6hQ/jgd4PhU2PqH97bcxIiLEJfNwZOGQEx4t/aS/GgxRAR+ra9pMHPMtTHU4sqqA==}

  '@deepseek-ai/dsh-tools@0.1.0-rc.6':
    resolution: {integrity: sha512-Tu08EPK3JyK0iNjH4FGzu/1uADynNSS6SmwOLdfytUN0YNqwNuKFSt2OJUg19famNlTgy992DcHfDu0T+gLXFg==}
    peerDependencies:
      '@deepseek-ai/cordis': ^4.0.1
      '@deepseek-ai/dsh-agent': ^0.1.0-rc.6
      '@deepseek-ai/dsh-code-runtime': ^0.1.0-rc.6
      '@deepseek-ai/dsh-invariants': ^0.1.0-rc.6
      '@deepseek-ai/dsh-llm': ^0.1.0-rc.6
      '@deepseek-ai/dsh-scope': ^0.1.0-rc.6
      '@deepseek-ai/dsh-session': ^0.1.0-rc.6
      '@deepseek-ai/dsh-system-prompt': ^0.1.0-rc.6
      '@deepseek-ai/dsh-user-approval': ^0.1.0-rc.6

  '@deepseek-ai/schemastery@3.18.1':
    resolution: {integrity: sha512-Qn0FCSwCQnpnj6SB31I6i2sIKgKWnkbJM8O0EU91Gv2UsYVvtZTl6IA0sCwk2e2MZf5S8w5hpq9QkeVvK9qwxg==}

  '@standard-schema/spec@1.1.0':
    resolution: {integrity: sha512-l2aFy5jALhniG5HgqrD6jXLi/rUWrKvqN/qJx6yoJsgKhblVd+iqqU4RCXavm/jPityDo5TCvKMnpjKnOriy0w==}

  dsh-at-file@https://codeload.github.com/FSMargoo/dsh-at-file/tar.gz/da602d1a8f1b417b8a1d8d4059e0f4cb1c353524:
    resolution: {gitHosted: true, integrity: sha512-aXpz1DsFOgd4cUEIeWyTubH9wORj8b/ruLaefeynSwO+M5sp4JOg/RrFj2qya9nKex3jFMdTWVGueZyhpfKDXA==, tarball: https://codeload.github.com/FSMargoo/dsh-at-file/tar.gz/da602d1a8f1b417b8a1d8d4059e0f4cb1c353524}
    version: 0.7.0
    peerDependencies:
      '@deepseek-ai/cordis': ^4.0.1-rc.1
      '@deepseek-ai/dsh-agent': '*'
      '@deepseek-ai/dsh-api-remotes': '*'
      '@deepseek-ai/dsh-client-connection': '*'
      '@deepseek-ai/dsh-client-locale': '*'
      '@deepseek-ai/dsh-client-runtime': '*'
      '@deepseek-ai/dsh-client-store': '*'
      '@deepseek-ai/dsh-client-ui-conversation': '*'
      '@deepseek-ai/dsh-client-ui-input-trigger': '*'
      '@deepseek-ai/dsh-client-ui-settings': '*'
      '@deepseek-ai/dsh-client-ui-slots': '*'
      '@deepseek-ai/dsh-llm': '*'
      '@deepseek-ai/dsh-settings': '*'
      '@deepseek-ai/dsh-typert-protocol': '*'
      '@deepseek-ai/dsh-typert-registry': '*'
      react: ^18.2.0
    peerDependenciesMeta:
      '@deepseek-ai/cordis':
        optional: true
      '@deepseek-ai/dsh-agent':
        optional: true
      '@deepseek-ai/dsh-api-remotes':
        optional: true
      '@deepseek-ai/dsh-client-connection':
        optional: true
      '@deepseek-ai/dsh-client-locale':
        optional: true
      '@deepseek-ai/dsh-client-runtime':
        optional: true
      '@deepseek-ai/dsh-client-store':
        optional: true
      '@deepseek-ai/dsh-client-ui-conversation':
        optional: true
      '@deepseek-ai/dsh-client-ui-input-trigger':
        optional: true
      '@deepseek-ai/dsh-client-ui-settings':
        optional: true
      '@deepseek-ai/dsh-client-ui-slots':
        optional: true
      '@deepseek-ai/dsh-llm':
        optional: true
      '@deepseek-ai/dsh-settings':
        optional: true
      '@deepseek-ai/dsh-typert-protocol':
        optional: true
      '@deepseek-ai/dsh-typert-registry':
        optional: true
      react:
        optional: true

  dsh-harmony-next@https://codeload.github.com/linhay/harmony-next.skills/tar.gz/880420ccaede758845daa3e86154c4e02e6f2249:
    resolution: {gitHosted: true, integrity: sha512-E1LkQtH6JO3XE6fg1v2d0R/FWVtJrc0z+3NhvARbg5XE2glXjCFGq4q7YhV6r39iUTv8gYw+sj3yCxnohmE+pw==, tarball: https://codeload.github.com/linhay/harmony-next.skills/tar.gz/880420ccaede758845daa3e86154c4e02e6f2249}
    version: 1.3.35

  forkprobe-dsh@https://codeload.github.com/Jayden-X-L/forkprobe/tar.gz/707d02b5a03c280237bb6d602bd8f1d09accf13e:
    resolution: {gitHosted: true, tarball: https://codeload.github.com/Jayden-X-L/forkprobe/tar.gz/707d02b5a03c280237bb6d602bd8f1d09accf13e}
    version: 1.1.0
    engines: {node: '>=22.19'}
    peerDependencies:
      '@deepseek-ai/dsh-agent': '>=0.1.0-rc.6'
      '@deepseek-ai/dsh-llm': '>=0.1.0-rc.6'
      '@deepseek-ai/dsh-subagent': '>=0.1.0-rc.6'

  zod@4.5.4:
    resolution: {integrity: sha512-sC95tT5iHHH9gtpj6A81kh+NEaRAUFN+qlUPDUbRfOMvNf5QCBqsb3WgvnpVtK5Y+4UfA6KqufotuTvMGiTlsA==}

snapshots:

  '@changfenhuang/dsh-annotation@https://codeload.github.com/omdsh-dev/dsh-annotation/tar.gz/bc4d7926d0e22e0db6c1f6a94539bcf93fe07ac9': {}

  '@deepseek-ai/cordis@4.0.1':
    dependencies:
      '@deepseek-ai/cosmokit': 1.8.2
      '@standard-schema/spec': 1.1.0

  '@deepseek-ai/cosmokit@1.8.2': {}

  '@deepseek-ai/dsh-tools@0.1.0-rc.6(@deepseek-ai/cordis@4.0.1)':
    dependencies:
      '@deepseek-ai/cordis': 4.0.1
      '@deepseek-ai/schemastery': 3.18.1

  '@deepseek-ai/schemastery@3.18.1':
    dependencies:
      '@deepseek-ai/cosmokit': 1.8.2
      '@standard-schema/spec': 1.1.0

  '@standard-schema/spec@1.1.0': {}

  dsh-at-file@https://codeload.github.com/FSMargoo/dsh-at-file/tar.gz/da602d1a8f1b417b8a1d8d4059e0f4cb1c353524(@deepseek-ai/cordis@4.0.1):
    dependencies:
      zod: 4.5.4
    optionalDependencies:
      '@deepseek-ai/cordis': 4.0.1

  dsh-harmony-next@https://codeload.github.com/linhay/harmony-next.skills/tar.gz/880420ccaede758845daa3e86154c4e02e6f2249: {}

  forkprobe-dsh@https://codeload.github.com/Jayden-X-L/forkprobe/tar.gz/707d02b5a03c280237bb6d602bd8f1d09accf13e:
    dependencies:
      '@deepseek-ai/cordis': 4.0.1
      '@deepseek-ai/dsh-tools': 0.1.0-rc.6(@deepseek-ai/cordis@4.0.1)
      '@deepseek-ai/schemastery': 3.18.1
    transitivePeerDependencies:
      - '@deepseek-ai/cordis-plugin-include'
      - '@deepseek-ai/cordis-plugin-loader'
      - '@deepseek-ai/dsh-code-runtime'
      - '@deepseek-ai/dsh-invariants'
      - '@deepseek-ai/dsh-scope'
      - '@deepseek-ai/dsh-session'
      - '@deepseek-ai/dsh-system-prompt'
      - '@deepseek-ai/dsh-user-approval'

  zod@4.5.4: {}
