lockfileVersion: '9.0'

settings:
  autoInstallPeers: false
  excludeLinksFromLockfile: false

importers:

  .:
    dependencies:
      '@omdsh-dev/dsh-annotation':
        specifier: github:omdsh-dev/dsh-annotation
        version: https://codeload.github.com/omdsh-dev/dsh-annotation/tar.gz/687f13dcf154e8b473b4e3d8652a08fc72c1c806

packages:

  '@omdsh-dev/dsh-annotation@https://codeload.github.com/omdsh-dev/dsh-annotation/tar.gz/687f13dcf154e8b473b4e3d8652a08fc72c1c806':
    resolution: {gitHosted: true, integrity: sha512-GMTAIBR5QTmgA9G2i1G8ElIhYL6jhf7+DFSVQ0P+PRM1Gc/VkOwkIKhchG/OL1N4BZZM2Y+D5ZSNUqqVZa+XTA==, tarball: https://codeload.github.com/omdsh-dev/dsh-annotation/tar.gz/687f13dcf154e8b473b4e3d8652a08fc72c1c806}
    version: 1.3.14
    engines: {node: '>=20'}

snapshots:

  '@omdsh-dev/dsh-annotation@https://codeload.github.com/omdsh-dev/dsh-annotation/tar.gz/687f13dcf154e8b473b4e3d8652a08fc72c1c806': {}
