lockfileVersion: '9.0'

settings:
  autoInstallPeers: false
  excludeLinksFromLockfile: false

importers:

  .:
    dependencies:
      '@dsh-external/workflow':
        specifier: github:omdsh-dev/dsh_workflow
        version: https://codeload.github.com/omdsh-dev/dsh_workflow/tar.gz/44b83c182aa02d1be8a0803e8446cb495f93cd8f(@deepseek-ai/schemastery@3.18.1)
      '@yejiming/dsh-gomoku':
        specifier: github:omdsh-dev/dsh-gomoku
        version: https://codeload.github.com/omdsh-dev/dsh-gomoku/tar.gz/5b27af9808f5bd8f2d753dfdf6157d86a54a4947
      argo-search:
        specifier: github:taxueseek/argo
        version: https://codeload.github.com/taxueseek/argo/tar.gz/7e25a816e4a865a12d9b307a51aa5897eca7c146
      dsh-chat-import:
        specifier: github:Nwflower/dsh-chat-import
        version: https://codeload.github.com/Nwflower/dsh-chat-import/tar.gz/f457adb3fc0510761e2c08fb3c99f77ec7c61cc6(@deepseek-ai/schemastery@3.18.1)
      dsh-reasoning-effort:
        specifier: github:HanaAyane/dsh-reasoning-effort
        version: https://codeload.github.com/HanaAyane/dsh-reasoning-effort/tar.gz/83bc8c548749d7156a03d11d875d8117e9b5d994

packages:

  '@deepseek-ai/cosmokit@1.8.2':
    resolution: {integrity: sha512-muBOKtSrUKU5m/xpq8ZXWL6hQ/jgd4PhU2PqH97bcxIiLEJfNwZOGQEx4t/aS/GgxRAR+ra9pMHPMtTHU4sqqA==}

  '@deepseek-ai/schemastery@3.18.1':
    resolution: {integrity: sha512-Qn0FCSwCQnpnj6SB31I6i2sIKgKWnkbJM8O0EU91Gv2UsYVvtZTl6IA0sCwk2e2MZf5S8w5hpq9QkeVvK9qwxg==}

  '@dsh-external/workflow@https://codeload.github.com/omdsh-dev/dsh_workflow/tar.gz/44b83c182aa02d1be8a0803e8446cb495f93cd8f':
    resolution: {gitHosted: true, integrity: sha512-SvSTrCT/R1o8MDOemrO66M1qqUOL6fOiHaUFKx+HzwFZDEdir54jKHKLn7x7dECQ9tDC2UmbM0s04sbCdbn6PA==, tarball: https://codeload.github.com/omdsh-dev/dsh_workflow/tar.gz/44b83c182aa02d1be8a0803e8446cb495f93cd8f}
    version: 0.1.2
    engines: {node: ^22.19.0 || >=24.0.0}
    peerDependencies:
      '@deepseek-ai/cordis': ^4.0.1-rc.1
      '@deepseek-ai/dsh-agent': ^0.0.1-rc.2
      '@deepseek-ai/dsh-commands': ^0.0.1-rc.2
      '@deepseek-ai/dsh-jobs': ^0.0.1-rc.2
      '@deepseek-ai/dsh-llm': ^0.0.1-rc.2
      '@deepseek-ai/dsh-session': ^0.0.1-rc.2
      '@deepseek-ai/dsh-subagent': ^0.0.1-rc.2
      '@deepseek-ai/dsh-system-prompt': ^0.0.1-rc.2
      '@deepseek-ai/dsh-tools': ^0.0.1-rc.2
      '@deepseek-ai/dsh-user-approval': ^0.0.1-rc.2
      '@deepseek-ai/dsh-user-questions': ^0.0.1-rc.2
      '@deepseek-ai/dsh-workflow': ^0.0.1-rc.2
      '@deepseek-ai/schemastery': ^3.18.1-rc.1

  '@jitl/quickjs-ffi-types@0.32.0':
    resolution: {integrity: sha512-v9T+GQpmk43VDJ7d72sf0Nexhk+ArvtUihW27dy7lqAl0zBObFKtSBBIm5RBjwIhE8VwsPPm9PNuvPvNqLWUEg==}

  '@jitl/quickjs-wasmfile-debug-asyncify@0.32.0':
    resolution: {integrity: sha512-EX8zbXwGqCgAE764M+qvkHtyXDi/FUoMBea0JnES7vCM3P7a2+EOZOjGv85wtZ2sJhI1oJ+nekmqpOODFDY+hw==}

  '@jitl/quickjs-wasmfile-debug-sync@0.32.0':
    resolution: {integrity: sha512-LeYWrPGC1uNCTBWvibo3ZLJj0CSVNYUXvJpXMCmuQ5Sap2cCACc3uvGvYV4homHHBAzfw5akoTqMMS4YFRtw+Q==}

  '@jitl/quickjs-wasmfile-release-asyncify@0.32.0':
    resolution: {integrity: sha512-3oSwPfja12ICz4aIblB58cuY8JlEq5Txt8Cut4VLo+LH47QN+mzCnSgnbB03hWzg1LBcc+VyyI9UOag7a1NF+Q==}

  '@jitl/quickjs-wasmfile-release-sync@0.32.0':
    resolution: {integrity: sha512-BKNDI/TPBfGlLNGYpLrhcDGXmIk4xHm4MRAisOBnOzpXVn9HZWsfmMAc9WMBrAHjvvds6HOikKeaOBKdPdpVrg==}

  '@standard-schema/spec@1.1.0':
    resolution: {integrity: sha512-l2aFy5jALhniG5HgqrD6jXLi/rUWrKvqN/qJx6yoJsgKhblVd+iqqU4RCXavm/jPityDo5TCvKMnpjKnOriy0w==}

  '@yejiming/dsh-gomoku@https://codeload.github.com/omdsh-dev/dsh-gomoku/tar.gz/5b27af9808f5bd8f2d753dfdf6157d86a54a4947':
    resolution: {gitHosted: true, integrity: sha512-pNssGWDyyOJh7JUn1CMOA24TPgZfrI/11PpbFRTSNop7OibywexNwnkUWLKuiCrWadufknP5Cgp+/ws1BZy5wQ==, tarball: https://codeload.github.com/omdsh-dev/dsh-gomoku/tar.gz/5b27af9808f5bd8f2d753dfdf6157d86a54a4947}
    version: 0.0.1
    peerDependencies:
      '@deepseek-ai/cordis': ^4.0.1
      '@deepseek-ai/dsh-client-locale': ^0.1.0-rc.6
      '@deepseek-ai/dsh-client-runtime': ^0.1.0-rc.6
      '@deepseek-ai/dsh-client-ui-conversation': ^0.1.0-rc.6
      '@deepseek-ai/dsh-client-ui-primitives': ^0.1.0-rc.6
      '@deepseek-ai/dsh-client-ui-slots': ^0.1.0-rc.6
      '@deepseek-ai/dsh-host-webserver': ^0.1.0-rc.6
      '@deepseek-ai/dsh-invariants': ^0.1.0-rc.6
      '@deepseek-ai/dsh-llm': ^0.1.0-rc.6
      cordis: ^4.0.0-rc.7
      react: ^18.2.0

  argo-search@https://codeload.github.com/taxueseek/argo/tar.gz/7e25a816e4a865a12d9b307a51aa5897eca7c146:
    resolution: {gitHosted: true, integrity: sha512-FIDMg6H6slarKzFLNzaxIX5eASEVCZ1MmncmjjAb4OUXyrjmVyyDnfVcy3MmviD9QU3Vs7NQVbiwnaalpAIPrw==, tarball: https://codeload.github.com/taxueseek/argo/tar.gz/7e25a816e4a865a12d9b307a51aa5897eca7c146}
    version: 2.8.4
    engines: {node: '>=18'}
    hasBin: true

  cosmokit@1.8.1:
    resolution: {integrity: sha512-PDBv4l90xZKrUsZ0vtoycgZpO/j4iFsqJXrAxsyBDsnQRI7ZMJXIjgDJsKNjd5L8jnVnnlrDCdhkFbTncgCVjQ==}

  dsh-chat-import@https://codeload.github.com/Nwflower/dsh-chat-import/tar.gz/f457adb3fc0510761e2c08fb3c99f77ec7c61cc6:
    resolution: {gitHosted: true, integrity: sha512-MNOvnnAOExEQJnoOzX91fHMQrSdOQc6ikOAEqsMhRI+eNpTqUF0mSbE5EmgEqkLLy2ULkR6ZGK+xNR/WmDuaUA==, tarball: https://codeload.github.com/Nwflower/dsh-chat-import/tar.gz/f457adb3fc0510761e2c08fb3c99f77ec7c61cc6}
    version: 0.8.2
    engines: {node: '>=22.13'}
    hasBin: true
    peerDependencies:
      '@deepseek-ai/cordis': ^4.0.1
      '@deepseek-ai/dsh-client-locale': '>=0.1.0-rc.6'
      '@deepseek-ai/dsh-tools': ^0.1.0-rc.6
      '@deepseek-ai/schemastery': '>=3.0.0'
      react: '>=18.0.0'

  dsh-reasoning-effort@https://codeload.github.com/HanaAyane/dsh-reasoning-effort/tar.gz/83bc8c548749d7156a03d11d875d8117e9b5d994:
    resolution: {gitHosted: true, integrity: sha512-gj3ZW3p/RO9Tpg3gazWJetcwQtaJtsPWYeS+mMxBUSONHj1D7SbINaeOErJiUfZaV9IWmS7zbigDWBLFYSS/4g==, tarball: https://codeload.github.com/HanaAyane/dsh-reasoning-effort/tar.gz/83bc8c548749d7156a03d11d875d8117e9b5d994}
    version: 0.6.2
    engines: {node: '>=22.19'}
    peerDependencies:
      '@deepseek-ai/cordis': ^4.0.1
      '@deepseek-ai/dsh-api-remotes': ^0.1.0-rc.6
      '@deepseek-ai/dsh-client-connection': ^0.1.0-rc.6
      '@deepseek-ai/dsh-client-runtime': ^0.1.0-rc.6
      '@deepseek-ai/dsh-client-ui-conversation': ^0.1.0-rc.6
      '@deepseek-ai/dsh-client-ui-model-selection': ^0.1.0-rc.6
      '@deepseek-ai/dsh-client-ui-settings': ^0.1.0-rc.6
      '@deepseek-ai/dsh-client-ui-slots': ^0.1.0-rc.6
      react: ^18.2.0

  fzstd@0.1.1:
    resolution: {integrity: sha512-dkuVSOKKwh3eas5VkJy1AW1vFpet8TA/fGmVA5krThl8YcOVE/8ZIoEA1+U1vEn5ckxxhLirSdY837azmbaNHA==}

  quickjs-emscripten-core@0.32.0:
    resolution: {integrity: sha512-QFnPfjFey8EqknSrSxe1hZrf1/8z7/6s1QzGOmKo6++02r7QRRX7ZoyNaZh7JuVjWsVW87KnQrbZqnHkOAzUyg==}

  quickjs-emscripten@0.32.0:
    resolution: {integrity: sha512-So0Sqw869y/S2oE3Nuc0uT3Dhqgvsj8FSrwBdsuTosVsG8ME5/OcudU1GxsrIFdFABgy17GHnTVO9TYV/bLQcA==}
    engines: {node: '>=16.0.0'}

  schemastery@3.18.0:
    resolution: {integrity: sha512-Jw2uxjoyyqc/yeurmChUEc/jbi8GsrdXV/KmqRUDZXJAXAmrJiPsz8vKa17l/VckyzljHZ9oGaul443CQiXxtA==}

snapshots:

  '@deepseek-ai/cosmokit@1.8.2': {}

  '@deepseek-ai/schemastery@3.18.1':
    dependencies:
      '@deepseek-ai/cosmokit': 1.8.2
      '@standard-schema/spec': 1.1.0

  '@dsh-external/workflow@https://codeload.github.com/omdsh-dev/dsh_workflow/tar.gz/44b83c182aa02d1be8a0803e8446cb495f93cd8f(@deepseek-ai/schemastery@3.18.1)':
    dependencies:
      '@deepseek-ai/schemastery': 3.18.1
      quickjs-emscripten: 0.32.0

  '@jitl/quickjs-ffi-types@0.32.0': {}

  '@jitl/quickjs-wasmfile-debug-asyncify@0.32.0':
    dependencies:
      '@jitl/quickjs-ffi-types': 0.32.0

  '@jitl/quickjs-wasmfile-debug-sync@0.32.0':
    dependencies:
      '@jitl/quickjs-ffi-types': 0.32.0

  '@jitl/quickjs-wasmfile-release-asyncify@0.32.0':
    dependencies:
      '@jitl/quickjs-ffi-types': 0.32.0

  '@jitl/quickjs-wasmfile-release-sync@0.32.0':
    dependencies:
      '@jitl/quickjs-ffi-types': 0.32.0

  '@standard-schema/spec@1.1.0': {}

  '@yejiming/dsh-gomoku@https://codeload.github.com/omdsh-dev/dsh-gomoku/tar.gz/5b27af9808f5bd8f2d753dfdf6157d86a54a4947':
    dependencies:
      schemastery: 3.18.0

  argo-search@https://codeload.github.com/taxueseek/argo/tar.gz/7e25a816e4a865a12d9b307a51aa5897eca7c146: {}

  cosmokit@1.8.1: {}

  dsh-chat-import@https://codeload.github.com/Nwflower/dsh-chat-import/tar.gz/f457adb3fc0510761e2c08fb3c99f77ec7c61cc6(@deepseek-ai/schemastery@3.18.1):
    dependencies:
      '@deepseek-ai/schemastery': 3.18.1
      fzstd: 0.1.1

  dsh-reasoning-effort@https://codeload.github.com/HanaAyane/dsh-reasoning-effort/tar.gz/83bc8c548749d7156a03d11d875d8117e9b5d994:
    dependencies:
      '@deepseek-ai/schemastery': 3.18.1

  fzstd@0.1.1: {}

  quickjs-emscripten-core@0.32.0:
    dependencies:
      '@jitl/quickjs-ffi-types': 0.32.0

  quickjs-emscripten@0.32.0:
    dependencies:
      '@jitl/quickjs-wasmfile-debug-asyncify': 0.32.0
      '@jitl/quickjs-wasmfile-debug-sync': 0.32.0
      '@jitl/quickjs-wasmfile-release-asyncify': 0.32.0
      '@jitl/quickjs-wasmfile-release-sync': 0.32.0
      quickjs-emscripten-core: 0.32.0

  schemastery@3.18.0:
    dependencies:
      '@standard-schema/spec': 1.1.0
      cosmokit: 1.8.1
