lockfileVersion: '9.0'

settings:
  autoInstallPeers: false
  excludeLinksFromLockfile: false

importers:

  .:
    dependencies:
      dsh-message-edit:
        specifier: github:Moeblack/dsh-message-edit
        version: https://codeload.github.com/Moeblack/dsh-message-edit/tar.gz/b78a167064ca612f1c400060d2bfc1dc9bc46436
      dsh-popout-sidebar:
        specifier: github:e2mcc/dsh-popout-sidebar
        version: https://codeload.github.com/e2mcc/dsh-popout-sidebar/tar.gz/e9a8458cb65c0a863ba5c86bf4ad272b1e0e3162
      zat-dsh-engine:
        specifier: github:mishibeikejie/zat-dsh-engine
        version: https://codeload.github.com/mishibeikejie/zat-dsh-engine/tar.gz/b3b7ce6969fc806df1edb4170073ddd50c6927c0

packages:

  argparse@2.0.1:
    resolution: {integrity: sha512-8+9WqebbFzpX9OR+Wa6O29asIogeRMzcGtAINdpMHHyAg10f05aSFVBbcEqGf/PXw1EjAZ+q2/bEBg3DvurK3Q==}

  dsh-message-edit@https://codeload.github.com/Moeblack/dsh-message-edit/tar.gz/b78a167064ca612f1c400060d2bfc1dc9bc46436:
    resolution: {gitHosted: true, integrity: sha512-YtottVkN3dtZMf3JJeq9rQJ2V8m/liaNKlK3D53/mdehUET95avPm0hwdFtS7raN7wpD9jrkHIeMs34fh/ytSg==, tarball: https://codeload.github.com/Moeblack/dsh-message-edit/tar.gz/b78a167064ca612f1c400060d2bfc1dc9bc46436}
    version: 0.2.3

  dsh-popout-sidebar@https://codeload.github.com/e2mcc/dsh-popout-sidebar/tar.gz/e9a8458cb65c0a863ba5c86bf4ad272b1e0e3162:
    resolution: {gitHosted: true, integrity: sha512-PCPmu+5404fhKEjozKvKGHhDj3PPkL1eYfjQXWCKlMpVO1xQ53v+Q2rZKsujdPozlgMbEDGlV/ATdM5qnPClFQ==, tarball: https://codeload.github.com/e2mcc/dsh-popout-sidebar/tar.gz/e9a8458cb65c0a863ba5c86bf4ad272b1e0e3162}
    version: 1.0.1
    engines: {node: '>=20'}

  js-yaml@4.3.1:
    resolution: {integrity: sha512-CY6crGq313MX8GkwvB7tzgp99vjQxY1++5y10/BKN/GUfHqWaOGQMNZkBvqSzsZKWk/ijwHlWzzkLulsGHhjWQ==}
    hasBin: true

  zat-dsh-engine@https://codeload.github.com/mishibeikejie/zat-dsh-engine/tar.gz/b3b7ce6969fc806df1edb4170073ddd50c6927c0:
    resolution: {gitHosted: true, integrity: sha512-sgFFP+UzenEYwOQ7VCENNqiLYfaCp+M15oZINcFQK2Q4lg9/LSb4lEXrlHgTqQpYrmUQsChfoX9Q4q8M70ctKw==, tarball: https://codeload.github.com/mishibeikejie/zat-dsh-engine/tar.gz/b3b7ce6969fc806df1edb4170073ddd50c6927c0}
    version: 0.7.0
    peerDependencies:
      '@deepseek-ai/cordis': ^4.0.1
      '@deepseek-ai/dsh-fs': '*'
      '@deepseek-ai/dsh-llm': '*'
      '@deepseek-ai/dsh-subprocess': '*'
      '@deepseek-ai/dsh-tools': '*'
      '@deepseek-ai/dsh-typert-protocol': '*'
      react: ^18.2.0

  zod@4.4.3:
    resolution: {integrity: sha512-ytENFjIJFl2UwYglde2jchW2Hwm4GJFLDiSXWdTrJQBIN9Fcyp7n4DhxJEiWNAJMV1/BqWfW/kkg71UDcHJyTQ==}

snapshots:

  argparse@2.0.1: {}

  dsh-message-edit@https://codeload.github.com/Moeblack/dsh-message-edit/tar.gz/b78a167064ca612f1c400060d2bfc1dc9bc46436: {}

  dsh-popout-sidebar@https://codeload.github.com/e2mcc/dsh-popout-sidebar/tar.gz/e9a8458cb65c0a863ba5c86bf4ad272b1e0e3162: {}

  js-yaml@4.3.1:
    dependencies:
      argparse: 2.0.1

  zat-dsh-engine@https://codeload.github.com/mishibeikejie/zat-dsh-engine/tar.gz/b3b7ce6969fc806df1edb4170073ddd50c6927c0:
    dependencies:
      js-yaml: 4.3.1
      zod: 4.4.3

  zod@4.4.3: {}
