lockfileVersion: '9.0'

settings:
  autoInstallPeers: false
  excludeLinksFromLockfile: false

importers:

  .:
    dependencies:
      '@ychris12138/dsh-usage-stats':
        specifier: github:Ychris12138/dsh-usage-stats
        version: https://codeload.github.com/Ychris12138/dsh-usage-stats/tar.gz/1623c3998f75c53e2125559f712124779ce5cb5d
      dsh-usage-stats:
        specifier: github:Ychris12138/dsh-usage-stats
        version: '@ychris12138/dsh-usage-stats@https://codeload.github.com/Ychris12138/dsh-usage-stats/tar.gz/1623c3998f75c53e2125559f712124779ce5cb5d'

packages:

  '@ychris12138/dsh-usage-stats@https://codeload.github.com/Ychris12138/dsh-usage-stats/tar.gz/1623c3998f75c53e2125559f712124779ce5cb5d':
    resolution: {gitHosted: true, tarball: https://codeload.github.com/Ychris12138/dsh-usage-stats/tar.gz/1623c3998f75c53e2125559f712124779ce5cb5d}
    version: 0.2.9
    hasBin: true

snapshots:

  '@ychris12138/dsh-usage-stats@https://codeload.github.com/Ychris12138/dsh-usage-stats/tar.gz/1623c3998f75c53e2125559f712124779ce5cb5d': {}
