lockfileVersion: '9.0'

settings:
  autoInstallPeers: false
  excludeLinksFromLockfile: false

importers:

  .:
    dependencies:
      '@ychris12138/dsh-usage-stats':
        specifier: github:Ychris12138/dsh-usage-stats
        version: https://codeload.github.com/Ychris12138/dsh-usage-stats/tar.gz/f7191519d96480df8b92a462131040f9f5390861
      dsh-usage-stats:
        specifier: github:Ychris12138/dsh-usage-stats
        version: '@ychris12138/dsh-usage-stats@https://codeload.github.com/Ychris12138/dsh-usage-stats/tar.gz/f7191519d96480df8b92a462131040f9f5390861'

packages:

  '@ychris12138/dsh-usage-stats@https://codeload.github.com/Ychris12138/dsh-usage-stats/tar.gz/f7191519d96480df8b92a462131040f9f5390861':
    resolution: {gitHosted: true, tarball: https://codeload.github.com/Ychris12138/dsh-usage-stats/tar.gz/f7191519d96480df8b92a462131040f9f5390861}
    version: 0.2.10
    hasBin: true

snapshots:

  '@ychris12138/dsh-usage-stats@https://codeload.github.com/Ychris12138/dsh-usage-stats/tar.gz/f7191519d96480df8b92a462131040f9f5390861': {}
