lockfileVersion: '9.0'

settings:
  autoInstallPeers: false
  excludeLinksFromLockfile: false

importers:

  .:
    dependencies:
      '@dsh-external/dsh-visualize':
        specifier: github:Nagi-ovo/dsh-visualize
        version: https://codeload.github.com/Nagi-ovo/dsh-visualize/tar.gz/9667c0e9cf0ea463b9b45b2845de62da34fd918a(@deepseek-ai/schemastery@3.18.1)
      '@oil-oil/dsh-vision':
        specifier: github:oil-oil/dsh-vision
        version: https://codeload.github.com/oil-oil/dsh-vision/tar.gz/9446a41dc96bd9fc96a7cc3b3a11365e125c9bd7
      '@shengsheng/dsh-taskboard':
        specifier: github:shengsheng90/DSH-taskboard
        version: https://codeload.github.com/shengsheng90/DSH-taskboard/tar.gz/dd5455bdeec3a86eaf84482ef2dd42d86c7b88aa(@deepseek-ai/schemastery@3.18.1)
      dsh-custom-tool:
        specifier: github:omdsh-dev/dsh-custom-tool
        version: https://codeload.github.com/omdsh-dev/dsh-custom-tool/tar.gz/7cb95649dca9b380c9a30af96bdbef87a76a2259

packages:

  '@deepseek-ai/cosmokit@1.8.2':
    resolution: {integrity: sha512-muBOKtSrUKU5m/xpq8ZXWL6hQ/jgd4PhU2PqH97bcxIiLEJfNwZOGQEx4t/aS/GgxRAR+ra9pMHPMtTHU4sqqA==}

  '@deepseek-ai/schemastery@3.18.1':
    resolution: {integrity: sha512-Qn0FCSwCQnpnj6SB31I6i2sIKgKWnkbJM8O0EU91Gv2UsYVvtZTl6IA0sCwk2e2MZf5S8w5hpq9QkeVvK9qwxg==}

  '@dsh-external/dsh-visualize@https://codeload.github.com/Nagi-ovo/dsh-visualize/tar.gz/9667c0e9cf0ea463b9b45b2845de62da34fd918a':
    resolution: {gitHosted: true, integrity: sha512-6kvERA4Cg69KV+E8fnMqh2JiN2vqcNpxkUPhamMqR0dEMCGKOrRocwCA9xVI+Wl24w1ZxfHXkzwH0Fz1iGfaMA==, tarball: https://codeload.github.com/Nagi-ovo/dsh-visualize/tar.gz/9667c0e9cf0ea463b9b45b2845de62da34fd918a}
    version: 0.1.2
    peerDependencies:
      '@deepseek-ai/cordis': ^4.0.1
      '@deepseek-ai/dsh-fs': ^0.1.0-rc.6
      '@deepseek-ai/dsh-llm': ^0.1.0-rc.6
      '@deepseek-ai/dsh-sandbox-policy': ^0.1.0-rc.6
      '@deepseek-ai/dsh-session': ^0.1.0-rc.6
      '@deepseek-ai/dsh-skill': ^0.1.0-rc.6
      '@deepseek-ai/dsh-tools': ^0.1.0-rc.6
      '@deepseek-ai/schemastery': ^3.18.1
      react: ^18.2.0

  '@oil-oil/dsh-vision@https://codeload.github.com/oil-oil/dsh-vision/tar.gz/9446a41dc96bd9fc96a7cc3b3a11365e125c9bd7':
    resolution: {gitHosted: true, tarball: https://codeload.github.com/oil-oil/dsh-vision/tar.gz/9446a41dc96bd9fc96a7cc3b3a11365e125c9bd7}
    version: 0.1.2
    engines: {node: '>=22.19'}
    peerDependencies:
      '@deepseek-ai/cordis': 4.0.1
      '@deepseek-ai/dsh-anonymous-user-id': 0.1.0-rc.6 || 0.1.0-rc.7
      '@deepseek-ai/dsh-api-remotes': 0.1.0-rc.6 || 0.1.0-rc.7
      '@deepseek-ai/dsh-attachment': 0.1.0-rc.6 || 0.1.0-rc.7
      '@deepseek-ai/dsh-client-connection': 0.1.0-rc.6 || 0.1.0-rc.7
      '@deepseek-ai/dsh-client-locale': 0.1.0-rc.6 || 0.1.0-rc.7
      '@deepseek-ai/dsh-client-runtime': 0.1.0-rc.6 || 0.1.0-rc.7
      '@deepseek-ai/dsh-client-ui-primitives': 0.1.0-rc.6 || 0.1.0-rc.7
      '@deepseek-ai/dsh-client-ui-settings': 0.1.0-rc.6 || 0.1.0-rc.7
      '@deepseek-ai/dsh-client-ui-settings-plugins': 0.1.0-rc.6 || 0.1.0-rc.7
      '@deepseek-ai/dsh-client-ui-slots': 0.1.0-rc.6 || 0.1.0-rc.7
      '@deepseek-ai/dsh-credentials': 0.1.0-rc.6 || 0.1.0-rc.7
      '@deepseek-ai/dsh-launch-environment': 0.1.0-rc.6 || 0.1.0-rc.7
      '@deepseek-ai/dsh-llm': 0.1.0-rc.6 || 0.1.0-rc.7
      '@deepseek-ai/dsh-llm-deepseek': 0.1.0-rc.6 || 0.1.0-rc.7
      '@deepseek-ai/dsh-settings': 0.1.0-rc.6 || 0.1.0-rc.7
      react: ^18.2.0

  '@shengsheng/dsh-taskboard@https://codeload.github.com/shengsheng90/DSH-taskboard/tar.gz/dd5455bdeec3a86eaf84482ef2dd42d86c7b88aa':
    resolution: {gitHosted: true, integrity: sha512-v1ZT/VtKu/maoEHEdOlWuf3BORDq8ol91Uo/cD1oMb+/0DLmhmUoWjE0+MeqFxPgFSZ4ZH6vUQLVpYefgjHzTw==, tarball: https://codeload.github.com/shengsheng90/DSH-taskboard/tar.gz/dd5455bdeec3a86eaf84482ef2dd42d86c7b88aa}
    version: 0.1.3
    engines: {node: ^22.19.0 || >=24.0.0}
    hasBin: true
    peerDependencies:
      '@deepseek-ai/cordis': ^4.0.1
      '@deepseek-ai/dsh-agent': 0.1.0-rc.8 || 0.1.1-rc.2
      '@deepseek-ai/dsh-agent-presets': 0.1.0-rc.8 || 0.1.1-rc.2
      '@deepseek-ai/dsh-api-remotes': 0.1.0-rc.8 || 0.1.1-rc.2
      '@deepseek-ai/dsh-client-connection': 0.1.0-rc.8 || 0.1.1-rc.2
      '@deepseek-ai/dsh-client-locale': 0.1.0-rc.8 || 0.1.1-rc.2
      '@deepseek-ai/dsh-client-runtime': 0.1.0-rc.8 || 0.1.1-rc.2
      '@deepseek-ai/dsh-client-ui-conversation': 0.1.0-rc.8 || 0.1.1-rc.2
      '@deepseek-ai/dsh-client-ui-layout': 0.1.0-rc.8 || 0.1.1-rc.2
      '@deepseek-ai/dsh-client-ui-sidebar': 0.1.0-rc.8 || 0.1.1-rc.2
      '@deepseek-ai/dsh-client-ui-slots': 0.1.0-rc.8 || 0.1.1-rc.2
      '@deepseek-ai/dsh-goal': 0.1.0-rc.8 || 0.1.1-rc.2
      '@deepseek-ai/dsh-host-apiproxy': 0.1.0-rc.8 || 0.1.1-rc.2
      '@deepseek-ai/dsh-host-webserver': 0.1.0-rc.8 || 0.1.1-rc.2
      '@deepseek-ai/dsh-llm': 0.1.0-rc.8 || 0.1.1-rc.2
      '@deepseek-ai/dsh-session': 0.1.0-rc.8 || 0.1.1-rc.2
      '@deepseek-ai/dsh-tools': 0.1.0-rc.8 || 0.1.1-rc.2
      '@deepseek-ai/dsh-typert-protocol': 0.1.0-rc.8 || 0.1.1-rc.2
      '@deepseek-ai/dsh-workspace': 0.1.0-rc.8 || 0.1.1-rc.2
      '@deepseek-ai/schemastery': ^3.17.0
      react: ^18.2.0

  '@standard-schema/spec@1.1.0':
    resolution: {integrity: sha512-l2aFy5jALhniG5HgqrD6jXLi/rUWrKvqN/qJx6yoJsgKhblVd+iqqU4RCXavm/jPityDo5TCvKMnpjKnOriy0w==}

  dsh-custom-tool@https://codeload.github.com/omdsh-dev/dsh-custom-tool/tar.gz/7cb95649dca9b380c9a30af96bdbef87a76a2259:
    resolution: {gitHosted: true, integrity: sha512-v1TTywyraYFCrWt0jc2KsmN1IUiQPXNWv5sAy/lDsCuNxyh/sGI/ZfJS8gtxw4ZVvsjU4A0FzeWdESafqFo+ig==, tarball: https://codeload.github.com/omdsh-dev/dsh-custom-tool/tar.gz/7cb95649dca9b380c9a30af96bdbef87a76a2259}
    version: 0.1.2
    engines: {node: ^22.19 || >=24}
    peerDependencies:
      '@deepseek-ai/cordis': ^4.0.1-rc.1
      '@deepseek-ai/dsh-client-locale': ^0.0.1-rc.1
      '@deepseek-ai/dsh-client-runtime': ^0.0.1-rc.1
      '@deepseek-ai/dsh-client-ui-settings': ^0.0.1-rc.1
      '@deepseek-ai/dsh-client-ui-slots': ^0.0.1-rc.1
      '@deepseek-ai/dsh-settings': ^0.0.1-rc.1
      '@deepseek-ai/dsh-system-prompt': ^0.0.1-rc.1
      '@deepseek-ai/dsh-tools': ^0.0.1-rc.1
      react: ^18.2.0
    peerDependenciesMeta:
      '@deepseek-ai/cordis':
        optional: true
      '@deepseek-ai/dsh-client-locale':
        optional: true
      '@deepseek-ai/dsh-client-runtime':
        optional: true
      '@deepseek-ai/dsh-client-ui-settings':
        optional: true
      '@deepseek-ai/dsh-client-ui-slots':
        optional: true
      '@deepseek-ai/dsh-settings':
        optional: true
      '@deepseek-ai/dsh-system-prompt':
        optional: true
      '@deepseek-ai/dsh-tools':
        optional: true
      react:
        optional: true

  zod@4.5.2:
    resolution: {integrity: sha512-XkYXCol10+ba/6F/cueWV+TezUeOqXW0hdeJt5CdXjTYeAgAQg5N03RQdJ80mhfFE72+pblvYMW4wy2Qp4Qbrg==}

snapshots:

  '@deepseek-ai/cosmokit@1.8.2': {}

  '@deepseek-ai/schemastery@3.18.1':
    dependencies:
      '@deepseek-ai/cosmokit': 1.8.2
      '@standard-schema/spec': 1.1.0

  '@dsh-external/dsh-visualize@https://codeload.github.com/Nagi-ovo/dsh-visualize/tar.gz/9667c0e9cf0ea463b9b45b2845de62da34fd918a(@deepseek-ai/schemastery@3.18.1)':
    dependencies:
      '@deepseek-ai/schemastery': 3.18.1

  '@oil-oil/dsh-vision@https://codeload.github.com/oil-oil/dsh-vision/tar.gz/9446a41dc96bd9fc96a7cc3b3a11365e125c9bd7':
    dependencies:
      '@deepseek-ai/schemastery': 3.18.1

  '@shengsheng/dsh-taskboard@https://codeload.github.com/shengsheng90/DSH-taskboard/tar.gz/dd5455bdeec3a86eaf84482ef2dd42d86c7b88aa(@deepseek-ai/schemastery@3.18.1)':
    dependencies:
      '@deepseek-ai/schemastery': 3.18.1
      zod: 4.5.2

  '@standard-schema/spec@1.1.0': {}

  dsh-custom-tool@https://codeload.github.com/omdsh-dev/dsh-custom-tool/tar.gz/7cb95649dca9b380c9a30af96bdbef87a76a2259: {}

  zod@4.5.2: {}
