lockfileVersion: '9.0'

settings:
  autoInstallPeers: false
  excludeLinksFromLockfile: false

importers:

  .:
    dependencies:
      '@dsh-external/dsh-visualize':
        specifier: github:Nagi-ovo/dsh-visualize
        version: https://codeload.github.com/Nagi-ovo/dsh-visualize/tar.gz/e86f68fe66b980a0ebeed8ef7409522b0b720bed
      whale-girl:
        specifier: github:vlln/whale-girl
        version: https://codeload.github.com/vlln/whale-girl/tar.gz/e22e1fd918746e610f7bfb1713cef1e57a56f37c

packages:

  '@dsh-external/dsh-visualize@https://codeload.github.com/Nagi-ovo/dsh-visualize/tar.gz/e86f68fe66b980a0ebeed8ef7409522b0b720bed':
    resolution: {gitHosted: true, integrity: sha512-Hm64LeZ/Ls0kBhqIwi4U1bx+Rsy1/Hdyfsi8cIZVmCeeDQjQwaf421Y3X7ANUjCQRhjtPjfG7RCR/AettG2CVA==, tarball: https://codeload.github.com/Nagi-ovo/dsh-visualize/tar.gz/e86f68fe66b980a0ebeed8ef7409522b0b720bed}
    version: 0.1.2
    peerDependencies:
      '@deepseek-ai/cordis': ^4.0.1
      '@deepseek-ai/dsh-fs': ^0.1.0-rc.6
      '@deepseek-ai/dsh-llm': ^0.1.0-rc.6
      '@deepseek-ai/dsh-sandbox-policy': ^0.1.0-rc.6
      '@deepseek-ai/dsh-session': ^0.1.0-rc.6
      '@deepseek-ai/dsh-skill': ^0.1.0-rc.6
      '@deepseek-ai/dsh-tools': ^0.1.0-rc.6
      '@deepseek-ai/schemastery': ^3.18.1
      react: ^18.2.0

  '@standard-schema/spec@1.1.0':
    resolution: {integrity: sha512-l2aFy5jALhniG5HgqrD6jXLi/rUWrKvqN/qJx6yoJsgKhblVd+iqqU4RCXavm/jPityDo5TCvKMnpjKnOriy0w==}

  cosmokit@1.8.1:
    resolution: {integrity: sha512-PDBv4l90xZKrUsZ0vtoycgZpO/j4iFsqJXrAxsyBDsnQRI7ZMJXIjgDJsKNjd5L8jnVnnlrDCdhkFbTncgCVjQ==}

  schemastery@3.18.0:
    resolution: {integrity: sha512-Jw2uxjoyyqc/yeurmChUEc/jbi8GsrdXV/KmqRUDZXJAXAmrJiPsz8vKa17l/VckyzljHZ9oGaul443CQiXxtA==}

  whale-girl@https://codeload.github.com/vlln/whale-girl/tar.gz/e22e1fd918746e610f7bfb1713cef1e57a56f37c:
    resolution: {gitHosted: true, tarball: https://codeload.github.com/vlln/whale-girl/tar.gz/e22e1fd918746e610f7bfb1713cef1e57a56f37c}
    version: 0.1.0

snapshots:

  '@dsh-external/dsh-visualize@https://codeload.github.com/Nagi-ovo/dsh-visualize/tar.gz/e86f68fe66b980a0ebeed8ef7409522b0b720bed': {}

  '@standard-schema/spec@1.1.0': {}

  cosmokit@1.8.1: {}

  schemastery@3.18.0:
    dependencies:
      '@standard-schema/spec': 1.1.0
      cosmokit: 1.8.1

  whale-girl@https://codeload.github.com/vlln/whale-girl/tar.gz/e22e1fd918746e610f7bfb1713cef1e57a56f37c:
    dependencies:
      schemastery: 3.18.0
