lockfileVersion: '9.0'

settings:
  autoInstallPeers: false
  excludeLinksFromLockfile: false

importers:

  .:
    dependencies:
      '@liustack/modlens':
        specifier: github:liustack/modlens
        version: https://codeload.github.com/liustack/modlens/tar.gz/2b71582435ff34a548efbefb74178ed133659ccb

packages:

  '@liustack/modlens@https://codeload.github.com/liustack/modlens/tar.gz/2b71582435ff34a548efbefb74178ed133659ccb':
    resolution: {gitHosted: true, integrity: sha512-5fo0uQH6Ca8lb1aVsCCAelhzOkrmDGm+zgp/1RXMeXqvH01ly2PiiuyWwEuXWj+pLACeeQXadVAVjV2FV1Emrw==, tarball: https://codeload.github.com/liustack/modlens/tar.gz/2b71582435ff34a548efbefb74178ed133659ccb}
    version: 3.18.1
    engines: {node: '>=22.19'}
    hasBin: true

  commander@13.1.0:
    resolution: {integrity: sha512-/rFeCpNJQbhSZjGVwO9RFV3xPqbnERS8MmIQzCtD/zl6gpJuV/bMLuN92oG3F7d8oDEHHRrujSXNUr8fpjntKw==}
    engines: {node: '>=18'}

  undici@8.10.0:
    resolution: {integrity: sha512-HvltHd7avK13QIw/oLe4qoOLyoVSoafqJ2jYOrtMRBkbYT31eiBQ8O0ehRKZiEZCMEyLFQNIADpgCWC5fALvYQ==}
    engines: {node: '>=22.19.0'}

snapshots:

  '@liustack/modlens@https://codeload.github.com/liustack/modlens/tar.gz/2b71582435ff34a548efbefb74178ed133659ccb':
    dependencies:
      commander: 13.1.0
      undici: 8.10.0

  commander@13.1.0: {}

  undici@8.10.0: {}
