lockfileVersion: '9.0'

settings:
  autoInstallPeers: false
  excludeLinksFromLockfile: false

importers:

  .:
    dependencies:
      '@liustack/modlens':
        specifier: github:liustack/modlens
        version: https://codeload.github.com/liustack/modlens/tar.gz/04a676c0c6343765f16cc7ebe476b2fe206665ef

packages:

  '@liustack/modlens@https://codeload.github.com/liustack/modlens/tar.gz/04a676c0c6343765f16cc7ebe476b2fe206665ef':
    resolution: {gitHosted: true, integrity: sha512-NJNultGm0ir6OssI0hq7wNBBEcqON2t4gHOZFmQBqq3nZYbJ7VXDPKt9wk0b0tg328rU0NWAgYQT+EKlftvwVg==, tarball: https://codeload.github.com/liustack/modlens/tar.gz/04a676c0c6343765f16cc7ebe476b2fe206665ef}
    version: 3.23.1
    engines: {node: '>=22.19'}
    hasBin: true

  commander@13.1.0:
    resolution: {integrity: sha512-/rFeCpNJQbhSZjGVwO9RFV3xPqbnERS8MmIQzCtD/zl6gpJuV/bMLuN92oG3F7d8oDEHHRrujSXNUr8fpjntKw==}
    engines: {node: '>=18'}

  undici@8.10.0:
    resolution: {integrity: sha512-HvltHd7avK13QIw/oLe4qoOLyoVSoafqJ2jYOrtMRBkbYT31eiBQ8O0ehRKZiEZCMEyLFQNIADpgCWC5fALvYQ==}
    engines: {node: '>=22.19.0'}

snapshots:

  '@liustack/modlens@https://codeload.github.com/liustack/modlens/tar.gz/04a676c0c6343765f16cc7ebe476b2fe206665ef':
    dependencies:
      commander: 13.1.0
      undici: 8.10.0

  commander@13.1.0: {}

  undici@8.10.0: {}
