lockfileVersion: '9.0'

settings:
  autoInstallPeers: false
  excludeLinksFromLockfile: false

importers:

  .:
    dependencies:
      '@liustack/modlens':
        specifier: github:liustack/modlens
        version: https://codeload.github.com/liustack/modlens/tar.gz/6e1fb0666a11c8c6c04b0895b0fc3f0d10ba0c96

packages:

  '@liustack/modlens@https://codeload.github.com/liustack/modlens/tar.gz/6e1fb0666a11c8c6c04b0895b0fc3f0d10ba0c96':
    resolution: {gitHosted: true, integrity: sha512-n4GrnoNyLhPaOqpyMzE7ovPwyb7C53ktDkum7u8aRvZYQHoOAIBzsWsJXrzrujErjBNxVzao+stIxESOWw+MDg==, tarball: https://codeload.github.com/liustack/modlens/tar.gz/6e1fb0666a11c8c6c04b0895b0fc3f0d10ba0c96}
    version: 3.21.1
    engines: {node: '>=22.19'}
    hasBin: true

  commander@13.1.0:
    resolution: {integrity: sha512-/rFeCpNJQbhSZjGVwO9RFV3xPqbnERS8MmIQzCtD/zl6gpJuV/bMLuN92oG3F7d8oDEHHRrujSXNUr8fpjntKw==}
    engines: {node: '>=18'}

  undici@8.10.0:
    resolution: {integrity: sha512-HvltHd7avK13QIw/oLe4qoOLyoVSoafqJ2jYOrtMRBkbYT31eiBQ8O0ehRKZiEZCMEyLFQNIADpgCWC5fALvYQ==}
    engines: {node: '>=22.19.0'}

snapshots:

  '@liustack/modlens@https://codeload.github.com/liustack/modlens/tar.gz/6e1fb0666a11c8c6c04b0895b0fc3f0d10ba0c96':
    dependencies:
      commander: 13.1.0
      undici: 8.10.0

  commander@13.1.0: {}

  undici@8.10.0: {}
