lockfileVersion: '9.0'

settings:
  autoInstallPeers: false
  excludeLinksFromLockfile: false

importers:

  .:
    dependencies:
      '@feiyang666/deepseekharnessdesktop':
        specifier: github:feiyang-dev/dsh-usage-plugin
        version: '@feiyang666/dsh-usage-plugin@https://codeload.github.com/feiyang-dev/dsh-usage-plugin/tar.gz/a236ea50a53209f6fc18861894039fd2ca3bd938'
      '@feiyang666/dsh-usage-plugin':
        specifier: github:feiyang-dev/dsh-usage-plugin
        version: https://codeload.github.com/feiyang-dev/dsh-usage-plugin/tar.gz/a236ea50a53209f6fc18861894039fd2ca3bd938
      dsh-skin:
        specifier: github:KinGao294/dsh-skin
        version: https://codeload.github.com/KinGao294/dsh-skin/tar.gz/0a571a27adcc5f780b7b72386c9c294243eec5b3

packages:

  '@feiyang666/dsh-usage-plugin@https://codeload.github.com/feiyang-dev/dsh-usage-plugin/tar.gz/a236ea50a53209f6fc18861894039fd2ca3bd938':
    resolution: {gitHosted: true, integrity: sha512-VyRkvYiC5RGfFpQV1iRLkOMsFOhQvDajilO5x+VfXvrVh2DUVvdMsa06wftVGkmMoyRKfK0zsxA3z6qp4X0uew==, tarball: https://codeload.github.com/feiyang-dev/dsh-usage-plugin/tar.gz/a236ea50a53209f6fc18861894039fd2ca3bd938}
    version: 1.9.4
    engines: {node: '>=18'}
    peerDependencies:
      '@deepseek-ai/cordis': ^4.0.1

  dsh-skin@https://codeload.github.com/KinGao294/dsh-skin/tar.gz/0a571a27adcc5f780b7b72386c9c294243eec5b3:
    resolution: {gitHosted: true, integrity: sha512-quA+1NZWCs8icNMYQ9xCNlJi/7/bRzgEqgyuUDL8wjdQ/hVnoc7FXZmKkyN8ozcsFl205GmehZFm/zC3Eb6vqw==, tarball: https://codeload.github.com/KinGao294/dsh-skin/tar.gz/0a571a27adcc5f780b7b72386c9c294243eec5b3}
    version: 0.4.0
    peerDependencies:
      '@deepseek-ai/cordis': ^4.0.1
      '@deepseek-ai/dsh-client-locale': ^0.1.0-rc.6
      '@deepseek-ai/dsh-client-runtime': ^0.1.0-rc.6
      '@deepseek-ai/dsh-client-ui-slots': ^0.1.0-rc.6
      '@deepseek-ai/dsh-client-ui-theme': ^0.1.0-rc.6
      react: ^18.2.0

snapshots:

  '@feiyang666/dsh-usage-plugin@https://codeload.github.com/feiyang-dev/dsh-usage-plugin/tar.gz/a236ea50a53209f6fc18861894039fd2ca3bd938': {}

  dsh-skin@https://codeload.github.com/KinGao294/dsh-skin/tar.gz/0a571a27adcc5f780b7b72386c9c294243eec5b3: {}
