lockfileVersion: '9.0'

settings:
  autoInstallPeers: false
  excludeLinksFromLockfile: false

importers:

  .:
    dependencies:
      '@sanqi-normal/dsh-webui-market-plugin':
        specifier: github:Sanqi-normal/dsh-webui-market-plugin
        version: https://codeload.github.com/Sanqi-normal/dsh-webui-market-plugin/tar.gz/f0cfc501a9e66b3c77da37e346d311d092cb1e41
      dsh-turn-delete:
        specifier: github:hanshenmesen/dsh-turn-delete
        version: https://codeload.github.com/hanshenmesen/dsh-turn-delete/tar.gz/4716bcbdee27b110ceea9df21f027c6dfe5888b8
      project-blueprint:
        specifier: github:shuguang1994/project-blueprint
        version: https://codeload.github.com/shuguang1994/project-blueprint/tar.gz/7495fc47b69b1ddf3331e305aff7ddb9f2a5d2f9

packages:

  '@sanqi-normal/dsh-webui-market-plugin@https://codeload.github.com/Sanqi-normal/dsh-webui-market-plugin/tar.gz/f0cfc501a9e66b3c77da37e346d311d092cb1e41':
    resolution: {gitHosted: true, integrity: sha512-YXbHkVgNb104GXaKZuzl6t3cV/66E/4YGQbXZ70ZTgubqk/lQRLiXNXhtv/BLwmafSZxLDSYevQzABuynPhDig==, tarball: https://codeload.github.com/Sanqi-normal/dsh-webui-market-plugin/tar.gz/f0cfc501a9e66b3c77da37e346d311d092cb1e41}
    version: 0.5.5
    engines: {node: ^22.19.0 || >=24.0.0}
    peerDependencies:
      '@deepseek-ai/cordis': ^4.0.1-rc.1
      '@deepseek-ai/dsh-client-runtime': '>=0.0.1-rc.2 <0.2.0-0 || >=0.1.0-rc.2 <0.2.0-0'
      '@deepseek-ai/dsh-client-ui-slots': '>=0.0.1-rc.2 <0.2.0-0 || >=0.1.0-rc.2 <0.2.0-0'
      react: ^18.2.0

  dsh-turn-delete@https://codeload.github.com/hanshenmesen/dsh-turn-delete/tar.gz/4716bcbdee27b110ceea9df21f027c6dfe5888b8:
    resolution: {gitHosted: true, integrity: sha512-guHodfehsxTljhPUIzHBPPqFBhGnngtIFxcJsQqU0jgZeQRW8DYgDHnUCe9weqdTZylMHPdLkiVydlhLWnihWA==, tarball: https://codeload.github.com/hanshenmesen/dsh-turn-delete/tar.gz/4716bcbdee27b110ceea9df21f027c6dfe5888b8}
    version: 0.1.0
    engines: {node: '>=22.19'}
    peerDependencies:
      '@deepseek-ai/cordis': ^4.0.1
      '@deepseek-ai/dsh-agent': '>=0.1.0-rc.6 <0.2.0-0'
      '@deepseek-ai/dsh-client-locale': '>=0.1.0-rc.6 <0.2.0-0'
      '@deepseek-ai/dsh-client-runtime': '>=0.1.0-rc.6 <0.2.0-0'
      '@deepseek-ai/dsh-client-ui-conversation': '>=0.1.0-rc.6 <0.2.0-0'
      '@deepseek-ai/dsh-client-ui-primitives': '>=0.1.0-rc.6 <0.2.0-0'
      '@deepseek-ai/dsh-client-ui-slots': '>=0.1.0-rc.6 <0.2.0-0'
      '@deepseek-ai/dsh-llm': '>=0.1.0-rc.6 <0.2.0-0'
      '@deepseek-ai/dsh-session': '>=0.1.0-rc.6 <0.2.0-0'
      react: ^18.2.0

  project-blueprint@https://codeload.github.com/shuguang1994/project-blueprint/tar.gz/7495fc47b69b1ddf3331e305aff7ddb9f2a5d2f9:
    resolution: {gitHosted: true, integrity: sha512-y/adD0Iaq+w7Rtkc97ojcpI5WoonML8wLZkEuFguvvJkHPJCQcj5jqPtOdYr5YpYetNtd1v8zASYeR2urQPXAg==, tarball: https://codeload.github.com/shuguang1994/project-blueprint/tar.gz/7495fc47b69b1ddf3331e305aff7ddb9f2a5d2f9}
    version: 1.7.0
    peerDependencies:
      '@deepseek-ai/cordis': '*'
      '@deepseek-ai/dsh-skill': '*'
      '@deepseek-ai/dsh-skill-filesystem': '*'
    peerDependenciesMeta:
      '@deepseek-ai/cordis':
        optional: true
      '@deepseek-ai/dsh-skill':
        optional: true
      '@deepseek-ai/dsh-skill-filesystem':
        optional: true

snapshots:

  '@sanqi-normal/dsh-webui-market-plugin@https://codeload.github.com/Sanqi-normal/dsh-webui-market-plugin/tar.gz/f0cfc501a9e66b3c77da37e346d311d092cb1e41': {}

  dsh-turn-delete@https://codeload.github.com/hanshenmesen/dsh-turn-delete/tar.gz/4716bcbdee27b110ceea9df21f027c6dfe5888b8: {}

  project-blueprint@https://codeload.github.com/shuguang1994/project-blueprint/tar.gz/7495fc47b69b1ddf3331e305aff7ddb9f2a5d2f9: {}
