lockfileVersion: '9.0'

settings:
  autoInstallPeers: false
  excludeLinksFromLockfile: false

importers:

  .:
    dependencies:
      '@dsh-external/dsh-ads':
        specifier: github:Nagi-ovo/dsh-ads
        version: https://codeload.github.com/Nagi-ovo/dsh-ads/tar.gz/3a2ba704bc383099c686d3288ff6e0d61fc391e5
      treg-dsh:
        specifier: github:superdesigndev/treg
        version: https://codeload.github.com/superdesigndev/treg/tar.gz/d1951d5e0b05e6bb8a9694200c83a94a1b334032

packages:

  '@dsh-external/dsh-ads@https://codeload.github.com/Nagi-ovo/dsh-ads/tar.gz/3a2ba704bc383099c686d3288ff6e0d61fc391e5':
    resolution: {gitHosted: true, integrity: sha512-jAXduqwLRuqLc6txOhgxswwTIRn8J2CvN3ZKnG359uLfhu0lig4xpfkFg0wZhPzX+FFe03CHbacizM/Ys4XhtQ==, tarball: https://codeload.github.com/Nagi-ovo/dsh-ads/tar.gz/3a2ba704bc383099c686d3288ff6e0d61fc391e5}
    version: 0.1.0
    peerDependencies:
      '@deepseek-ai/cordis': ^4.0.1
      '@deepseek-ai/dsh-client-locale': ^0.1.0-rc.6
      '@deepseek-ai/schemastery': ^3.18.1
      react: ^18.2.0

  treg-dsh@https://codeload.github.com/superdesigndev/treg/tar.gz/d1951d5e0b05e6bb8a9694200c83a94a1b334032:
    resolution: {gitHosted: true, integrity: sha512-2bsXQA9sFFE8+Cx6db6bQTPwPmVIK2OZ697kG084KeXHkZEwqIdV1SgBbh7W8dJUHXgxXCkFoz4SsBtqFoVgFg==, tarball: https://codeload.github.com/superdesigndev/treg/tar.gz/d1951d5e0b05e6bb8a9694200c83a94a1b334032}
    version: 0.12.0

snapshots:

  '@dsh-external/dsh-ads@https://codeload.github.com/Nagi-ovo/dsh-ads/tar.gz/3a2ba704bc383099c686d3288ff6e0d61fc391e5': {}

  treg-dsh@https://codeload.github.com/superdesigndev/treg/tar.gz/d1951d5e0b05e6bb8a9694200c83a94a1b334032: {}
