lockfileVersion: '9.0'

settings:
  autoInstallPeers: false
  excludeLinksFromLockfile: false

importers:

  .:
    dependencies:
      '@dsh-external/dsh-ads':
        specifier: github:Nagi-ovo/dsh-ads
        version: https://codeload.github.com/Nagi-ovo/dsh-ads/tar.gz/401819c43f12189c1ab94159011d61a484426370

packages:

  '@dsh-external/dsh-ads@https://codeload.github.com/Nagi-ovo/dsh-ads/tar.gz/401819c43f12189c1ab94159011d61a484426370':
    resolution: {gitHosted: true, integrity: sha512-0+CDw2aNuFwSAb8MttBWSzrdzbGzz43HaLa616oUtbnZrXDpBnZOiv3shrQxgf8FPy7/oNz9PyADLe4DJcqUyg==, tarball: https://codeload.github.com/Nagi-ovo/dsh-ads/tar.gz/401819c43f12189c1ab94159011d61a484426370}
    version: 0.1.0
    peerDependencies:
      '@deepseek-ai/cordis': ^4.0.1
      '@deepseek-ai/dsh-client-locale': ^0.1.0-rc.6
      '@deepseek-ai/schemastery': ^3.18.1
      react: ^18.2.0

snapshots:

  '@dsh-external/dsh-ads@https://codeload.github.com/Nagi-ovo/dsh-ads/tar.gz/401819c43f12189c1ab94159011d61a484426370': {}
