lockfileVersion: '9.0'

settings:
  autoInstallPeers: false
  excludeLinksFromLockfile: false

importers:

  .:
    dependencies:
      '@dsh-external/dsh-plugin-workshop':
        specifier: github:yyyyukari/dsh-plugin-workshop
        version: https://codeload.github.com/yyyyukari/dsh-plugin-workshop/tar.gz/f53a7e466948a6c5636f2079b2382976a1eea4c8
      upstash-skills:
        specifier: github:upstash/skills
        version: https://codeload.github.com/upstash/skills/tar.gz/e64867a26b446ad0d1a310d26cca946ac8ab2304

packages:

  '@dsh-external/dsh-plugin-workshop@https://codeload.github.com/yyyyukari/dsh-plugin-workshop/tar.gz/f53a7e466948a6c5636f2079b2382976a1eea4c8':
    resolution: {gitHosted: true, tarball: https://codeload.github.com/yyyyukari/dsh-plugin-workshop/tar.gz/f53a7e466948a6c5636f2079b2382976a1eea4c8}
    version: 1.6.2

  upstash-skills@https://codeload.github.com/upstash/skills/tar.gz/e64867a26b446ad0d1a310d26cca946ac8ab2304:
    resolution: {gitHosted: true, integrity: sha512-zrLZTkggmsT4ELz2slfTRlKoqXNB58w3hE0WteyjR1QCR8rM+jzMv7S/3mRKynpfqnZBedDX1fiaDd2X+GYW8w==, tarball: https://codeload.github.com/upstash/skills/tar.gz/e64867a26b446ad0d1a310d26cca946ac8ab2304}
    version: 0.0.0

snapshots:

  '@dsh-external/dsh-plugin-workshop@https://codeload.github.com/yyyyukari/dsh-plugin-workshop/tar.gz/f53a7e466948a6c5636f2079b2382976a1eea4c8': {}

  upstash-skills@https://codeload.github.com/upstash/skills/tar.gz/e64867a26b446ad0d1a310d26cca946ac8ab2304: {}
