lockfileVersion: '9.0'

settings:
  autoInstallPeers: false
  excludeLinksFromLockfile: false

importers:

  .:
    dependencies:
      '@dsh-external/dsh-plugin-workshop':
        specifier: github:yyyyukari/dsh-plugin-workshop
        version: https://codeload.github.com/yyyyukari/dsh-plugin-workshop/tar.gz/f53a7e466948a6c5636f2079b2382976a1eea4c8
      upstash-skills:
        specifier: github:upstash/skills
        version: https://codeload.github.com/upstash/skills/tar.gz/b79be441007739177e79365c3221124e434f5b83

packages:

  '@dsh-external/dsh-plugin-workshop@https://codeload.github.com/yyyyukari/dsh-plugin-workshop/tar.gz/f53a7e466948a6c5636f2079b2382976a1eea4c8':
    resolution: {gitHosted: true, tarball: https://codeload.github.com/yyyyukari/dsh-plugin-workshop/tar.gz/f53a7e466948a6c5636f2079b2382976a1eea4c8}
    version: 1.6.2

  upstash-skills@https://codeload.github.com/upstash/skills/tar.gz/b79be441007739177e79365c3221124e434f5b83:
    resolution: {gitHosted: true, integrity: sha512-Gl1Swp5a8gU/DAq3/T1wlMo/gr0VHFbtTKP0CIXJAoQ9MRFgIpwIv3xlTTOLOubjuHFT2SlHKmyA0pEBdJYbZw==, tarball: https://codeload.github.com/upstash/skills/tar.gz/b79be441007739177e79365c3221124e434f5b83}
    version: 0.0.0

snapshots:

  '@dsh-external/dsh-plugin-workshop@https://codeload.github.com/yyyyukari/dsh-plugin-workshop/tar.gz/f53a7e466948a6c5636f2079b2382976a1eea4c8': {}

  upstash-skills@https://codeload.github.com/upstash/skills/tar.gz/b79be441007739177e79365c3221124e434f5b83: {}
