lockfileVersion: '9.0'

settings:
  autoInstallPeers: false
  excludeLinksFromLockfile: false

importers:

  .:
    dependencies:
      '@dsh-external/workflow':
        specifier: github:icetomoyo/dsh_workflow
        version: git+https://github.com/icetomoyo/dsh_workflow.git#44b83c182aa02d1be8a0803e8446cb495f93cd8f
      '@zseven-w/dsh-openpencil':
        specifier: github:ZSeven-W/dsh-openpencil
        version: https://codeload.github.com/ZSeven-W/dsh-openpencil/tar.gz/5cfadc511f08dbc5c09f76e6943b709e846d1cae

packages:

  '@dsh-external/workflow@git+https://github.com/icetomoyo/dsh_workflow.git#44b83c182aa02d1be8a0803e8446cb495f93cd8f':
    resolution: {commit: 44b83c182aa02d1be8a0803e8446cb495f93cd8f, repo: https://github.com/icetomoyo/dsh_workflow.git, type: git}
    version: 0.1.2
    engines: {node: ^22.19.0 || >=24.0.0}
    peerDependencies:
      '@deepseek-ai/cordis': ^4.0.1-rc.1
      '@deepseek-ai/dsh-agent': ^0.0.1-rc.2
      '@deepseek-ai/dsh-commands': ^0.0.1-rc.2
      '@deepseek-ai/dsh-jobs': ^0.0.1-rc.2
      '@deepseek-ai/dsh-llm': ^0.0.1-rc.2
      '@deepseek-ai/dsh-session': ^0.0.1-rc.2
      '@deepseek-ai/dsh-subagent': ^0.0.1-rc.2
      '@deepseek-ai/dsh-system-prompt': ^0.0.1-rc.2
      '@deepseek-ai/dsh-tools': ^0.0.1-rc.2
      '@deepseek-ai/dsh-user-approval': ^0.0.1-rc.2
      '@deepseek-ai/dsh-user-questions': ^0.0.1-rc.2
      '@deepseek-ai/dsh-workflow': ^0.0.1-rc.2
      '@deepseek-ai/schemastery': ^3.18.1-rc.1

  '@jitl/quickjs-ffi-types@0.32.0':
    resolution: {integrity: sha512-v9T+GQpmk43VDJ7d72sf0Nexhk+ArvtUihW27dy7lqAl0zBObFKtSBBIm5RBjwIhE8VwsPPm9PNuvPvNqLWUEg==}

  '@jitl/quickjs-wasmfile-debug-asyncify@0.32.0':
    resolution: {integrity: sha512-EX8zbXwGqCgAE764M+qvkHtyXDi/FUoMBea0JnES7vCM3P7a2+EOZOjGv85wtZ2sJhI1oJ+nekmqpOODFDY+hw==}

  '@jitl/quickjs-wasmfile-debug-sync@0.32.0':
    resolution: {integrity: sha512-LeYWrPGC1uNCTBWvibo3ZLJj0CSVNYUXvJpXMCmuQ5Sap2cCACc3uvGvYV4homHHBAzfw5akoTqMMS4YFRtw+Q==}

  '@jitl/quickjs-wasmfile-release-asyncify@0.32.0':
    resolution: {integrity: sha512-3oSwPfja12ICz4aIblB58cuY8JlEq5Txt8Cut4VLo+LH47QN+mzCnSgnbB03hWzg1LBcc+VyyI9UOag7a1NF+Q==}

  '@jitl/quickjs-wasmfile-release-sync@0.32.0':
    resolution: {integrity: sha512-BKNDI/TPBfGlLNGYpLrhcDGXmIk4xHm4MRAisOBnOzpXVn9HZWsfmMAc9WMBrAHjvvds6HOikKeaOBKdPdpVrg==}

  '@zseven-w/dsh-openpencil@https://codeload.github.com/ZSeven-W/dsh-openpencil/tar.gz/5cfadc511f08dbc5c09f76e6943b709e846d1cae':
    resolution: {gitHosted: true, tarball: https://codeload.github.com/ZSeven-W/dsh-openpencil/tar.gz/5cfadc511f08dbc5c09f76e6943b709e846d1cae}
    version: 0.1.0-rc.1
    engines: {node: '>=24.11.0'}
    peerDependencies:
      '@deepseek-ai/cordis': ^4.0.1
      '@deepseek-ai/dsh-client-locale': ^0.1.0-rc.6
      '@deepseek-ai/dsh-client-runtime': ^0.1.0-rc.6
      '@deepseek-ai/dsh-client-ui-conversation': ^0.1.0-rc.6
      '@deepseek-ai/dsh-client-ui-slots': ^0.1.0-rc.6
      '@deepseek-ai/dsh-client-ui-theme': ^0.1.0-rc.6
      '@deepseek-ai/dsh-client-ui-tool': ^0.1.0-rc.6
      '@deepseek-ai/dsh-fs': ^0.1.0-rc.6
      '@deepseek-ai/dsh-host-webserver': ^0.1.0-rc.6
      '@deepseek-ai/dsh-sandbox-policy': ^0.1.0-rc.6
      '@deepseek-ai/dsh-session': ^0.1.0-rc.6
      '@deepseek-ai/dsh-tools': ^0.1.0-rc.6
      react: ^18.2.0
      react-dom: ^18.2.0

  quickjs-emscripten-core@0.32.0:
    resolution: {integrity: sha512-QFnPfjFey8EqknSrSxe1hZrf1/8z7/6s1QzGOmKo6++02r7QRRX7ZoyNaZh7JuVjWsVW87KnQrbZqnHkOAzUyg==}

  quickjs-emscripten@0.32.0:
    resolution: {integrity: sha512-So0Sqw869y/S2oE3Nuc0uT3Dhqgvsj8FSrwBdsuTosVsG8ME5/OcudU1GxsrIFdFABgy17GHnTVO9TYV/bLQcA==}
    engines: {node: '>=16.0.0'}

snapshots:

  '@dsh-external/workflow@git+https://github.com/icetomoyo/dsh_workflow.git#44b83c182aa02d1be8a0803e8446cb495f93cd8f':
    dependencies:
      quickjs-emscripten: 0.32.0

  '@jitl/quickjs-ffi-types@0.32.0': {}

  '@jitl/quickjs-wasmfile-debug-asyncify@0.32.0':
    dependencies:
      '@jitl/quickjs-ffi-types': 0.32.0

  '@jitl/quickjs-wasmfile-debug-sync@0.32.0':
    dependencies:
      '@jitl/quickjs-ffi-types': 0.32.0

  '@jitl/quickjs-wasmfile-release-asyncify@0.32.0':
    dependencies:
      '@jitl/quickjs-ffi-types': 0.32.0

  '@jitl/quickjs-wasmfile-release-sync@0.32.0':
    dependencies:
      '@jitl/quickjs-ffi-types': 0.32.0

  '@zseven-w/dsh-openpencil@https://codeload.github.com/ZSeven-W/dsh-openpencil/tar.gz/5cfadc511f08dbc5c09f76e6943b709e846d1cae': {}

  quickjs-emscripten-core@0.32.0:
    dependencies:
      '@jitl/quickjs-ffi-types': 0.32.0

  quickjs-emscripten@0.32.0:
    dependencies:
      '@jitl/quickjs-wasmfile-debug-asyncify': 0.32.0
      '@jitl/quickjs-wasmfile-debug-sync': 0.32.0
      '@jitl/quickjs-wasmfile-release-asyncify': 0.32.0
      '@jitl/quickjs-wasmfile-release-sync': 0.32.0
      quickjs-emscripten-core: 0.32.0
