lockfileVersion: '9.0'

settings:
  autoInstallPeers: false
  excludeLinksFromLockfile: false

importers:

  .:
    dependencies:
      dsh-cost-meter:
        specifier: github:Han-1413141/dsh-cost-meter
        version: https://codeload.github.com/Han-1413141/dsh-cost-meter/tar.gz/6ba221b84a80e7f0a50ee92696bba58596862ea6
      dsh-mnemon:
        specifier: github:omdsh-dev/dsh-mnemon
        version: https://codeload.github.com/omdsh-dev/dsh-mnemon/tar.gz/9c0c5a16bf533366dd9ac18713502c68813dd60c
      dsh-tokenledger:
        specifier: github:zh667/TokenLedger
        version: https://codeload.github.com/zh667/TokenLedger/tar.gz/8ad73de520a711ab37d38170c094b7e901044358

packages:

  '@deepseek-ai/dsh-credentials@0.1.0-rc.6':
    resolution: {integrity: sha512-zyYRs3A9gxfZjZfONzJdMhM0Gzbslpha+FGYkLDRAozgPj0N7mZdE+Qflx2V4WNrCnsSjuvOW0HFBxWtSRUTUw==}
    peerDependencies:
      '@deepseek-ai/cordis': ^4.0.1
      '@deepseek-ai/dsh-brand': ^0.1.0-rc.6
      '@deepseek-ai/dsh-invariants': ^0.1.0-rc.6

  '@deepseek-ai/dsh-home-paths@0.1.0-rc.6':
    resolution: {integrity: sha512-gIiUBmqB3L8inFr+hvjZv2/i6EVJOHIHCHg7bBFVhcl4HDK94+8wUCXTLGy80tcuISzIQiIaLuJq/NhSmV9Amw==}
    peerDependencies:
      '@deepseek-ai/cordis': ^4.0.1
      '@deepseek-ai/dsh-invariants': ^0.1.0-rc.6

  '@standard-schema/spec@1.1.0':
    resolution: {integrity: sha512-l2aFy5jALhniG5HgqrD6jXLi/rUWrKvqN/qJx6yoJsgKhblVd+iqqU4RCXavm/jPityDo5TCvKMnpjKnOriy0w==}

  cosmokit@1.8.1:
    resolution: {integrity: sha512-PDBv4l90xZKrUsZ0vtoycgZpO/j4iFsqJXrAxsyBDsnQRI7ZMJXIjgDJsKNjd5L8jnVnnlrDCdhkFbTncgCVjQ==}

  dsh-cost-meter@https://codeload.github.com/Han-1413141/dsh-cost-meter/tar.gz/6ba221b84a80e7f0a50ee92696bba58596862ea6:
    resolution: {gitHosted: true, integrity: sha512-J9WHcJn4ifGlofkBcM5+E0UThxuzSzDvlnP7k0pFmQlOfMtEUHebHOEZbfQ6bMQQm5MzEYVzQCYpVhIi0WRCZQ==, tarball: https://codeload.github.com/Han-1413141/dsh-cost-meter/tar.gz/6ba221b84a80e7f0a50ee92696bba58596862ea6}
    version: 1.6.2

  dsh-mnemon@https://codeload.github.com/omdsh-dev/dsh-mnemon/tar.gz/9c0c5a16bf533366dd9ac18713502c68813dd60c:
    resolution: {gitHosted: true, integrity: sha512-YEfRHdPXq/U359UdSMr8IUygsw9S85wpvf9HeYKYnwSHqxE72R0NzUNIwqEkvO8YlP90R3rncilrH3PT9JS1RA==, tarball: https://codeload.github.com/omdsh-dev/dsh-mnemon/tar.gz/9c0c5a16bf533366dd9ac18713502c68813dd60c}
    version: 0.3.2
    engines: {node: '>=20'}
    peerDependencies:
      '@deepseek-ai/dsh-client-ui-primitives': ^0.1.0-rc.6 || ^0.1.1-rc.1
      react: ^18.2.0
      react-dom: ^18.2.0

  dsh-tokenledger@https://codeload.github.com/zh667/TokenLedger/tar.gz/8ad73de520a711ab37d38170c094b7e901044358:
    resolution: {gitHosted: true, integrity: sha512-SIUoX7A3/Wcu41io6DAk8PPRmYgWwXjmG74yko7q70brkqKmXf2JwX3ZyXnEuPTBMSFnqZQoxWARsgZTDwcpqg==, tarball: https://codeload.github.com/zh667/TokenLedger/tar.gz/8ad73de520a711ab37d38170c094b7e901044358}
    version: 0.1.0
    engines: {node: '>=22'}
    peerDependencies:
      '@deepseek-ai/schemastery': ^3.18.1
    peerDependenciesMeta:
      '@deepseek-ai/schemastery':
        optional: true

  fflate@0.8.3:
    resolution: {integrity: sha512-tbZNuJrLwGUp3zshBtdy4W+ORxZuIh8a5ilyIEQDC5rY1f3U20JMry0Ll3WBzU58EZKsEuJFXhb5gwv8CsPvgA==}

  markdown-to-jsx@7.7.17:
    resolution: {integrity: sha512-7mG/1feQ0TX5I7YyMZVDgCC/y2I3CiEhIRQIhyov9nGBP5eoVrOXXHuL5ZP8GRfxVZKRiXWJgwXkb9It+nQZfQ==}
    engines: {node: '>= 10'}
    peerDependencies:
      react: '>= 0.14.0'
    peerDependenciesMeta:
      react:
        optional: true

  schemastery@3.18.0:
    resolution: {integrity: sha512-Jw2uxjoyyqc/yeurmChUEc/jbi8GsrdXV/KmqRUDZXJAXAmrJiPsz8vKa17l/VckyzljHZ9oGaul443CQiXxtA==}

  zod@4.4.3:
    resolution: {integrity: sha512-ytENFjIJFl2UwYglde2jchW2Hwm4GJFLDiSXWdTrJQBIN9Fcyp7n4DhxJEiWNAJMV1/BqWfW/kkg71UDcHJyTQ==}

snapshots:

  '@deepseek-ai/dsh-credentials@0.1.0-rc.6': {}

  '@deepseek-ai/dsh-home-paths@0.1.0-rc.6': {}

  '@standard-schema/spec@1.1.0': {}

  cosmokit@1.8.1: {}

  dsh-cost-meter@https://codeload.github.com/Han-1413141/dsh-cost-meter/tar.gz/6ba221b84a80e7f0a50ee92696bba58596862ea6:
    dependencies:
      '@deepseek-ai/dsh-credentials': 0.1.0-rc.6
      '@deepseek-ai/dsh-home-paths': 0.1.0-rc.6
      zod: 4.4.3
    transitivePeerDependencies:
      - '@deepseek-ai/cordis'
      - '@deepseek-ai/dsh-brand'
      - '@deepseek-ai/dsh-invariants'

  dsh-mnemon@https://codeload.github.com/omdsh-dev/dsh-mnemon/tar.gz/9c0c5a16bf533366dd9ac18713502c68813dd60c:
    dependencies:
      fflate: 0.8.3
      markdown-to-jsx: 7.7.17
      schemastery: 3.18.0

  dsh-tokenledger@https://codeload.github.com/zh667/TokenLedger/tar.gz/8ad73de520a711ab37d38170c094b7e901044358: {}

  fflate@0.8.3: {}

  markdown-to-jsx@7.7.17: {}

  schemastery@3.18.0:
    dependencies:
      '@standard-schema/spec': 1.1.0
      cosmokit: 1.8.1

  zod@4.4.3: {}
