lockfileVersion: '9.0'

settings:
  autoInstallPeers: false
  excludeLinksFromLockfile: false

importers:

  .:
    dependencies:
      '@dsh-external/dsh-ads':
        specifier: github:Nagi-ovo/dsh-ads
        version: https://codeload.github.com/Nagi-ovo/dsh-ads/tar.gz/3a2ba704bc383099c686d3288ff6e0d61fc391e5
      dsh-at-file:
        specifier: github:omdsh-dev/dsh-at-file
        version: https://codeload.github.com/omdsh-dev/dsh-at-file/tar.gz/c57849b27e378cf6b41d082b17c8a8750cee370f

packages:

  '@dsh-external/dsh-ads@https://codeload.github.com/Nagi-ovo/dsh-ads/tar.gz/3a2ba704bc383099c686d3288ff6e0d61fc391e5':
    resolution: {gitHosted: true, tarball: https://codeload.github.com/Nagi-ovo/dsh-ads/tar.gz/3a2ba704bc383099c686d3288ff6e0d61fc391e5}
    version: 0.1.0
    peerDependencies:
      '@deepseek-ai/cordis': ^4.0.1
      '@deepseek-ai/dsh-client-locale': ^0.1.0-rc.6
      '@deepseek-ai/schemastery': ^3.18.1
      react: ^18.2.0

  dsh-at-file@https://codeload.github.com/omdsh-dev/dsh-at-file/tar.gz/c57849b27e378cf6b41d082b17c8a8750cee370f:
    resolution: {gitHosted: true, integrity: sha512-90+PtYgkTa72zM5Ui24D6yulDmVn3pUWmBdwoHjyNNKWLPFMZ22u49/faU+Ymr9Y8VJs5swOuRlt6r8RdhUtnA==, tarball: https://codeload.github.com/omdsh-dev/dsh-at-file/tar.gz/c57849b27e378cf6b41d082b17c8a8750cee370f}
    version: 0.6.7
    peerDependencies:
      '@deepseek-ai/cordis': ^4.0.1-rc.1
      '@deepseek-ai/dsh-agent': '*'
      '@deepseek-ai/dsh-api-remotes': '*'
      '@deepseek-ai/dsh-client-connection': '*'
      '@deepseek-ai/dsh-client-locale': '*'
      '@deepseek-ai/dsh-client-runtime': '*'
      '@deepseek-ai/dsh-client-ui-conversation': '*'
      '@deepseek-ai/dsh-client-ui-input-trigger': '*'
      '@deepseek-ai/dsh-client-ui-settings': '*'
      '@deepseek-ai/dsh-client-ui-slots': '*'
      '@deepseek-ai/dsh-llm': '*'
      '@deepseek-ai/dsh-settings': '*'
      '@deepseek-ai/dsh-typert-protocol': '*'
      '@deepseek-ai/dsh-typert-registry': '*'
      react: ^18.2.0
    peerDependenciesMeta:
      '@deepseek-ai/cordis':
        optional: true
      '@deepseek-ai/dsh-agent':
        optional: true
      '@deepseek-ai/dsh-api-remotes':
        optional: true
      '@deepseek-ai/dsh-client-connection':
        optional: true
      '@deepseek-ai/dsh-client-locale':
        optional: true
      '@deepseek-ai/dsh-client-runtime':
        optional: true
      '@deepseek-ai/dsh-client-ui-conversation':
        optional: true
      '@deepseek-ai/dsh-client-ui-input-trigger':
        optional: true
      '@deepseek-ai/dsh-client-ui-settings':
        optional: true
      '@deepseek-ai/dsh-client-ui-slots':
        optional: true
      '@deepseek-ai/dsh-llm':
        optional: true
      '@deepseek-ai/dsh-settings':
        optional: true
      '@deepseek-ai/dsh-typert-protocol':
        optional: true
      '@deepseek-ai/dsh-typert-registry':
        optional: true
      react:
        optional: true

  zod@4.4.3:
    resolution: {integrity: sha512-ytENFjIJFl2UwYglde2jchW2Hwm4GJFLDiSXWdTrJQBIN9Fcyp7n4DhxJEiWNAJMV1/BqWfW/kkg71UDcHJyTQ==}

snapshots:

  '@dsh-external/dsh-ads@https://codeload.github.com/Nagi-ovo/dsh-ads/tar.gz/3a2ba704bc383099c686d3288ff6e0d61fc391e5': {}

  dsh-at-file@https://codeload.github.com/omdsh-dev/dsh-at-file/tar.gz/c57849b27e378cf6b41d082b17c8a8750cee370f:
    dependencies:
      zod: 4.4.3

  zod@4.4.3: {}
