lockfileVersion: '9.0'

settings:
  autoInstallPeers: false
  excludeLinksFromLockfile: false

importers:

  .:
    dependencies:
      '@icelily/dsh-gitbash-preset':
        specifier: github:liceses/dsh-gitbash-preset
        version: https://codeload.github.com/liceses/dsh-gitbash-preset/tar.gz/fc475f4836ed9ea45b5c624878fdc3acf9e598c6

packages:

  '@icelily/dsh-gitbash-preset@https://codeload.github.com/liceses/dsh-gitbash-preset/tar.gz/fc475f4836ed9ea45b5c624878fdc3acf9e598c6':
    resolution: {gitHosted: true, integrity: sha512-orXE0pZVG0gpLj1ZGjRlhS56MWGLILrr6y8N3RaahMaIMpCHYH546lpVDGCUaeUdu8cSpTTJcf4KmQMHdti9ew==, tarball: https://codeload.github.com/liceses/dsh-gitbash-preset/tar.gz/fc475f4836ed9ea45b5c624878fdc3acf9e598c6}
    version: 0.1.1
    engines: {node: '>=20'}

snapshots:

  '@icelily/dsh-gitbash-preset@https://codeload.github.com/liceses/dsh-gitbash-preset/tar.gz/fc475f4836ed9ea45b5c624878fdc3acf9e598c6': {}
