lockfileVersion: '9.0'

settings:
  autoInstallPeers: false
  excludeLinksFromLockfile: false

importers:

  .:
    dependencies:
      dsh-engramory:
        specifier: github:tinqiao-oss/engramory
        version: https://codeload.github.com/tinqiao-oss/engramory/tar.gz/39efc183a55cb3d2c56e11a42b2b5e059a193ce3
      dsh-interconnect:
        specifier: github:Chinesezjc/dsh-interconnect
        version: https://codeload.github.com/Chinesezjc/dsh-interconnect/tar.gz/65bf651e7b54bdca8c11b8a1684bf4f767f4d5e5

packages:

  dsh-engramory@https://codeload.github.com/tinqiao-oss/engramory/tar.gz/39efc183a55cb3d2c56e11a42b2b5e059a193ce3:
    resolution: {gitHosted: true, integrity: sha512-BiNwcQNZQnGWC0CNtP02whmulsg5mv3ozZuIHmA0df6nyXBdHpb5ychiZSV6hBu6oFNrAvILnjjf0ZabVpGWXg==, tarball: https://codeload.github.com/tinqiao-oss/engramory/tar.gz/39efc183a55cb3d2c56e11a42b2b5e059a193ce3}
    version: 0.2.3

  dsh-interconnect@https://codeload.github.com/Chinesezjc/dsh-interconnect/tar.gz/65bf651e7b54bdca8c11b8a1684bf4f767f4d5e5:
    resolution: {gitHosted: true, tarball: https://codeload.github.com/Chinesezjc/dsh-interconnect/tar.gz/65bf651e7b54bdca8c11b8a1684bf4f767f4d5e5}
    version: 0.10.0
    peerDependencies:
      '@deepseek-ai/cordis': '*'
      '@deepseek-ai/dsh-agent': '*'
      '@deepseek-ai/dsh-api-remotes': '*'
      '@deepseek-ai/dsh-credentials': '*'
      '@deepseek-ai/dsh-host-apiproxy': '*'
      '@deepseek-ai/dsh-host-webserver': '*'
      '@deepseek-ai/dsh-invariants': '*'
      '@deepseek-ai/dsh-llm': '*'
      '@deepseek-ai/dsh-session': '*'
      '@deepseek-ai/dsh-skill': '*'
      '@deepseek-ai/dsh-subagent': '*'
      '@deepseek-ai/dsh-tools': '*'
      '@deepseek-ai/schemastery': '*'
      ws: '*'

snapshots:

  dsh-engramory@https://codeload.github.com/tinqiao-oss/engramory/tar.gz/39efc183a55cb3d2c56e11a42b2b5e059a193ce3: {}

  dsh-interconnect@https://codeload.github.com/Chinesezjc/dsh-interconnect/tar.gz/65bf651e7b54bdca8c11b8a1684bf4f767f4d5e5: {}
