lockfileVersion: '9.0'

settings:
  autoInstallPeers: false
  excludeLinksFromLockfile: false

importers:

  .:
    dependencies:
      dsh-interconnect:
        specifier: github:Chinesezjc/dsh-interconnect
        version: https://codeload.github.com/Chinesezjc/dsh-interconnect/tar.gz/9d19f95774a01d4420354f4641c685f122bf10b8

packages:

  dsh-interconnect@https://codeload.github.com/Chinesezjc/dsh-interconnect/tar.gz/9d19f95774a01d4420354f4641c685f122bf10b8:
    resolution: {gitHosted: true, tarball: https://codeload.github.com/Chinesezjc/dsh-interconnect/tar.gz/9d19f95774a01d4420354f4641c685f122bf10b8}
    version: 0.3.0
    peerDependencies:
      '@deepseek-ai/cordis': '*'
      '@deepseek-ai/dsh-agent': '*'
      '@deepseek-ai/dsh-credentials': '*'
      '@deepseek-ai/dsh-host-apiproxy': '*'
      '@deepseek-ai/dsh-host-webserver': '*'
      '@deepseek-ai/dsh-invariants': '*'
      '@deepseek-ai/dsh-llm': '*'
      '@deepseek-ai/dsh-session': '*'
      '@deepseek-ai/dsh-subagent': '*'
      '@deepseek-ai/dsh-tools': '*'
      '@deepseek-ai/schemastery': '*'
      ws: '*'

snapshots:

  dsh-interconnect@https://codeload.github.com/Chinesezjc/dsh-interconnect/tar.gz/9d19f95774a01d4420354f4641c685f122bf10b8: {}
