lockfileVersion: '9.0'

settings:
  autoInstallPeers: false
  excludeLinksFromLockfile: false

importers:

  .:
    dependencies:
      dsh-unitarylab-quantum-practices:
        specifier: github:unitarylab/quantum-practices
        version: https://codeload.github.com/unitarylab/quantum-practices/tar.gz/572a24c9b5c9787caec98810351f5cb17c82250e
      zat-dsh-engine:
        specifier: github:mishibeikejie/zat-dsh-engine
        version: https://codeload.github.com/mishibeikejie/zat-dsh-engine/tar.gz/18bcc263535cd185b466b71c9b89118bdd769f7f

packages:

  argparse@2.0.1:
    resolution: {integrity: sha512-8+9WqebbFzpX9OR+Wa6O29asIogeRMzcGtAINdpMHHyAg10f05aSFVBbcEqGf/PXw1EjAZ+q2/bEBg3DvurK3Q==}

  dsh-unitarylab-quantum-practices@https://codeload.github.com/unitarylab/quantum-practices/tar.gz/572a24c9b5c9787caec98810351f5cb17c82250e:
    resolution: {gitHosted: true, tarball: https://codeload.github.com/unitarylab/quantum-practices/tar.gz/572a24c9b5c9787caec98810351f5cb17c82250e}
    version: 0.1.0
    engines: {node: ^22.19.0 || >=24.0.0}
    peerDependencies:
      '@deepseek-ai/cordis': ^4.0.1
      '@deepseek-ai/dsh-tools': '>=0.0.1-rc.1 <0.2.0'

  js-yaml@4.3.1:
    resolution: {integrity: sha512-CY6crGq313MX8GkwvB7tzgp99vjQxY1++5y10/BKN/GUfHqWaOGQMNZkBvqSzsZKWk/ijwHlWzzkLulsGHhjWQ==}
    hasBin: true

  zat-dsh-engine@https://codeload.github.com/mishibeikejie/zat-dsh-engine/tar.gz/18bcc263535cd185b466b71c9b89118bdd769f7f:
    resolution: {gitHosted: true, tarball: https://codeload.github.com/mishibeikejie/zat-dsh-engine/tar.gz/18bcc263535cd185b466b71c9b89118bdd769f7f}
    version: 0.6.3
    peerDependencies:
      '@deepseek-ai/cordis': ^4.0.1
      '@deepseek-ai/dsh-fs': '*'
      '@deepseek-ai/dsh-llm': '*'
      '@deepseek-ai/dsh-subprocess': '*'
      '@deepseek-ai/dsh-tools': '*'
      '@deepseek-ai/dsh-typert-protocol': '*'
      react: ^18.2.0

  zod@4.4.3:
    resolution: {integrity: sha512-ytENFjIJFl2UwYglde2jchW2Hwm4GJFLDiSXWdTrJQBIN9Fcyp7n4DhxJEiWNAJMV1/BqWfW/kkg71UDcHJyTQ==}

snapshots:

  argparse@2.0.1: {}

  dsh-unitarylab-quantum-practices@https://codeload.github.com/unitarylab/quantum-practices/tar.gz/572a24c9b5c9787caec98810351f5cb17c82250e: {}

  js-yaml@4.3.1:
    dependencies:
      argparse: 2.0.1

  zat-dsh-engine@https://codeload.github.com/mishibeikejie/zat-dsh-engine/tar.gz/18bcc263535cd185b466b71c9b89118bdd769f7f:
    dependencies:
      js-yaml: 4.3.1
      zod: 4.4.3

  zod@4.4.3: {}
