lockfileVersion: '9.0'

settings:
  autoInstallPeers: false
  excludeLinksFromLockfile: false

importers:

  .:
    dependencies:
      '@icelily/dsh-gitbash-preset':
        specifier: github:liceses/dsh-gitbash-preset
        version: https://codeload.github.com/liceses/dsh-gitbash-preset/tar.gz/db21575b52e249f6a2eeeef0eb9ff92dc72943c8
      '@nanmicoder/dsh-auto-mode':
        specifier: github:NanmiCoder/dsh-auto-mode
        version: https://codeload.github.com/NanmiCoder/dsh-auto-mode/tar.gz/a53af050536655f29f8b449ee57f1dd79bf06603
      '@ychris12138/dsh-usage-stats':
        specifier: github:Ychris12138/dsh-usage-stats
        version: https://codeload.github.com/Ychris12138/dsh-usage-stats/tar.gz/c6212d9a35e3542a100fa61b51e42a8fa8e688e3
      '@zseven-w/dsh-noema':
        specifier: github:ZSeven-W/dsh-noema
        version: https://codeload.github.com/ZSeven-W/dsh-noema/tar.gz/9cc3ab1ee00de04bf318be9cf2b102ae668ceeb2(@deepseek-ai/schemastery@3.18.2)
      dsh-git-memory:
        specifier: github:seriousz158/dsh-memory
        version: https://codeload.github.com/seriousz158/dsh-memory/tar.gz/2a994f7279b0ca396163a36fe31e9293dc5abd03(@deepseek-ai/schemastery@3.18.2)
      dsh-plugin-marketplace:
        specifier: github:bradeGithub/DSH-Plugins-Marketplace
        version: https://codeload.github.com/bradeGithub/DSH-Plugins-Marketplace/tar.gz/cf4896debab98ebe6113a6d91bb03c9ebd6c9612
      dsh-popout-sidebar:
        specifier: github:e2mcc/dsh-popout-sidebar
        version: https://codeload.github.com/e2mcc/dsh-popout-sidebar/tar.gz/e9a8458cb65c0a863ba5c86bf4ad272b1e0e3162
      dsh-unitarylab-quantum-practices:
        specifier: github:unitarylab/quantum-practices
        version: https://codeload.github.com/unitarylab/quantum-practices/tar.gz/572a24c9b5c9787caec98810351f5cb17c82250e
      zat-dsh-engine:
        specifier: github:mishibeikejie/zat-dsh-engine
        version: https://codeload.github.com/mishibeikejie/zat-dsh-engine/tar.gz/b3b7ce6969fc806df1edb4170073ddd50c6927c0

packages:

  '@deepseek-ai/cosmokit@1.8.3':
    resolution: {integrity: sha512-qBo+ronVM6Eu2WNVJXi8JcMiqZ19T9BRIpV+5qJUFPXjGH/Z0QKcQMC/IZJ7L394YTOtJgcovbk9qP0w2GsBXQ==}

  '@deepseek-ai/schemastery@3.18.2':
    resolution: {integrity: sha512-njDtZsznjYxok7KLLlHOPyuv2efdWVbSflAHgztSfbMsg+CVraEoRe2DjOCgClYv3ZCSm7WXoaUkbB/+RY7tWQ==}

  '@icelily/dsh-gitbash-preset@https://codeload.github.com/liceses/dsh-gitbash-preset/tar.gz/db21575b52e249f6a2eeeef0eb9ff92dc72943c8':
    resolution: {gitHosted: true, integrity: sha512-JeoS0JZoqCz3uuGVb+W38w08uegiYWtgI5esN+3yJbnK+uXmS0TG1oXYpS3m96l27WzDX5wATaGmvULFnmWqSQ==, tarball: https://codeload.github.com/liceses/dsh-gitbash-preset/tar.gz/db21575b52e249f6a2eeeef0eb9ff92dc72943c8}
    version: 0.1.2
    engines: {node: '>=20'}

  '@nanmicoder/dsh-auto-mode@https://codeload.github.com/NanmiCoder/dsh-auto-mode/tar.gz/a53af050536655f29f8b449ee57f1dd79bf06603':
    resolution: {gitHosted: true, integrity: sha512-ObKi82Eh/LCGy7tT3yBlEPRqKgBPwZCifjxppyAdkUpkOqbKnsjYo8rt2SxtLwZUkoixLBPNz08HFGrKOigU5Q==, tarball: https://codeload.github.com/NanmiCoder/dsh-auto-mode/tar.gz/a53af050536655f29f8b449ee57f1dd79bf06603}
    version: 0.1.6
    engines: {node: ^22.19.0 || >=24.0.0}
    peerDependencies:
      '@deepseek-ai/cordis': ^4.0.2
      '@deepseek-ai/dsh-client-locale': ^0.1.2-alpha.2
      '@deepseek-ai/dsh-llm': ^0.1.2-alpha.2
      '@deepseek-ai/dsh-permission-presets': ^0.1.2-alpha.2
      '@deepseek-ai/dsh-tools': ^0.1.2-alpha.2
      '@deepseek-ai/dsh-user-approval': ^0.1.2-alpha.2
    peerDependenciesMeta:
      '@deepseek-ai/cordis':
        optional: true
      '@deepseek-ai/dsh-client-locale':
        optional: true
      '@deepseek-ai/dsh-llm':
        optional: true
      '@deepseek-ai/dsh-permission-presets':
        optional: true
      '@deepseek-ai/dsh-tools':
        optional: true
      '@deepseek-ai/dsh-user-approval':
        optional: true

  '@standard-schema/spec@1.1.0':
    resolution: {integrity: sha512-l2aFy5jALhniG5HgqrD6jXLi/rUWrKvqN/qJx6yoJsgKhblVd+iqqU4RCXavm/jPityDo5TCvKMnpjKnOriy0w==}

  '@ychris12138/dsh-usage-stats@https://codeload.github.com/Ychris12138/dsh-usage-stats/tar.gz/c6212d9a35e3542a100fa61b51e42a8fa8e688e3':
    resolution: {gitHosted: true, integrity: sha512-nddz5ZrLHFwtwM80wE0mAJGAgil8LJclLFdDFsLx6FNg6g6+ecx0grDVtVY5sV7NIFS3yQ/FxC/Zw7J9VQK3cQ==, tarball: https://codeload.github.com/Ychris12138/dsh-usage-stats/tar.gz/c6212d9a35e3542a100fa61b51e42a8fa8e688e3}
    version: 0.3.1
    hasBin: true

  '@zseven-w/dsh-noema-darwin-arm64@0.1.0-rc.3':
    resolution: {integrity: sha512-ZRL7Xzaaoq1roNLbflLGZizUiFahT9imrWG7WTVRgwqu4TPaAH8tw7FZDRfO6NCgcRjkrYOJZMDwtrtxUdUveA==}
    engines: {node: '>=24.11.0'}
    cpu: [arm64]
    os: [darwin]

  '@zseven-w/dsh-noema-darwin-x64@0.1.0-rc.3':
    resolution: {integrity: sha512-L+laBZ4bmY5TvKqFp7KN54Rp4azw6xuSEttsRYl7TMnM2tp7Bdf1YRYMv015jdcFhpl8xp6B/VzHt4QIZQvH4g==}
    engines: {node: '>=24.11.0'}
    cpu: [x64]
    os: [darwin]

  '@zseven-w/dsh-noema-linux-arm64@0.1.0-rc.3':
    resolution: {integrity: sha512-xvVsXPN+9j5OQM+WUAdnTdudbxxo529GG7hZQ9vjz0AujyAa3mhgMRNHDu7AGzkUPEz0IVngbshdX3Y/VPx0vg==}
    engines: {node: '>=24.11.0'}
    cpu: [arm64]
    os: [linux]
    libc: [glibc]

  '@zseven-w/dsh-noema-linux-x64@0.1.0-rc.3':
    resolution: {integrity: sha512-lbJ5xS0vJhmNiZ377r0f7JayFaIqKau4hEkO8Gl+gW7PXE3hAlexKwIyC/8oxqwR38j+FUdGO94ye+8W0ca6CQ==}
    engines: {node: '>=24.11.0'}
    cpu: [x64]
    os: [linux]
    libc: [glibc]

  '@zseven-w/dsh-noema-win32-arm64@0.1.0-rc.3':
    resolution: {integrity: sha512-aoAPKBUHsPFvXfMZi/H/2fv5BAVoYf7p6Sfh6CvW1ZmpWr6N7glKRSrn/x0pNsp6fxyelj9ubovc4aAFTn/hog==}
    engines: {node: '>=24.11.0'}
    cpu: [arm64]
    os: [win32]

  '@zseven-w/dsh-noema-win32-x64@0.1.0-rc.3':
    resolution: {integrity: sha512-PbvItTpbQMhkj3i62QHk9/tWWhmodlJ/804wLfL7w97/wBN56GGOyzcSdDKWZ3bDC8Toa14ZdnKH3d7oLlQSow==}
    engines: {node: '>=24.11.0'}
    cpu: [x64]
    os: [win32]

  '@zseven-w/dsh-noema@https://codeload.github.com/ZSeven-W/dsh-noema/tar.gz/9cc3ab1ee00de04bf318be9cf2b102ae668ceeb2':
    resolution: {gitHosted: true, integrity: sha512-2bSjjWQjLIi8VGKHGXpShBm89PFYyiDYbKyVSMlYNnFDeCLUOetv8cnREb5D7cL0yuJyVsm9M4WsT5C/i4RroQ==, tarball: https://codeload.github.com/ZSeven-W/dsh-noema/tar.gz/9cc3ab1ee00de04bf318be9cf2b102ae668ceeb2}
    version: 0.1.0-rc.3
    engines: {node: '>=24.11.0'}
    peerDependencies:
      '@deepseek-ai/cordis': ^4.0.1
      '@deepseek-ai/dsh-client-locale': ^0.1.0-rc.6
      '@deepseek-ai/dsh-client-runtime': ^0.1.0-rc.6
      '@deepseek-ai/dsh-client-ui-settings': ^0.1.0-rc.6
      '@deepseek-ai/dsh-client-ui-slots': ^0.1.0-rc.6
      '@deepseek-ai/dsh-host-webserver': ^0.1.0-rc.6
      '@deepseek-ai/dsh-settings': ^0.1.0-rc.6
      '@deepseek-ai/dsh-system-prompt': ^0.1.0-rc.6
      '@deepseek-ai/dsh-tools': ^0.1.0-rc.6
      '@deepseek-ai/schemastery': ^3.0.0
      react: ^18.2.0
      react-dom: ^18.2.0

  argparse@2.0.1:
    resolution: {integrity: sha512-8+9WqebbFzpX9OR+Wa6O29asIogeRMzcGtAINdpMHHyAg10f05aSFVBbcEqGf/PXw1EjAZ+q2/bEBg3DvurK3Q==}

  dsh-git-memory@https://codeload.github.com/seriousz158/dsh-memory/tar.gz/2a994f7279b0ca396163a36fe31e9293dc5abd03:
    resolution: {gitHosted: true, integrity: sha512-6muo6yn+AsSDqSAKi9yqKId9h60B+/0h7RqOrEdBMdt97zcdxMy27Jw4Lbk8sD7v3wUPKzDSPD60Kaf13kIu6A==, tarball: https://codeload.github.com/seriousz158/dsh-memory/tar.gz/2a994f7279b0ca396163a36fe31e9293dc5abd03}
    version: 0.8.2
    engines: {node: '>=22'}
    peerDependencies:
      '@deepseek-ai/dsh-api-remotes': ^0.1.0-rc.6
      '@deepseek-ai/dsh-client-connection': ^0.1.0-rc.6
      '@deepseek-ai/dsh-client-runtime': ^0.1.0-rc.6
      '@deepseek-ai/dsh-client-ui-settings': ^0.1.0-rc.6
      '@deepseek-ai/dsh-settings': ^0.1.0-rc.6
      '@deepseek-ai/dsh-tools': ^0.1.0-rc.6
      '@deepseek-ai/dsh-typert-protocol': ^0.1.0-rc.6
      '@deepseek-ai/schemastery': ^3.18.1
      react: ^18.2.0

  dsh-plugin-marketplace@https://codeload.github.com/bradeGithub/DSH-Plugins-Marketplace/tar.gz/cf4896debab98ebe6113a6d91bb03c9ebd6c9612:
    resolution: {gitHosted: true, integrity: sha512-QOccI6GbdfaAEfe8N7nvqAdV/g61LbIYbQms6yD1x2Vfq/EFi7LNuX4ifVs9WYl5T0wYpptKS40tilO1auZCww==, tarball: https://codeload.github.com/bradeGithub/DSH-Plugins-Marketplace/tar.gz/cf4896debab98ebe6113a6d91bb03c9ebd6c9612}
    version: 1.5.5

  dsh-popout-sidebar@https://codeload.github.com/e2mcc/dsh-popout-sidebar/tar.gz/e9a8458cb65c0a863ba5c86bf4ad272b1e0e3162:
    resolution: {gitHosted: true, integrity: sha512-PCPmu+5404fhKEjozKvKGHhDj3PPkL1eYfjQXWCKlMpVO1xQ53v+Q2rZKsujdPozlgMbEDGlV/ATdM5qnPClFQ==, tarball: https://codeload.github.com/e2mcc/dsh-popout-sidebar/tar.gz/e9a8458cb65c0a863ba5c86bf4ad272b1e0e3162}
    version: 1.0.1
    engines: {node: '>=20'}

  dsh-unitarylab-quantum-practices@https://codeload.github.com/unitarylab/quantum-practices/tar.gz/572a24c9b5c9787caec98810351f5cb17c82250e:
    resolution: {gitHosted: true, tarball: https://codeload.github.com/unitarylab/quantum-practices/tar.gz/572a24c9b5c9787caec98810351f5cb17c82250e}
    version: 0.1.0
    engines: {node: ^22.19.0 || >=24.0.0}
    peerDependencies:
      '@deepseek-ai/cordis': ^4.0.1
      '@deepseek-ai/dsh-tools': '>=0.0.1-rc.1 <0.2.0'

  js-yaml@4.3.1:
    resolution: {integrity: sha512-CY6crGq313MX8GkwvB7tzgp99vjQxY1++5y10/BKN/GUfHqWaOGQMNZkBvqSzsZKWk/ijwHlWzzkLulsGHhjWQ==}
    hasBin: true

  zat-dsh-engine@https://codeload.github.com/mishibeikejie/zat-dsh-engine/tar.gz/b3b7ce6969fc806df1edb4170073ddd50c6927c0:
    resolution: {gitHosted: true, tarball: https://codeload.github.com/mishibeikejie/zat-dsh-engine/tar.gz/b3b7ce6969fc806df1edb4170073ddd50c6927c0}
    version: 0.7.0
    peerDependencies:
      '@deepseek-ai/cordis': ^4.0.1
      '@deepseek-ai/dsh-fs': '*'
      '@deepseek-ai/dsh-llm': '*'
      '@deepseek-ai/dsh-subprocess': '*'
      '@deepseek-ai/dsh-tools': '*'
      '@deepseek-ai/dsh-typert-protocol': '*'
      react: ^18.2.0

  zod@4.4.3:
    resolution: {integrity: sha512-ytENFjIJFl2UwYglde2jchW2Hwm4GJFLDiSXWdTrJQBIN9Fcyp7n4DhxJEiWNAJMV1/BqWfW/kkg71UDcHJyTQ==}

snapshots:

  '@deepseek-ai/cosmokit@1.8.3': {}

  '@deepseek-ai/schemastery@3.18.2':
    dependencies:
      '@deepseek-ai/cosmokit': 1.8.3
      '@standard-schema/spec': 1.1.0

  '@icelily/dsh-gitbash-preset@https://codeload.github.com/liceses/dsh-gitbash-preset/tar.gz/db21575b52e249f6a2eeeef0eb9ff92dc72943c8': {}

  '@nanmicoder/dsh-auto-mode@https://codeload.github.com/NanmiCoder/dsh-auto-mode/tar.gz/a53af050536655f29f8b449ee57f1dd79bf06603':
    dependencies:
      '@deepseek-ai/schemastery': 3.18.2

  '@standard-schema/spec@1.1.0': {}

  '@ychris12138/dsh-usage-stats@https://codeload.github.com/Ychris12138/dsh-usage-stats/tar.gz/c6212d9a35e3542a100fa61b51e42a8fa8e688e3': {}

  '@zseven-w/dsh-noema-darwin-arm64@0.1.0-rc.3':
    optional: true

  '@zseven-w/dsh-noema-darwin-x64@0.1.0-rc.3':
    optional: true

  '@zseven-w/dsh-noema-linux-arm64@0.1.0-rc.3':
    optional: true

  '@zseven-w/dsh-noema-linux-x64@0.1.0-rc.3':
    optional: true

  '@zseven-w/dsh-noema-win32-arm64@0.1.0-rc.3':
    optional: true

  '@zseven-w/dsh-noema-win32-x64@0.1.0-rc.3':
    optional: true

  '@zseven-w/dsh-noema@https://codeload.github.com/ZSeven-W/dsh-noema/tar.gz/9cc3ab1ee00de04bf318be9cf2b102ae668ceeb2(@deepseek-ai/schemastery@3.18.2)':
    dependencies:
      '@deepseek-ai/schemastery': 3.18.2
    optionalDependencies:
      '@zseven-w/dsh-noema-darwin-arm64': 0.1.0-rc.3
      '@zseven-w/dsh-noema-darwin-x64': 0.1.0-rc.3
      '@zseven-w/dsh-noema-linux-arm64': 0.1.0-rc.3
      '@zseven-w/dsh-noema-linux-x64': 0.1.0-rc.3
      '@zseven-w/dsh-noema-win32-arm64': 0.1.0-rc.3
      '@zseven-w/dsh-noema-win32-x64': 0.1.0-rc.3

  argparse@2.0.1: {}

  dsh-git-memory@https://codeload.github.com/seriousz158/dsh-memory/tar.gz/2a994f7279b0ca396163a36fe31e9293dc5abd03(@deepseek-ai/schemastery@3.18.2):
    dependencies:
      '@deepseek-ai/schemastery': 3.18.2

  dsh-plugin-marketplace@https://codeload.github.com/bradeGithub/DSH-Plugins-Marketplace/tar.gz/cf4896debab98ebe6113a6d91bb03c9ebd6c9612: {}

  dsh-popout-sidebar@https://codeload.github.com/e2mcc/dsh-popout-sidebar/tar.gz/e9a8458cb65c0a863ba5c86bf4ad272b1e0e3162: {}

  dsh-unitarylab-quantum-practices@https://codeload.github.com/unitarylab/quantum-practices/tar.gz/572a24c9b5c9787caec98810351f5cb17c82250e: {}

  js-yaml@4.3.1:
    dependencies:
      argparse: 2.0.1

  zat-dsh-engine@https://codeload.github.com/mishibeikejie/zat-dsh-engine/tar.gz/b3b7ce6969fc806df1edb4170073ddd50c6927c0:
    dependencies:
      js-yaml: 4.3.1
      zod: 4.4.3

  zod@4.4.3: {}
