lockfileVersion: '9.0'

settings:
  autoInstallPeers: false
  excludeLinksFromLockfile: false

importers:

  .:
    dependencies:
      dsh-plugin-marketplace:
        specifier: github:YELEBAI/dsh-plugin-marketplace
        version: https://codeload.github.com/YELEBAI/dsh-plugin-marketplace/tar.gz/db4485cef1a22d0258b7cfdfc285cc4e0083e244

packages:

  dsh-plugin-marketplace@https://codeload.github.com/YELEBAI/dsh-plugin-marketplace/tar.gz/db4485cef1a22d0258b7cfdfc285cc4e0083e244:
    resolution: {gitHosted: true, integrity: sha512-OA/rOGX3GvirRWjfwZLw0jmFd90cIEXFwLbvDpcSpjNNEcVSKJYZc90jiegpoyPhhfAOzz7eve96LvTkJjru7w==, tarball: https://codeload.github.com/YELEBAI/dsh-plugin-marketplace/tar.gz/db4485cef1a22d0258b7cfdfc285cc4e0083e244}
    version: 0.6.1
    peerDependencies:
      '@deepseek-ai/cordis': ^4.0.1
      '@deepseek-ai/dsh-app-boot': ^0.1.0-rc.5
      '@deepseek-ai/dsh-typert-protocol': ^0.1.0-rc.5

  zod@4.4.3:
    resolution: {integrity: sha512-ytENFjIJFl2UwYglde2jchW2Hwm4GJFLDiSXWdTrJQBIN9Fcyp7n4DhxJEiWNAJMV1/BqWfW/kkg71UDcHJyTQ==}

snapshots:

  dsh-plugin-marketplace@https://codeload.github.com/YELEBAI/dsh-plugin-marketplace/tar.gz/db4485cef1a22d0258b7cfdfc285cc4e0083e244:
    dependencies:
      zod: 4.4.3

  zod@4.4.3: {}
