lockfileVersion: '9.0'

settings:
  autoInstallPeers: false
  excludeLinksFromLockfile: false

importers:

  .:
    dependencies:
      dsh-git-memory:
        specifier: github:seriousz158/dsh-memory
        version: https://codeload.github.com/seriousz158/dsh-memory/tar.gz/2a994f7279b0ca396163a36fe31e9293dc5abd03

packages:

  dsh-git-memory@https://codeload.github.com/seriousz158/dsh-memory/tar.gz/2a994f7279b0ca396163a36fe31e9293dc5abd03:
    resolution: {gitHosted: true, integrity: sha512-6muo6yn+AsSDqSAKi9yqKId9h60B+/0h7RqOrEdBMdt97zcdxMy27Jw4Lbk8sD7v3wUPKzDSPD60Kaf13kIu6A==, tarball: https://codeload.github.com/seriousz158/dsh-memory/tar.gz/2a994f7279b0ca396163a36fe31e9293dc5abd03}
    version: 0.8.2
    engines: {node: '>=22'}
    peerDependencies:
      '@deepseek-ai/dsh-api-remotes': ^0.1.0-rc.6
      '@deepseek-ai/dsh-client-connection': ^0.1.0-rc.6
      '@deepseek-ai/dsh-client-runtime': ^0.1.0-rc.6
      '@deepseek-ai/dsh-client-ui-settings': ^0.1.0-rc.6
      '@deepseek-ai/dsh-settings': ^0.1.0-rc.6
      '@deepseek-ai/dsh-tools': ^0.1.0-rc.6
      '@deepseek-ai/dsh-typert-protocol': ^0.1.0-rc.6
      '@deepseek-ai/schemastery': ^3.18.1
      react: ^18.2.0

snapshots:

  dsh-git-memory@https://codeload.github.com/seriousz158/dsh-memory/tar.gz/2a994f7279b0ca396163a36fe31e9293dc5abd03: {}
