lockfileVersion: '9.0'

settings:
  autoInstallPeers: false
  excludeLinksFromLockfile: false

importers:

  .:
    dependencies:
      '@deepseek-ai/dsh-plugin-check':
        specifier: github:omdsh-dev/dsh-plugin-check
        version: https://codeload.github.com/omdsh-dev/dsh-plugin-check/tar.gz/397aa26df241aca530aa65a08484a664f7d555ad

packages:

  '@deepseek-ai/dsh-plugin-check@https://codeload.github.com/omdsh-dev/dsh-plugin-check/tar.gz/397aa26df241aca530aa65a08484a664f7d555ad':
    resolution: {gitHosted: true, integrity: sha512-eNk7h2sAJq6eWkAUMIMjmJqYJX+5FEcYZshLq6XHg2H6brKILy/VSGsdpKGH7/8JKRbq/tceX6u5D4fXIAgdZg==, tarball: https://codeload.github.com/omdsh-dev/dsh-plugin-check/tar.gz/397aa26df241aca530aa65a08484a664f7d555ad}
    version: 0.0.1
    engines: {node: ^22.19.0 || >=24.0.0}
    peerDependencies:
      '@deepseek-ai/cordis': ^4.0.1
      '@deepseek-ai/dsh-invariants': '>=0.0.1-rc.1 <0.2.0'
      '@deepseek-ai/dsh-tools': '>=0.0.1-rc.1 <0.2.0'

snapshots:

  '@deepseek-ai/dsh-plugin-check@https://codeload.github.com/omdsh-dev/dsh-plugin-check/tar.gz/397aa26df241aca530aa65a08484a664f7d555ad': {}
