lockfileVersion: '9.0'

settings:
  autoInstallPeers: false
  excludeLinksFromLockfile: false

importers:

  .:
    dependencies:
      '@huanlin/dsh-plugin-session-delete':
        specifier: github:lsz-asd/dsh-plugin-session-delete
        version: https://codeload.github.com/lsz-asd/dsh-plugin-session-delete/tar.gz/352510e552983dcfcb993cf9124181c55e2070f5
      dsh-composer-polish:
        specifier: github:tianji-qingtian/dsh-composer-polish
        version: https://codeload.github.com/tianji-qingtian/dsh-composer-polish/tar.gz/4787f0ca103005046c6bdbdfb51edd3f06b52544

packages:

  '@huanlin/dsh-plugin-session-delete@https://codeload.github.com/lsz-asd/dsh-plugin-session-delete/tar.gz/352510e552983dcfcb993cf9124181c55e2070f5':
    resolution: {gitHosted: true, integrity: sha512-dRrFbjLNF0XYGCRZhBi3RMzqYDmh4sA72Xc0ge85e0FNzLTk+JUHGwWYbHNSYfOu52e8pUn7vpUyjGT5XjMooQ==, tarball: https://codeload.github.com/lsz-asd/dsh-plugin-session-delete/tar.gz/352510e552983dcfcb993cf9124181c55e2070f5}
    version: 0.3.1
    engines: {node: '>=20'}
    peerDependencies:
      '@deepseek-ai/dsh-tools': ^0.1.0-rc.6

  dsh-composer-polish@https://codeload.github.com/tianji-qingtian/dsh-composer-polish/tar.gz/4787f0ca103005046c6bdbdfb51edd3f06b52544:
    resolution: {gitHosted: true, integrity: sha512-zktefh0dWtpYGA+DcmkDYq0/0x5M+J73xY71d9s3MhfSq3MqoCG9ueTCDuwVX2Ul/wbpRk6sg5Se3qIXpjjJPQ==, tarball: https://codeload.github.com/tianji-qingtian/dsh-composer-polish/tar.gz/4787f0ca103005046c6bdbdfb51edd3f06b52544}
    version: 0.1.4
    engines: {node: ^22.19.0 || >=24.0.0}
    peerDependencies:
      '@deepseek-ai/cordis': ^4.0.1
      '@deepseek-ai/dsh-commands': ^0.1.1-rc.2
      '@deepseek-ai/dsh-llm': ^0.1.1-rc.2
      react: ^18.2.0

snapshots:

  '@huanlin/dsh-plugin-session-delete@https://codeload.github.com/lsz-asd/dsh-plugin-session-delete/tar.gz/352510e552983dcfcb993cf9124181c55e2070f5': {}

  dsh-composer-polish@https://codeload.github.com/tianji-qingtian/dsh-composer-polish/tar.gz/4787f0ca103005046c6bdbdfb51edd3f06b52544: {}
