lockfileVersion: '9.0'

settings:
  autoInstallPeers: false
  excludeLinksFromLockfile: false

importers:

  .:
    dependencies:
      dsh-file-explorer:
        specifier: github:joejojoking-cloud/dsh-file-explorer
        version: https://codeload.github.com/joejojoking-cloud/dsh-file-explorer/tar.gz/8f186671bd7e949b6a76f632fae4fb4522ee6248

packages:

  dsh-file-explorer@https://codeload.github.com/joejojoking-cloud/dsh-file-explorer/tar.gz/8f186671bd7e949b6a76f632fae4fb4522ee6248:
    resolution: {gitHosted: true, integrity: sha512-VF2gIC/Kk6DaD11ff7tokGvaXK+6aS+voG6dmGudhVKQ0gtstbotJnc+7ohSErrwEew/Gch1/kM58rbw6s9+/A==, tarball: https://codeload.github.com/joejojoking-cloud/dsh-file-explorer/tar.gz/8f186671bd7e949b6a76f632fae4fb4522ee6248}
    version: 0.1.1
    peerDependencies:
      '@deepseek-ai/cordis': ^4.0.1-rc.1
      '@deepseek-ai/dsh-client-locale': ^0.0.1-rc.1
      '@deepseek-ai/dsh-client-runtime': ^0.0.1-rc.1
      '@deepseek-ai/dsh-client-ui-conversation': ^0.0.1-rc.1
      '@deepseek-ai/dsh-client-ui-slots': ^0.0.1-rc.1
      react: ^18.2.0

snapshots:

  dsh-file-explorer@https://codeload.github.com/joejojoking-cloud/dsh-file-explorer/tar.gz/8f186671bd7e949b6a76f632fae4fb4522ee6248: {}
