lockfileVersion: '9.0'

settings:
  autoInstallPeers: false
  excludeLinksFromLockfile: false

importers:

  .:
    dependencies:
      '@tencent-connect/dsh-qqbot':
        specifier: github:tencent-connect/dsh-qqbot
        version: https://codeload.github.com/tencent-connect/dsh-qqbot/tar.gz/5b5e9b8a374f7289bd398b266dd845137a081784
      dsh-chat-import:
        specifier: github:Nwflower/dsh-chat-import
        version: https://codeload.github.com/Nwflower/dsh-chat-import/tar.gz/0fb7d9c479dd7f56edc61c8c633b883abdae3dfd

packages:

  '@tencent-connect/dsh-qqbot@https://codeload.github.com/tencent-connect/dsh-qqbot/tar.gz/5b5e9b8a374f7289bd398b266dd845137a081784':
    resolution: {gitHosted: true, tarball: https://codeload.github.com/tencent-connect/dsh-qqbot/tar.gz/5b5e9b8a374f7289bd398b266dd845137a081784}
    version: 0.4.0
    peerDependencies:
      '@deepseek-ai/cordis': '>=4.0.1'
      '@deepseek-ai/dsh-agent': '>=0.1.0-rc.6'
      '@deepseek-ai/dsh-llm': '>=0.1.0-rc.6'
      '@deepseek-ai/dsh-session': '>=0.1.0-rc.6'
      '@deepseek-ai/schemastery': '>=3.18.1'

  '@tencent-connect/qqbot-connector@1.2.0':
    resolution: {integrity: sha512-FAOUCvgxP4M9UiYbHrtVgJ7BavSlh1CHJPjeEQuTAkP9MZ91lX4yATqv6I/lB9yp15nVq+G2DaGSSJwQTSoSsA==}
    engines: {node: '>=18.0.0'}

  '@tencent-connect/qqbot-nodejs@1.0.4':
    resolution: {integrity: sha512-gU5HySLplczZXMUjM7NtiUACY7YfX9YlI/R9PKzCLMgLmHvwsX9L2sitsrYPMentGUr9b8NLfSaSTsndF77NBA==}
    engines: {node: '>=18'}
    peerDependencies:
      mpg123-decoder: ^1.0.3
      silk-wasm: ^3.7.1
    peerDependenciesMeta:
      mpg123-decoder:
        optional: true
      silk-wasm:
        optional: true

  argparse@2.0.1:
    resolution: {integrity: sha512-8+9WqebbFzpX9OR+Wa6O29asIogeRMzcGtAINdpMHHyAg10f05aSFVBbcEqGf/PXw1EjAZ+q2/bEBg3DvurK3Q==}

  dsh-chat-import@https://codeload.github.com/Nwflower/dsh-chat-import/tar.gz/0fb7d9c479dd7f56edc61c8c633b883abdae3dfd:
    resolution: {gitHosted: true, integrity: sha512-1Cb64IvRRuNbsKobQqlxSnR71mc3tkgDi5oYFYJ2watDofUu8wY559974lrL9qp/7heECiBPwHGWHwEa+47/9Q==, tarball: https://codeload.github.com/Nwflower/dsh-chat-import/tar.gz/0fb7d9c479dd7f56edc61c8c633b883abdae3dfd}
    version: 0.6.2
    engines: {node: '>=22.13'}
    hasBin: true
    peerDependencies:
      '@deepseek-ai/cordis': ^4.0.1
      '@deepseek-ai/dsh-client-locale': '>=0.1.0-rc.6'
      '@deepseek-ai/dsh-tools': ^0.1.0-rc.6
      '@deepseek-ai/schemastery': '>=3.0.0'
      react: '>=18.0.0'

  fzstd@0.1.1:
    resolution: {integrity: sha512-dkuVSOKKwh3eas5VkJy1AW1vFpet8TA/fGmVA5krThl8YcOVE/8ZIoEA1+U1vEn5ckxxhLirSdY837azmbaNHA==}

  js-yaml@4.3.1:
    resolution: {integrity: sha512-CY6crGq313MX8GkwvB7tzgp99vjQxY1++5y10/BKN/GUfHqWaOGQMNZkBvqSzsZKWk/ijwHlWzzkLulsGHhjWQ==}
    hasBin: true

  qrcode-terminal@0.12.0:
    resolution: {integrity: sha512-EXtzRZmC+YGmGlDFbXKxQiMZNwCLEO6BANKXG4iCtSIM0yqc/pappSx3RIKr4r0uh5JsBckOXeKrB3Iz7mdQpQ==}
    hasBin: true

  ws@8.21.3:
    resolution: {integrity: sha512-201TZ/kPWxoPr/OKWjquZR1SWKXcvxdH+e1xrx89b3YbmzLMFCLfnaG1HFIgWzJOEWZ7MvpK++odZufgYR50Rw==}
    engines: {node: '>=10.0.0'}
    peerDependencies:
      bufferutil: ^4.0.1
      utf-8-validate: '>=5.0.2'
    peerDependenciesMeta:
      bufferutil:
        optional: true
      utf-8-validate:
        optional: true

snapshots:

  '@tencent-connect/dsh-qqbot@https://codeload.github.com/tencent-connect/dsh-qqbot/tar.gz/5b5e9b8a374f7289bd398b266dd845137a081784':
    dependencies:
      '@tencent-connect/qqbot-connector': 1.2.0
      '@tencent-connect/qqbot-nodejs': 1.0.4
      js-yaml: 4.3.1
    transitivePeerDependencies:
      - bufferutil
      - mpg123-decoder
      - silk-wasm
      - utf-8-validate

  '@tencent-connect/qqbot-connector@1.2.0':
    dependencies:
      qrcode-terminal: 0.12.0

  '@tencent-connect/qqbot-nodejs@1.0.4':
    dependencies:
      ws: 8.21.3
    transitivePeerDependencies:
      - bufferutil
      - utf-8-validate

  argparse@2.0.1: {}

  dsh-chat-import@https://codeload.github.com/Nwflower/dsh-chat-import/tar.gz/0fb7d9c479dd7f56edc61c8c633b883abdae3dfd:
    dependencies:
      fzstd: 0.1.1

  fzstd@0.1.1: {}

  js-yaml@4.3.1:
    dependencies:
      argparse: 2.0.1

  qrcode-terminal@0.12.0: {}

  ws@8.21.3: {}
